// !$*UTF8*$!
{
	archiveVersion = 1;
	classes = {
	};
	objectVersion = 46;
	objects = {

/* Begin PBXBuildFile section */
		9D0DB024194EC0A400D9B265 /* main.m in Sources */ = {isa = PBXBuildFile; fileRef = 9D0DB023194EC0A400D9B265 /* main.m */; };
		9D0DB027194EC0A400D9B265 /* AppDelegate.m in Sources */ = {isa = PBXBuildFile; fileRef = 9D0DB026194EC0A400D9B265 /* AppDelegate.m */; };
		9D0DB02A194EC0A400D9B265 /* ViewController.m in Sources */ = {isa = PBXBuildFile; fileRef = 9D0DB029194EC0A400D9B265 /* ViewController.m */; };
		9D0DB02D194EC0A400D9B265 /* Main.storyboard in Resources */ = {isa = PBXBuildFile; fileRef = 9D0DB02B194EC0A400D9B265 /* Main.storyboard */; };
		9D0DB02F194EC0A400D9B265 /* Images.xcassets in Resources */ = {isa = PBXBuildFile; fileRef = 9D0DB02E194EC0A400D9B265 /* Images.xcassets */; };
		9D0DB03B194EC0A400D9B265 /* CCKeyTests.m in Sources */ = {isa = PBXBuildFile; fileRef = 9D0DB03A194EC0A400D9B265 /* CCKeyTests.m */; };
		9D0DB04E194EC0EB00D9B265 /* KeyboardViewController.m in Sources */ = {isa = PBXBuildFile; fileRef = 9D0DB04D194EC0EB00D9B265 /* KeyboardViewController.m */; };
		9D0DB051194EC0EB00D9B265 /* Vtmer.CCKey.ASCIIKeyBoard.appex in Embed App Extensions */ = {isa = PBXBuildFile; fileRef = 9D0DB048194EC0EB00D9B265 /* Vtmer.CCKey.ASCIIKeyBoard.appex */; };
		9D1F4583195128CB001BFC37 /* UIImage+ASCII.m in Sources */ = {isa = PBXBuildFile; fileRef = 9D1F4582195128CB001BFC37 /* UIImage+ASCII.m */; };
		9D51E949195128140008DA7C /* SmoothLineView.m in Sources */ = {isa = PBXBuildFile; fileRef = 9D51E948195128140008DA7C /* SmoothLineView.m */; };
/* End PBXBuildFile section */

/* Begin PBXContainerItemProxy section */
		9D0DB035194EC0A400D9B265 /* PBXContainerItemProxy */ = {
			isa = PBXContainerItemProxy;
			containerPortal = 9D0DB016194EC0A400D9B265 /* Project object */;
			proxyType = 1;
			remoteGlobalIDString = 9D0DB01D194EC0A400D9B265;
			remoteInfo = CCKey;
		};
		9D0DB04F194EC0EB00D9B265 /* PBXContainerItemProxy */ = {
			isa = PBXContainerItemProxy;
			containerPortal = 9D0DB016194EC0A400D9B265 /* Project object */;
			proxyType = 1;
			remoteGlobalIDString = 9D0DB047194EC0EB00D9B265;
			remoteInfo = ASCIIKeyBoard;
		};
		9D0DB052194EC0EB00D9B265 /* PBXContainerItemProxy */ = {
			isa = PBXContainerItemProxy;
			containerPortal = 9D0DB016194EC0A400D9B265 /* Project object */;
			proxyType = 1;
			remoteGlobalIDString = 9D0DB047194EC0EB00D9B265;
			remoteInfo = ASCIIKeyBoard;
		};
		9D1F45841951371E001BFC37 /* PBXContainerItemProxy */ = {
			isa = PBXContainerItemProxy;
			containerPortal = 9D0DB016194EC0A400D9B265 /* Project object */;
			proxyType = 1;
			remoteGlobalIDString = 9D0DB01D194EC0A400D9B265;
			remoteInfo = CCKey;
		};
		9D1F45861951371E001BFC37 /* PBXContainerItemProxy */ = {
			isa = PBXContainerItemProxy;
			containerPortal = 9D0DB016194EC0A400D9B265 /* Project object */;
			proxyType = 1;
			remoteGlobalIDString = 9D0DB01D194EC0A400D9B265;
			remoteInfo = CCKey;
		};
/* End PBXContainerItemProxy section */

/* Begin PBXCopyFilesBuildPhase section */
		9D0DB057194EC0EB00D9B265 /* Embed App Extensions */ = {
			isa = PBXCopyFilesBuildPhase;
			buildActionMask = 2147483647;
			dstPath = "";
			dstSubfolderSpec = 13;
			files = (
				9D0DB051194EC0EB00D9B265 /* Vtmer.CCKey.ASCIIKeyBoard.appex in Embed App Extensions */,
			);
			name = "Embed App Extensions";
			runOnlyForDeploymentPostprocessing = 0;
		};
/* End PBXCopyFilesBuildPhase section */

/* Begin PBXFileReference section */
		9D0DB01E194EC0A400D9B265 /* CCKey.app */ = {isa = PBXFileReference; explicitFileType = wrapper.application; includeInIndex = 0; path = CCKey.app; sourceTree = BUILT_PRODUCTS_DIR; };
		9D0DB022194EC0A400D9B265 /* Info.plist */ = {isa = PBXFileReference; lastKnownFileType = text.plist.xml; path = Info.plist; sourceTree = "<group>"; };
		9D0DB023194EC0A400D9B265 /* main.m */ = {isa = PBXFileReference; lastKnownFileType = sourcecode.c.objc; path = main.m; sourceTree = "<group>"; };
		9D0DB025194EC0A400D9B265 /* AppDelegate.h */ = {isa = PBXFileReference; lastKnownFileType = sourcecode.c.h; path = AppDelegate.h; sourceTree = "<group>"; };
		9D0DB026194EC0A400D9B265 /* AppDelegate.m */ = {isa = PBXFileReference; lastKnownFileType = sourcecode.c.objc; path = AppDelegate.m; sourceTree = "<group>"; };
		9D0DB028194EC0A400D9B265 /* ViewController.h */ = {isa = PBXFileReference; lastKnownFileType = sourcecode.c.h; path = ViewController.h; sourceTree = "<group>"; };
		9D0DB029194EC0A400D9B265 /* ViewController.m */ = {isa = PBXFileReference; lastKnownFileType = sourcecode.c.objc; path = ViewController.m; sourceTree = "<group>"; };
		9D0DB02C194EC0A400D9B265 /* Base */ = {isa = PBXFileReference; lastKnownFileType = file.storyboard; name = Base; path = Base.lproj/Main.storyboard; sourceTree = "<group>"; };
		9D0DB02E194EC0A400D9B265 /* Images.xcassets */ = {isa = PBXFileReference; lastKnownFileType = folder.assetcatalog; path = Images.xcassets; sourceTree = "<group>"; };
		9D0DB034194EC0A400D9B265 /* CCKeyTests.xctest */ = {isa = PBXFileReference; explicitFileType = wrapper.cfbundle; includeInIndex = 0; path = CCKeyTests.xctest; sourceTree = BUILT_PRODUCTS_DIR; };
		9D0DB039194EC0A400D9B265 /* Info.plist */ = {isa = PBXFileReference; lastKnownFileType = text.plist.xml; path = Info.plist; sourceTree = "<group>"; };
		9D0DB03A194EC0A400D9B265 /* CCKeyTests.m */ = {isa = PBXFileReference; lastKnownFileType = sourcecode.c.objc; path = CCKeyTests.m; sourceTree = "<group>"; };
		9D0DB048194EC0EB00D9B265 /* Vtmer.CCKey.ASCIIKeyBoard.appex */ = {isa = PBXFileReference; explicitFileType = "wrapper.app-extension"; includeInIndex = 0; path = Vtmer.CCKey.ASCIIKeyBoard.appex; sourceTree = BUILT_PRODUCTS_DIR; };
		9D0DB04B194EC0EB00D9B265 /* Info.plist */ = {isa = PBXFileReference; lastKnownFileType = text.plist.xml; path = Info.plist; sourceTree = "<group>"; };
		9D0DB04C194EC0EB00D9B265 /* KeyboardViewController.h */ = {isa = PBXFileReference; lastKnownFileType = sourcecode.c.h; path = KeyboardViewController.h; sourceTree = "<group>"; };
		9D0DB04D194EC0EB00D9B265 /* KeyboardViewController.m */ = {isa = PBXFileReference; lastKnownFileType = sourcecode.c.objc; path = KeyboardViewController.m; sourceTree = "<group>"; };
		9D1F4581195128CB001BFC37 /* UIImage+ASCII.h */ = {isa = PBXFileReference; fileEncoding = 4; lastKnownFileType = sourcecode.c.h; path = "UIImage+ASCII.h"; sourceTree = "<group>"; };
		9D1F4582195128CB001BFC37 /* UIImage+ASCII.m */ = {isa = PBXFileReference; fileEncoding = 4; lastKnownFileType = sourcecode.c.objc; path = "UIImage+ASCII.m"; sourceTree = "<group>"; };
		9D51E947195128140008DA7C /* SmoothLineView.h */ = {isa = PBXFileReference; fileEncoding = 4; lastKnownFileType = sourcecode.c.h; path = SmoothLineView.h; sourceTree = "<group>"; };
		9D51E948195128140008DA7C /* SmoothLineView.m */ = {isa = PBXFileReference; fileEncoding = 4; lastKnownFileType = sourcecode.c.objc; path = SmoothLineView.m; sourceTree = "<group>"; };
/* End PBXFileReference section */

/* Begin PBXFrameworksBuildPhase section */
		9D0DB01B194EC0A400D9B265 /* Frameworks */ = {
			isa = PBXFrameworksBuildPhase;
			buildActionMask = 2147483647;
			files = (
			);
			runOnlyForDeploymentPostprocessing = 0;
		};
		9D0DB031194EC0A400D9B265 /* Frameworks */ = {
			isa = PBXFrameworksBuildPhase;
			buildActionMask = 2147483647;
			files = (
			);
			runOnlyForDeploymentPostprocessing = 0;
		};
		9D0DB045194EC0EB00D9B265 /* Frameworks */ = {
			isa = PBXFrameworksBuildPhase;
			buildActionMask = 2147483647;
			files = (
			);
			runOnlyForDeploymentPostprocessing = 0;
		};
/* End PBXFrameworksBuildPhase section */

/* Begin PBXGroup section */
		9D0DB015194EC0A400D9B265 = {
			isa = PBXGroup;
			children = (
				9D0DB020194EC0A400D9B265 /* CCKey */,
				9D0DB037194EC0A400D9B265 /* CCKeyTests */,
				9D0DB049194EC0EB00D9B265 /* ASCIIKeyBoard */,
				9D0DB01F194EC0A400D9B265 /* Products */,
			);
			sourceTree = "<group>";
		};
		9D0DB01F194EC0A400D9B265 /* Products */ = {
			isa = PBXGroup;
			children = (
				9D0DB01E194EC0A400D9B265 /* CCKey.app */,
				9D0DB034194EC0A400D9B265 /* CCKeyTests.xctest */,
				9D0DB048194EC0EB00D9B265 /* Vtmer.CCKey.ASCIIKeyBoard.appex */,
			);
			name = Products;
			sourceTree = "<group>";
		};
		9D0DB020194EC0A400D9B265 /* CCKey */ = {
			isa = PBXGroup;
			children = (
				9D0DB025194EC0A400D9B265 /* AppDelegate.h */,
				9D0DB026194EC0A400D9B265 /* AppDelegate.m */,
				9D0DB028194EC0A400D9B265 /* ViewController.h */,
				9D0DB029194EC0A400D9B265 /* ViewController.m */,
				9D0DB02B194EC0A400D9B265 /* Main.storyboard */,
				9D0DB02E194EC0A400D9B265 /* Images.xcassets */,
				9D0DB021194EC0A400D9B265 /* Supporting Files */,
			);
			path = CCKey;
			sourceTree = "<group>";
		};
		9D0DB021194EC0A400D9B265 /* Supporting Files */ = {
			isa = PBXGroup;
			children = (
				9D0DB022194EC0A400D9B265 /* Info.plist */,
				9D0DB023194EC0A400D9B265 /* main.m */,
			);
			name = "Supporting Files";
			sourceTree = "<group>";
		};
		9D0DB037194EC0A400D9B265 /* CCKeyTests */ = {
			isa = PBXGroup;
			children = (
				9D0DB03A194EC0A400D9B265 /* CCKeyTests.m */,
				9D0DB038194EC0A400D9B265 /* Supporting Files */,
			);
			path = CCKeyTests;
			sourceTree = "<group>";
		};
		9D0DB038194EC0A400D9B265 /* Supporting Files */ = {
			isa = PBXGroup;
			children = (
				9D0DB039194EC0A400D9B265 /* Info.plist */,
			);
			name = "Supporting Files";
			sourceTree = "<group>";
		};
		9D0DB049194EC0EB00D9B265 /* ASCIIKeyBoard */ = {
			isa = PBXGroup;
			children = (
				9D51E947195128140008DA7C /* SmoothLineView.h */,
				9D51E948195128140008DA7C /* SmoothLineView.m */,
				9D1F4581195128CB001BFC37 /* UIImage+ASCII.h */,
				9D1F4582195128CB001BFC37 /* UIImage+ASCII.m */,
				9D0DB04C194EC0EB00D9B265 /* KeyboardViewController.h */,
				9D0DB04D194EC0EB00D9B265 /* KeyboardViewController.m */,
				9D0DB04A194EC0EB00D9B265 /* Supporting Files */,
			);
			path = ASCIIKeyBoard;
			sourceTree = "<group>";
		};
		9D0DB04A194EC0EB00D9B265 /* Supporting Files */ = {
			isa = PBXGroup;
			children = (
				9D0DB04B194EC0EB00D9B265 /* Info.plist */,
			);
			name = "Supporting Files";
			sourceTree = "<group>";
		};
/* End PBXGroup section */

/* Begin PBXNativeTarget section */
		9D0DB01D194EC0A400D9B265 /* CCKey */ = {
			isa = PBXNativeTarget;
			buildConfigurationList = 9D0DB03E194EC0A500D9B265 /* Build configuration list for PBXNativeTarget "CCKey" */;
			buildPhases = (
				9D0DB01A194EC0A400D9B265 /* Sources */,
				9D0DB01B194EC0A400D9B265 /* Frameworks */,
				9D0DB01C194EC0A400D9B265 /* Resources */,
				9D0DB057194EC0EB00D9B265 /* Embed App Extensions */,
			);
			buildRules = (
			);
			dependencies = (
				9D0DB050194EC0EB00D9B265 /* PBXTargetDependency */,
				9D0DB053194EC0EB00D9B265 /* PBXTargetDependency */,
			);
			name = CCKey;
			productName = CCKey;
			productReference = 9D0DB01E194EC0A400D9B265 /* CCKey.app */;
			productType = "com.apple.product-type.application";
		};
		9D0DB033194EC0A400D9B265 /* CCKeyTests */ = {
			isa = PBXNativeTarget;
			buildConfigurationList = 9D0DB041194EC0A500D9B265 /* Build configuration list for PBXNativeTarget "CCKeyTests" */;
			buildPhases = (
				9D0DB030194EC0A400D9B265 /* Sources */,
				9D0DB031194EC0A400D9B265 /* Frameworks */,
				9D0DB032194EC0A400D9B265 /* Resources */,
			);
			buildRules = (
			);
			dependencies = (
				9D0DB036194EC0A400D9B265 /* PBXTargetDependency */,
				9D1F45851951371E001BFC37 /* PBXTargetDependency */,
				9D1F45871951371E001BFC37 /* PBXTargetDependency */,
			);
			name = CCKeyTests;
			productName = CCKeyTests;
			productReference = 9D0DB034194EC0A400D9B265 /* CCKeyTests.xctest */;
			productType = "com.apple.product-type.bundle.unit-test";
		};
		9D0DB047194EC0EB00D9B265 /* ASCIIKeyBoard */ = {
			isa = PBXNativeTarget;
			buildConfigurationList = 9D0DB054194EC0EB00D9B265 /* Build configuration list for PBXNativeTarget "ASCIIKeyBoard" */;
			buildPhases = (
				9D0DB044194EC0EB00D9B265 /* Sources */,
				9D0DB045194EC0EB00D9B265 /* Frameworks */,
				9D0DB046194EC0EB00D9B265 /* Resources */,
			);
			buildRules = (
			);
			dependencies = (
			);
			name = ASCIIKeyBoard;
			productName = ASCIIKeyBoard;
			productReference = 9D0DB048194EC0EB00D9B265 /* Vtmer.CCKey.ASCIIKeyBoard.appex */;
			productType = "com.apple.product-type.app-extension";
		};
/* End PBXNativeTarget section */

/* Begin PBXProject section */
		9D0DB016194EC0A400D9B265 /* Project object */ = {
			isa = PBXProject;
			attributes = {
				LastUpgradeCheck = 0600;
				ORGANIZATIONNAME = Vtm;
				TargetAttributes = {
					9D0DB01D194EC0A400D9B265 = {
						CreatedOnToolsVersion = 6.0;
					};
					9D0DB033194EC0A400D9B265 = {
						CreatedOnToolsVersion = 6.0;
						TestTargetID = 9D0DB01D194EC0A400D9B265;
					};
					9D0DB047194EC0EB00D9B265 = {
						CreatedOnToolsVersion = 6.0;
						DevelopmentTeam = B83JBVZ6M5;
					};
				};
			};
			buildConfigurationList = 9D0DB019194EC0A400D9B265 /* Build configuration list for PBXProject "CCKey" */;
			compatibilityVersion = "Xcode 3.2";
			developmentRegion = English;
			hasScannedForEncodings = 0;
			knownRegions = (
				en,
				Base,
			);
			mainGroup = 9D0DB015194EC0A400D9B265;
			productRefGroup = 9D0DB01F194EC0A400D9B265 /* Products */;
			projectDirPath = "";
			projectRoot = "";
			targets = (
				9D0DB01D194EC0A400D9B265 /* CCKey */,
				9D0DB033194EC0A400D9B265 /* CCKeyTests */,
				9D0DB047194EC0EB00D9B265 /* ASCIIKeyBoard */,
			);
		};
/* End PBXProject section */

/* Begin PBXResourcesBuildPhase section */
		9D0DB01C194EC0A400D9B265 /* Resources */ = {
			isa = PBXResourcesBuildPhase;
			buildActionMask = 2147483647;
			files = (
				9D0DB02D194EC0A400D9B265 /* Main.storyboard in Resources */,
				9D0DB02F194EC0A400D9B265 /* Images.xcassets in Resources */,
			);
			runOnlyForDeploymentPostprocessing = 0;
		};
		9D0DB032194EC0A400D9B265 /* Resources */ = {
			isa = PBXResourcesBuildPhase;
			buildActionMask = 2147483647;
			files = (
			);
			runOnlyForDeploymentPostprocessing = 0;
		};
		9D0DB046194EC0EB00D9B265 /* Resources */ = {
			isa = PBXResourcesBuildPhase;
			buildActionMask = 2147483647;
			files = (
			);
			runOnlyForDeploymentPostprocessing = 0;
		};
/* End PBXResourcesBuildPhase section */

/* Begin PBXSourcesBuildPhase section */
		9D0DB01A194EC0A400D9B265 /* Sources */ = {
			isa = PBXSourcesBuildPhase;
			buildActionMask = 2147483647;
			files = (
				9D0DB02A194EC0A400D9B265 /* ViewController.m in Sources */,
				9D0DB027194EC0A400D9B265 /* AppDelegate.m in Sources */,
				9D0DB024194EC0A400D9B265 /* main.m in Sources */,
			);
			runOnlyForDeploymentPostprocessing = 0;
		};
		9D0DB030194EC0A400D9B265 /* Sources */ = {
			isa = PBXSourcesBuildPhase;
			buildActionMask = 2147483647;
			files = (
				9D0DB03B194EC0A400D9B265 /* CCKeyTests.m in Sources */,
			);
			runOnlyForDeploymentPostprocessing = 0;
		};
		9D0DB044194EC0EB00D9B265 /* Sources */ = {
			isa = PBXSourcesBuildPhase;
			buildActionMask = 2147483647;
			files = (
				9D51E949195128140008DA7C /* SmoothLineView.m in Sources */,
				9D0DB04E194EC0EB00D9B265 /* KeyboardViewController.m in Sources */,
				9D1F4583195128CB001BFC37 /* UIImage+ASCII.m in Sources */,
			);
			runOnlyForDeploymentPostprocessing = 0;
		};
/* End PBXSourcesBuildPhase section */

/* Begin PBXTargetDependency section */
		9D0DB036194EC0A400D9B265 /* PBXTargetDependency */ = {
			isa = PBXTargetDependency;
			target = 9D0DB01D194EC0A400D9B265 /* CCKey */;
			targetProxy = 9D0DB035194EC0A400D9B265 /* PBXContainerItemProxy */;
		};
		9D0DB050194EC0EB00D9B265 /* PBXTargetDependency */ = {
			isa = PBXTargetDependency;
			target = 9D0DB047194EC0EB00D9B265 /* ASCIIKeyBoard */;
			targetProxy = 9D0DB04F194EC0EB00D9B265 /* PBXContainerItemProxy */;
		};
		9D0DB053194EC0EB00D9B265 /* PBXTargetDependency */ = {
			isa = PBXTargetDependency;
			target = 9D0DB047194EC0EB00D9B265 /* ASCIIKeyBoard */;
			targetProxy = 9D0DB052194EC0EB00D9B265 /* PBXContainerItemProxy */;
		};
		9D1F45851951371E001BFC37 /* PBXTargetDependency */ = {
			isa = PBXTargetDependency;
			target = 9D0DB01D194EC0A400D9B265 /* CCKey */;
			targetProxy = 9D1F45841951371E001BFC37 /* PBXContainerItemProxy */;
		};
		9D1F45871951371E001BFC37 /* PBXTargetDependency */ = {
			isa = PBXTargetDependency;
			target = 9D0DB01D194EC0A400D9B265 /* CCKey */;
			targetProxy = 9D1F45861951371E001BFC37 /* PBXContainerItemProxy */;
		};
/* End PBXTargetDependency section */

/* Begin PBXVariantGroup section */
		9D0DB02B194EC0A400D9B265 /* Main.storyboard */ = {
			isa = PBXVariantGroup;
			children = (
				9D0DB02C194EC0A400D9B265 /* Base */,
			);
			name = Main.storyboard;
			sourceTree = "<group>";
		};
/* End PBXVariantGroup section */

/* Begin XCBuildConfiguration section */
		9D0DB03C194EC0A500D9B265 /* Debug */ = {
			isa = XCBuildConfiguration;
			buildSettings = {
				ALWAYS_SEARCH_USER_PATHS = NO;
				CLANG_CXX_LANGUAGE_STANDARD = "gnu++0x";
				CLANG_CXX_LIBRARY = "libc++";
				CLANG_ENABLE_MODULES = YES;
				CLANG_ENABLE_OBJC_ARC = YES;
				CLANG_WARN_BOOL_CONVERSION = YES;
				CLANG_WARN_CONSTANT_CONVERSION = YES;
				CLANG_WARN_DIRECT_OBJC_ISA_USAGE = YES_ERROR;
				CLANG_WARN_EMPTY_BODY = YES;
				CLANG_WARN_ENUM_CONVERSION = YES;
				CLANG_WARN_INT_CONVERSION = YES;
				CLANG_WARN_OBJC_ROOT_CLASS = YES_ERROR;
				CLANG_WARN_UNREACHABLE_CODE = YES;
				CLANG_WARN__DUPLICATE_METHOD_MATCH = YES;
				"CODE_SIGN_IDENTITY[sdk=iphoneos*]" = "iPhone Developer";
				COPY_PHASE_STRIP = NO;
				ENABLE_STRICT_OBJC_MSGSEND = YES;
				GCC_C_LANGUAGE_STANDARD = gnu99;
				GCC_DYNAMIC_NO_PIC = NO;
				GCC_OPTIMIZATION_LEVEL = 0;
				GCC_PREPROCESSOR_DEFINITIONS = (
					"DEBUG=1",
					"$(inherited)",
				);
				GCC_SYMBOLS_PRIVATE_EXTERN = NO;
				GCC_WARN_64_TO_32_BIT_CONVERSION = YES;
				GCC_WARN_ABOUT_RETURN_TYPE = YES_ERROR;
				GCC_WARN_UNDECLARED_SELECTOR = YES;
				GCC_WARN_UNINITIALIZED_AUTOS = YES_AGGRESSIVE;
				GCC_WARN_UNUSED_FUNCTION = YES;
				GCC_WARN_UNUSED_VARIABLE = YES;
				IPHONEOS_DEPLOYMENT_TARGET = 8.0;
				METAL_ENABLE_DEBUG_INFO = YES;
				ONLY_ACTIVE_ARCH = YES;
				PROVISIONING_PROFILE = "2C2BADD6-A1F1-4923-B64B-DDC37EE7D75D";
				SDKROOT = iphoneos;
			};
			name = Debug;
		};
		9D0DB03D194EC0A500D9B265 /* Release */ = {
			isa = XCBuildConfiguration;
			buildSettings = {
				ALWAYS_SEARCH_USER_PATHS = NO;
				CLANG_CXX_LANGUAGE_STANDARD = "gnu++0x";
				CLANG_CXX_LIBRARY = "libc++";
				CLANG_ENABLE_MODULES = YES;
				CLANG_ENABLE_OBJC_ARC = YES;
				CLANG_WARN_BOOL_CONVERSION = YES;
				CLANG_WARN_CONSTANT_CONVERSION = YES;
				CLANG_WARN_DIRECT_OBJC_ISA_USAGE = YES_ERROR;
				CLANG_WARN_EMPTY_BODY = YES;
				CLANG_WARN_ENUM_CONVERSION = YES;
				CLANG_WARN_INT_CONVERSION = YES;
				CLANG_WARN_OBJC_ROOT_CLASS = YES_ERROR;
				CLANG_WARN_UNREACHABLE_CODE = YES;
				CLANG_WARN__DUPLICATE_METHOD_MATCH = YES;
				"CODE_SIGN_IDENTITY[sdk=iphoneos*]" = "iPhone Developer";
				COPY_PHASE_STRIP = YES;
				ENABLE_NS_ASSERTIONS = NO;
				ENABLE_STRICT_OBJC_MSGSEND = YES;
				GCC_C_LANGUAGE_STANDARD = gnu99;
				GCC_WARN_64_TO_32_BIT_CONVERSION = YES;
				GCC_WARN_ABOUT_RETURN_TYPE = YES_ERROR;
				GCC_WARN_UNDECLARED_SELECTOR = YES;
				GCC_WARN_UNINITIALIZED_AUTOS = YES_AGGRESSIVE;
				GCC_WARN_UNUSED_FUNCTION = YES;
				GCC_WARN_UNUSED_VARIABLE = YES;
				IPHONEOS_DEPLOYMENT_TARGET = 8.0;
				METAL_ENABLE_DEBUG_INFO = NO;
				PROVISIONING_PROFILE = "2C2BADD6-A1F1-4923-B64B-DDC37EE7D75D";
				SDKROOT = iphoneos;
				VALIDATE_PRODUCT = YES;
			};
			name = Release;
		};
		9D0DB03F194EC0A500D9B265 /* Debug */ = {
			isa = XCBuildConfiguration;
			buildSettings = {
				ASSETCATALOG_COMPILER_APPICON_NAME = AppIcon;
				ASSETCATALOG_COMPILER_LAUNCHIMAGE_NAME = LaunchImage;
				CODE_SIGN_IDENTITY = "iPhone Developer";
				INFOPLIST_FILE = CCKey/Info.plist;
				LD_RUNPATH_SEARCH_PATHS = "$(inherited) @executable_path/Frameworks";
				PRODUCT_NAME = "$(TARGET_NAME)";
			};
			name = Debug;
		};
		9D0DB040194EC0A500D9B265 /* Release */ = {
			isa = XCBuildConfiguration;
			buildSettings = {
				ASSETCATALOG_COMPILER_APPICON_NAME = AppIcon;
				ASSETCATALOG_COMPILER_LAUNCHIMAGE_NAME = LaunchImage;
				CODE_SIGN_IDENTITY = "iPhone Developer";
				INFOPLIST_FILE = CCKey/Info.plist;
				LD_RUNPATH_SEARCH_PATHS = "$(inherited) @executable_path/Frameworks";
				PRODUCT_NAME = "$(TARGET_NAME)";
			};
			name = Release;
		};
		9D0DB042194EC0A500D9B265 /* Debug */ = {
			isa = XCBuildConfiguration;
			buildSettings = {
				BUNDLE_LOADER = "$(BUILT_PRODUCTS_DIR)/CCKey.app/CCKey";
				FRAMEWORK_SEARCH_PATHS = (
					"$(SDKROOT)/Developer/Library/Frameworks",
					"$(inherited)",
				);
				GCC_PREPROCESSOR_DEFINITIONS = (
					"DEBUG=1",
					"$(inherited)",
				);
				INFOPLIST_FILE = CCKeyTests/Info.plist;
				LD_RUNPATH_SEARCH_PATHS = "$(inherited) @executable_path/Frameworks @loader_path/Frameworks";
				METAL_ENABLE_DEBUG_INFO = YES;
				PRODUCT_NAME = "$(TARGET_NAME)";
				TEST_HOST = "$(BUNDLE_LOADER)";
			};
			name = Debug;
		};
		9D0DB043194EC0A500D9B265 /* Release */ = {
			isa = XCBuildConfiguration;
			buildSettings = {
				BUNDLE_LOADER = "$(BUILT_PRODUCTS_DIR)/CCKey.app/CCKey";
				FRAMEWORK_SEARCH_PATHS = (
					"$(SDKROOT)/Developer/Library/Frameworks",
					"$(inherited)",
				);
				INFOPLIST_FILE = CCKeyTests/Info.plist;
				LD_RUNPATH_SEARCH_PATHS = "$(inherited) @executable_path/Frameworks @loader_path/Frameworks";
				METAL_ENABLE_DEBUG_INFO = NO;
				PRODUCT_NAME = "$(TARGET_NAME)";
				TEST_HOST = "$(BUNDLE_LOADER)";
			};
			name = Release;
		};
		9D0DB055194EC0EB00D9B265 /* Debug */ = {
			isa = XCBuildConfiguration;
			buildSettings = {
				GCC_PREPROCESSOR_DEFINITIONS = (
					"DEBUG=1",
					"$(inherited)",
				);
				INFOPLIST_FILE = ASCIIKeyBoard/Info.plist;
				LD_RUNPATH_SEARCH_PATHS = "$(inherited) @executable_path/Frameworks @executable_path/../../Frameworks";
				METAL_ENABLE_DEBUG_INFO = YES;
				PRODUCT_NAME = "Vtmer.CCKey.$(TARGET_NAME:rfc1034identifier)";
				SKIP_INSTALL = YES;
			};
			name = Debug;
		};
		9D0DB056194EC0EB00D9B265 /* Release */ = {
			isa = XCBuildConfiguration;
			buildSettings = {
				INFOPLIST_FILE = ASCIIKeyBoard/Info.plist;
				LD_RUNPATH_SEARCH_PATHS = "$(inherited) @executable_path/Frameworks @executable_path/../../Frameworks";
				METAL_ENABLE_DEBUG_INFO = NO;
				PRODUCT_NAME = "Vtmer.CCKey.$(TARGET_NAME:rfc1034identifier)";
				SKIP_INSTALL = YES;
			};
			name = Release;
		};
/* End XCBuildConfiguration section */

/* Begin XCConfigurationList section */
		9D0DB019194EC0A400D9B265 /* Build configuration list for PBXProject "CCKey" */ = {
			isa = XCConfigurationList;
			buildConfigurations = (
				9D0DB03C194EC0A500D9B265 /* Debug */,
				9D0DB03D194EC0A500D9B265 /* Release */,
			);
			defaultConfigurationIsVisible = 0;
			defaultConfigurationName = Release;
		};
		9D0DB03E194EC0A500D9B265 /* Build configuration list for PBXNativeTarget "CCKey" */ = {
			isa = XCConfigurationList;
			buildConfigurations = (
				9D0DB03F194EC0A500D9B265 /* Debug */,
				9D0DB040194EC0A500D9B265 /* Release */,
			);
			defaultConfigurationIsVisible = 0;
			defaultConfigurationName = Release;
		};
		9D0DB041194EC0A500D9B265 /* Build configuration list for PBXNativeTarget "CCKeyTests" */ = {
			isa = XCConfigurationList;
			buildConfigurations = (
				9D0DB042194EC0A500D9B265 /* Debug */,
				9D0DB043194EC0A500D9B265 /* Release */,
			);
			defaultConfigurationIsVisible = 0;
			defaultConfigurationName = Release;
		};
		9D0DB054194EC0EB00D9B265 /* Build configuration list for PBXNativeTarget "ASCIIKeyBoard" */ = {
			isa = XCConfigurationList;
			buildConfigurations = (
				9D0DB055194EC0EB00D9B265 /* Debug */,
				9D0DB056194EC0EB00D9B265 /* Release */,
			);
			defaultConfigurationIsVisible = 0;
			defaultConfigurationName = Release;
		};
/* End XCConfigurationList section */
	};
	rootObject = 9D0DB016194EC0A400D9B265 /* Project object */;
}
