// !$*UTF8*$!
{
	archiveVersion = 1;
	classes = {
	};
	objectVersion = 46;
	objects = {

/* Begin PBXBuildFile section */
		9DF4420A19D262690003D6E8 /* main.m in Sources */ = {isa = PBXBuildFile; fileRef = 9DF4420919D262690003D6E8 /* main.m */; };
		9DF4420D19D262690003D6E8 /* AppDelegate.m in Sources */ = {isa = PBXBuildFile; fileRef = 9DF4420C19D262690003D6E8 /* AppDelegate.m */; };
		9DF4421319D262690003D6E8 /* Main.storyboard in Resources */ = {isa = PBXBuildFile; fileRef = 9DF4421119D262690003D6E8 /* Main.storyboard */; };
		9DF4421519D262690003D6E8 /* Images.xcassets in Resources */ = {isa = PBXBuildFile; fileRef = 9DF4421419D262690003D6E8 /* Images.xcassets */; };
		9DF4421819D262690003D6E8 /* LaunchScreen.xib in Resources */ = {isa = PBXBuildFile; fileRef = 9DF4421619D262690003D6E8 /* LaunchScreen.xib */; };
		9DF4422419D262690003D6E8 /* OneThingWellTests.m in Sources */ = {isa = PBXBuildFile; fileRef = 9DF4422319D262690003D6E8 /* OneThingWellTests.m */; };
		9DF4422F19D2629A0003D6E8 /* MainTableViewController.m in Sources */ = {isa = PBXBuildFile; fileRef = 9DF4422E19D2629A0003D6E8 /* MainTableViewController.m */; };
		9DF4423219D262EE0003D6E8 /* RSSFetcher.m in Sources */ = {isa = PBXBuildFile; fileRef = 9DF4423119D262EE0003D6E8 /* RSSFetcher.m */; };
		9DF4423519D266D40003D6E8 /* XMLDictionary.m in Sources */ = {isa = PBXBuildFile; fileRef = 9DF4423419D266D40003D6E8 /* XMLDictionary.m */; };
		9DF4423919D26A160003D6E8 /* CustomTableViewCell.m in Sources */ = {isa = PBXBuildFile; fileRef = 9DF4423819D26A160003D6E8 /* CustomTableViewCell.m */; };
		9DF4426019D26EF50003D6E8 /* HTMLComment.m in Sources */ = {isa = PBXBuildFile; fileRef = 9DF4423C19D26EF50003D6E8 /* HTMLComment.m */; };
		9DF4426119D26EF50003D6E8 /* HTMLDocument.m in Sources */ = {isa = PBXBuildFile; fileRef = 9DF4423E19D26EF50003D6E8 /* HTMLDocument.m */; };
		9DF4426219D26EF50003D6E8 /* HTMLDocumentType.m in Sources */ = {isa = PBXBuildFile; fileRef = 9DF4424019D26EF50003D6E8 /* HTMLDocumentType.m */; };
		9DF4426319D26EF50003D6E8 /* HTMLElement.m in Sources */ = {isa = PBXBuildFile; fileRef = 9DF4424219D26EF50003D6E8 /* HTMLElement.m */; };
		9DF4426419D26EF50003D6E8 /* HTMLEntities.m in Sources */ = {isa = PBXBuildFile; fileRef = 9DF4424419D26EF50003D6E8 /* HTMLEntities.m */; };
		9DF4426519D26EF50003D6E8 /* HTMLNode.m in Sources */ = {isa = PBXBuildFile; fileRef = 9DF4424719D26EF50003D6E8 /* HTMLNode.m */; };
		9DF4426619D26EF50003D6E8 /* HTMLOrderedDictionary.m in Sources */ = {isa = PBXBuildFile; fileRef = 9DF4424919D26EF50003D6E8 /* HTMLOrderedDictionary.m */; };
		9DF4426719D26EF50003D6E8 /* HTMLParser.m in Sources */ = {isa = PBXBuildFile; fileRef = 9DF4424B19D26EF50003D6E8 /* HTMLParser.m */; };
		9DF4426819D26EF50003D6E8 /* HTMLPreprocessedInputStream.m in Sources */ = {isa = PBXBuildFile; fileRef = 9DF4424D19D26EF50003D6E8 /* HTMLPreprocessedInputStream.m */; };
		9DF4426919D26EF50003D6E8 /* HTMLSelector.m in Sources */ = {isa = PBXBuildFile; fileRef = 9DF4425119D26EF50003D6E8 /* HTMLSelector.m */; };
		9DF4426A19D26EF50003D6E8 /* HTMLSerialization.m in Sources */ = {isa = PBXBuildFile; fileRef = 9DF4425319D26EF50003D6E8 /* HTMLSerialization.m */; };
		9DF4426B19D26EF50003D6E8 /* HTMLString.m in Sources */ = {isa = PBXBuildFile; fileRef = 9DF4425519D26EF50003D6E8 /* HTMLString.m */; };
		9DF4426C19D26EF50003D6E8 /* HTMLTextNode.m in Sources */ = {isa = PBXBuildFile; fileRef = 9DF4425819D26EF50003D6E8 /* HTMLTextNode.m */; };
		9DF4426D19D26EF50003D6E8 /* HTMLTokenizer.m in Sources */ = {isa = PBXBuildFile; fileRef = 9DF4425A19D26EF50003D6E8 /* HTMLTokenizer.m */; };
		9DF4426E19D26EF50003D6E8 /* HTMLTreeEnumerator.m in Sources */ = {isa = PBXBuildFile; fileRef = 9DF4425D19D26EF50003D6E8 /* HTMLTreeEnumerator.m */; };
		9DF4426F19D26EF50003D6E8 /* NSString+HTMLEntities.m in Sources */ = {isa = PBXBuildFile; fileRef = 9DF4425F19D26EF50003D6E8 /* NSString+HTMLEntities.m */; };
		9DF4427219D26F710003D6E8 /* OneThingModel.m in Sources */ = {isa = PBXBuildFile; fileRef = 9DF4427119D26F710003D6E8 /* OneThingModel.m */; };
		9DF4428C19D285E50003D6E8 /* TMTumblrActivity.m in Sources */ = {isa = PBXBuildFile; fileRef = 9DF4427719D285E50003D6E8 /* TMTumblrActivity.m */; };
		9DF4428D19D285E50003D6E8 /* UIActivityTumblr.png in Resources */ = {isa = PBXBuildFile; fileRef = 9DF4427819D285E50003D6E8 /* UIActivityTumblr.png */; };
		9DF4428E19D285E50003D6E8 /* UIActivityTumblr@2x.png in Resources */ = {isa = PBXBuildFile; fileRef = 9DF4427919D285E50003D6E8 /* UIActivityTumblr@2x.png */; };
		9DF4428F19D285E50003D6E8 /* UIActivityTumblr@2x~ipad.png in Resources */ = {isa = PBXBuildFile; fileRef = 9DF4427A19D285E50003D6E8 /* UIActivityTumblr@2x~ipad.png */; };
		9DF4429019D285E50003D6E8 /* UIActivityTumblr~ipad.png in Resources */ = {isa = PBXBuildFile; fileRef = 9DF4427B19D285E50003D6E8 /* UIActivityTumblr~ipad.png */; };
		9DF4429119D285E50003D6E8 /* UIActivityTumblr~ipad@2x.png in Resources */ = {isa = PBXBuildFile; fileRef = 9DF4427C19D285E50003D6E8 /* UIActivityTumblr~ipad@2x.png */; };
		9DF4429219D285E50003D6E8 /* TMAPIClient.m in Sources */ = {isa = PBXBuildFile; fileRef = 9DF4427F19D285E50003D6E8 /* TMAPIClient.m */; };
		9DF4429319D285E50003D6E8 /* TMTumblrAppClient.m in Sources */ = {isa = PBXBuildFile; fileRef = 9DF4428219D285E50003D6E8 /* TMTumblrAppClient.m */; };
		9DF4429419D285E50003D6E8 /* TMOAuth.m in Sources */ = {isa = PBXBuildFile; fileRef = 9DF4428519D285E50003D6E8 /* TMOAuth.m */; };
		9DF4429519D285E50003D6E8 /* TMTumblrAuthenticator.m in Sources */ = {isa = PBXBuildFile; fileRef = 9DF4428719D285E50003D6E8 /* TMTumblrAuthenticator.m */; };
		9DF4429619D285E50003D6E8 /* TMSDKFunctions.m in Sources */ = {isa = PBXBuildFile; fileRef = 9DF4428A19D285E50003D6E8 /* TMSDKFunctions.m */; };
		9DF4432819D28B760003D6E8 /* JXHTTPDataBody.m in Sources */ = {isa = PBXBuildFile; fileRef = 9DF4431019D28B760003D6E8 /* JXHTTPDataBody.m */; };
		9DF4432919D28B760003D6E8 /* JXHTTPFileBody.m in Sources */ = {isa = PBXBuildFile; fileRef = 9DF4431219D28B760003D6E8 /* JXHTTPFileBody.m */; };
		9DF4432A19D28B760003D6E8 /* JXHTTPFormEncodedBody.m in Sources */ = {isa = PBXBuildFile; fileRef = 9DF4431419D28B760003D6E8 /* JXHTTPFormEncodedBody.m */; };
		9DF4432B19D28B760003D6E8 /* JXHTTPJSONBody.m in Sources */ = {isa = PBXBuildFile; fileRef = 9DF4431619D28B760003D6E8 /* JXHTTPJSONBody.m */; };
		9DF4432C19D28B760003D6E8 /* JXHTTPMultipartBody.m in Sources */ = {isa = PBXBuildFile; fileRef = 9DF4431819D28B760003D6E8 /* JXHTTPMultipartBody.m */; };
		9DF4432D19D28B760003D6E8 /* JXHTTPOperation+Convenience.m in Sources */ = {isa = PBXBuildFile; fileRef = 9DF4431A19D28B760003D6E8 /* JXHTTPOperation+Convenience.m */; };
		9DF4432E19D28B760003D6E8 /* JXHTTPOperation.m in Sources */ = {isa = PBXBuildFile; fileRef = 9DF4431C19D28B760003D6E8 /* JXHTTPOperation.m */; };
		9DF4432F19D28B760003D6E8 /* JXHTTPOperationQueue.m in Sources */ = {isa = PBXBuildFile; fileRef = 9DF4431F19D28B760003D6E8 /* JXHTTPOperationQueue.m */; };
		9DF4433019D28B760003D6E8 /* JXOperation.m in Sources */ = {isa = PBXBuildFile; fileRef = 9DF4432319D28B760003D6E8 /* JXOperation.m */; };
		9DF4433119D28B760003D6E8 /* JXURLConnectionOperation.m in Sources */ = {isa = PBXBuildFile; fileRef = 9DF4432519D28B760003D6E8 /* JXURLConnectionOperation.m */; };
		9DF4433219D28B760003D6E8 /* JXURLEncoding.m in Sources */ = {isa = PBXBuildFile; fileRef = 9DF4432719D28B760003D6E8 /* JXURLEncoding.m */; };
		9DF4436019D2979C0003D6E8 /* WebPageViewController.m in Sources */ = {isa = PBXBuildFile; fileRef = 9DF4435F19D2979C0003D6E8 /* WebPageViewController.m */; };
		9DF4436E19D3CDBE0003D6E8 /* RankViewController.m in Sources */ = {isa = PBXBuildFile; fileRef = 9DF4436D19D3CDBE0003D6E8 /* RankViewController.m */; };
		9DF4437219D3CDF50003D6E8 /* AboutViewController.m in Sources */ = {isa = PBXBuildFile; fileRef = 9DF4437119D3CDF50003D6E8 /* AboutViewController.m */; };
		9DF7B2BD19D4022C00FE0B15 /* AppDataManipulator.m in Sources */ = {isa = PBXBuildFile; fileRef = 9DF7B2BC19D4022C00FE0B15 /* AppDataManipulator.m */; };
		9DF7B2C019D402F200FE0B15 /* FavCollectionViewController.m in Sources */ = {isa = PBXBuildFile; fileRef = 9DF7B2BF19D402F200FE0B15 /* FavCollectionViewController.m */; };
		9DF7B2C419D405ED00FE0B15 /* FavCollectionViewCell.m in Sources */ = {isa = PBXBuildFile; fileRef = 9DF7B2C319D405ED00FE0B15 /* FavCollectionViewCell.m */; };
/* End PBXBuildFile section */

/* Begin PBXContainerItemProxy section */
		9DF4421E19D262690003D6E8 /* PBXContainerItemProxy */ = {
			isa = PBXContainerItemProxy;
			containerPortal = 9DF441FC19D262680003D6E8 /* Project object */;
			proxyType = 1;
			remoteGlobalIDString = 9DF4420319D262690003D6E8;
			remoteInfo = OneThingWell;
		};
/* End PBXContainerItemProxy section */

/* Begin PBXFileReference section */
		9DF4420419D262690003D6E8 /* OneThingWell.app */ = {isa = PBXFileReference; explicitFileType = wrapper.application; includeInIndex = 0; path = OneThingWell.app; sourceTree = BUILT_PRODUCTS_DIR; };
		9DF4420819D262690003D6E8 /* Info.plist */ = {isa = PBXFileReference; lastKnownFileType = text.plist.xml; path = Info.plist; sourceTree = "<group>"; };
		9DF4420919D262690003D6E8 /* main.m */ = {isa = PBXFileReference; lastKnownFileType = sourcecode.c.objc; path = main.m; sourceTree = "<group>"; };
		9DF4420B19D262690003D6E8 /* AppDelegate.h */ = {isa = PBXFileReference; lastKnownFileType = sourcecode.c.h; path = AppDelegate.h; sourceTree = "<group>"; };
		9DF4420C19D262690003D6E8 /* AppDelegate.m */ = {isa = PBXFileReference; lastKnownFileType = sourcecode.c.objc; path = AppDelegate.m; sourceTree = "<group>"; };
		9DF4421219D262690003D6E8 /* Base */ = {isa = PBXFileReference; lastKnownFileType = file.storyboard; name = Base; path = Base.lproj/Main.storyboard; sourceTree = "<group>"; };
		9DF4421419D262690003D6E8 /* Images.xcassets */ = {isa = PBXFileReference; lastKnownFileType = folder.assetcatalog; path = Images.xcassets; sourceTree = "<group>"; };
		9DF4421719D262690003D6E8 /* Base */ = {isa = PBXFileReference; lastKnownFileType = file.xib; name = Base; path = Base.lproj/LaunchScreen.xib; sourceTree = "<group>"; };
		9DF4421D19D262690003D6E8 /* OneThingWellTests.xctest */ = {isa = PBXFileReference; explicitFileType = wrapper.cfbundle; includeInIndex = 0; path = OneThingWellTests.xctest; sourceTree = BUILT_PRODUCTS_DIR; };
		9DF4422219D262690003D6E8 /* Info.plist */ = {isa = PBXFileReference; lastKnownFileType = text.plist.xml; path = Info.plist; sourceTree = "<group>"; };
		9DF4422319D262690003D6E8 /* OneThingWellTests.m */ = {isa = PBXFileReference; lastKnownFileType = sourcecode.c.objc; path = OneThingWellTests.m; sourceTree = "<group>"; };
		9DF4422D19D2629A0003D6E8 /* MainTableViewController.h */ = {isa = PBXFileReference; fileEncoding = 4; lastKnownFileType = sourcecode.c.h; path = MainTableViewController.h; sourceTree = "<group>"; };
		9DF4422E19D2629A0003D6E8 /* MainTableViewController.m */ = {isa = PBXFileReference; fileEncoding = 4; lastKnownFileType = sourcecode.c.objc; path = MainTableViewController.m; sourceTree = "<group>"; };
		9DF4423019D262EE0003D6E8 /* RSSFetcher.h */ = {isa = PBXFileReference; fileEncoding = 4; lastKnownFileType = sourcecode.c.h; path = RSSFetcher.h; sourceTree = "<group>"; };
		9DF4423119D262EE0003D6E8 /* RSSFetcher.m */ = {isa = PBXFileReference; fileEncoding = 4; lastKnownFileType = sourcecode.c.objc; path = RSSFetcher.m; sourceTree = "<group>"; };
		9DF4423319D266D40003D6E8 /* XMLDictionary.h */ = {isa = PBXFileReference; fileEncoding = 4; lastKnownFileType = sourcecode.c.h; path = XMLDictionary.h; sourceTree = "<group>"; };
		9DF4423419D266D40003D6E8 /* XMLDictionary.m */ = {isa = PBXFileReference; fileEncoding = 4; lastKnownFileType = sourcecode.c.objc; path = XMLDictionary.m; sourceTree = "<group>"; };
		9DF4423719D26A160003D6E8 /* CustomTableViewCell.h */ = {isa = PBXFileReference; fileEncoding = 4; lastKnownFileType = sourcecode.c.h; path = CustomTableViewCell.h; sourceTree = "<group>"; };
		9DF4423819D26A160003D6E8 /* CustomTableViewCell.m */ = {isa = PBXFileReference; fileEncoding = 4; lastKnownFileType = sourcecode.c.objc; path = CustomTableViewCell.m; sourceTree = "<group>"; };
		9DF4423B19D26EF50003D6E8 /* HTMLComment.h */ = {isa = PBXFileReference; fileEncoding = 4; lastKnownFileType = sourcecode.c.h; path = HTMLComment.h; sourceTree = "<group>"; };
		9DF4423C19D26EF50003D6E8 /* HTMLComment.m */ = {isa = PBXFileReference; fileEncoding = 4; lastKnownFileType = sourcecode.c.objc; path = HTMLComment.m; sourceTree = "<group>"; };
		9DF4423D19D26EF50003D6E8 /* HTMLDocument.h */ = {isa = PBXFileReference; fileEncoding = 4; lastKnownFileType = sourcecode.c.h; path = HTMLDocument.h; sourceTree = "<group>"; };
		9DF4423E19D26EF50003D6E8 /* HTMLDocument.m */ = {isa = PBXFileReference; fileEncoding = 4; lastKnownFileType = sourcecode.c.objc; path = HTMLDocument.m; sourceTree = "<group>"; };
		9DF4423F19D26EF50003D6E8 /* HTMLDocumentType.h */ = {isa = PBXFileReference; fileEncoding = 4; lastKnownFileType = sourcecode.c.h; path = HTMLDocumentType.h; sourceTree = "<group>"; };
		9DF4424019D26EF50003D6E8 /* HTMLDocumentType.m */ = {isa = PBXFileReference; fileEncoding = 4; lastKnownFileType = sourcecode.c.objc; path = HTMLDocumentType.m; sourceTree = "<group>"; };
		9DF4424119D26EF50003D6E8 /* HTMLElement.h */ = {isa = PBXFileReference; fileEncoding = 4; lastKnownFileType = sourcecode.c.h; path = HTMLElement.h; sourceTree = "<group>"; };
		9DF4424219D26EF50003D6E8 /* HTMLElement.m */ = {isa = PBXFileReference; fileEncoding = 4; lastKnownFileType = sourcecode.c.objc; path = HTMLElement.m; sourceTree = "<group>"; };
		9DF4424319D26EF50003D6E8 /* HTMLEntities.h */ = {isa = PBXFileReference; fileEncoding = 4; lastKnownFileType = sourcecode.c.h; path = HTMLEntities.h; sourceTree = "<group>"; };
		9DF4424419D26EF50003D6E8 /* HTMLEntities.m */ = {isa = PBXFileReference; fileEncoding = 4; lastKnownFileType = sourcecode.c.objc; path = HTMLEntities.m; sourceTree = "<group>"; };
		9DF4424519D26EF50003D6E8 /* HTMLNamespace.h */ = {isa = PBXFileReference; fileEncoding = 4; lastKnownFileType = sourcecode.c.h; path = HTMLNamespace.h; sourceTree = "<group>"; };
		9DF4424619D26EF50003D6E8 /* HTMLNode.h */ = {isa = PBXFileReference; fileEncoding = 4; lastKnownFileType = sourcecode.c.h; path = HTMLNode.h; sourceTree = "<group>"; };
		9DF4424719D26EF50003D6E8 /* HTMLNode.m */ = {isa = PBXFileReference; fileEncoding = 4; lastKnownFileType = sourcecode.c.objc; path = HTMLNode.m; sourceTree = "<group>"; };
		9DF4424819D26EF50003D6E8 /* HTMLOrderedDictionary.h */ = {isa = PBXFileReference; fileEncoding = 4; lastKnownFileType = sourcecode.c.h; path = HTMLOrderedDictionary.h; sourceTree = "<group>"; };
		9DF4424919D26EF50003D6E8 /* HTMLOrderedDictionary.m */ = {isa = PBXFileReference; fileEncoding = 4; lastKnownFileType = sourcecode.c.objc; path = HTMLOrderedDictionary.m; sourceTree = "<group>"; };
		9DF4424A19D26EF50003D6E8 /* HTMLParser.h */ = {isa = PBXFileReference; fileEncoding = 4; lastKnownFileType = sourcecode.c.h; path = HTMLParser.h; sourceTree = "<group>"; };
		9DF4424B19D26EF50003D6E8 /* HTMLParser.m */ = {isa = PBXFileReference; fileEncoding = 4; lastKnownFileType = sourcecode.c.objc; path = HTMLParser.m; sourceTree = "<group>"; };
		9DF4424C19D26EF50003D6E8 /* HTMLPreprocessedInputStream.h */ = {isa = PBXFileReference; fileEncoding = 4; lastKnownFileType = sourcecode.c.h; path = HTMLPreprocessedInputStream.h; sourceTree = "<group>"; };
		9DF4424D19D26EF50003D6E8 /* HTMLPreprocessedInputStream.m */ = {isa = PBXFileReference; fileEncoding = 4; lastKnownFileType = sourcecode.c.objc; path = HTMLPreprocessedInputStream.m; sourceTree = "<group>"; };
		9DF4424E19D26EF50003D6E8 /* HTMLQuirksMode.h */ = {isa = PBXFileReference; fileEncoding = 4; lastKnownFileType = sourcecode.c.h; path = HTMLQuirksMode.h; sourceTree = "<group>"; };
		9DF4424F19D26EF50003D6E8 /* HTMLReader.h */ = {isa = PBXFileReference; fileEncoding = 4; lastKnownFileType = sourcecode.c.h; path = HTMLReader.h; sourceTree = "<group>"; };
		9DF4425019D26EF50003D6E8 /* HTMLSelector.h */ = {isa = PBXFileReference; fileEncoding = 4; lastKnownFileType = sourcecode.c.h; path = HTMLSelector.h; sourceTree = "<group>"; };
		9DF4425119D26EF50003D6E8 /* HTMLSelector.m */ = {isa = PBXFileReference; fileEncoding = 4; lastKnownFileType = sourcecode.c.objc; path = HTMLSelector.m; sourceTree = "<group>"; };
		9DF4425219D26EF50003D6E8 /* HTMLSerialization.h */ = {isa = PBXFileReference; fileEncoding = 4; lastKnownFileType = sourcecode.c.h; path = HTMLSerialization.h; sourceTree = "<group>"; };
		9DF4425319D26EF50003D6E8 /* HTMLSerialization.m */ = {isa = PBXFileReference; fileEncoding = 4; lastKnownFileType = sourcecode.c.objc; path = HTMLSerialization.m; sourceTree = "<group>"; };
		9DF4425419D26EF50003D6E8 /* HTMLString.h */ = {isa = PBXFileReference; fileEncoding = 4; lastKnownFileType = sourcecode.c.h; path = HTMLString.h; sourceTree = "<group>"; };
		9DF4425519D26EF50003D6E8 /* HTMLString.m */ = {isa = PBXFileReference; fileEncoding = 4; lastKnownFileType = sourcecode.c.objc; path = HTMLString.m; sourceTree = "<group>"; };
		9DF4425619D26EF50003D6E8 /* HTMLSupport.h */ = {isa = PBXFileReference; fileEncoding = 4; lastKnownFileType = sourcecode.c.h; path = HTMLSupport.h; sourceTree = "<group>"; };
		9DF4425719D26EF50003D6E8 /* HTMLTextNode.h */ = {isa = PBXFileReference; fileEncoding = 4; lastKnownFileType = sourcecode.c.h; path = HTMLTextNode.h; sourceTree = "<group>"; };
		9DF4425819D26EF50003D6E8 /* HTMLTextNode.m */ = {isa = PBXFileReference; fileEncoding = 4; lastKnownFileType = sourcecode.c.objc; path = HTMLTextNode.m; sourceTree = "<group>"; };
		9DF4425919D26EF50003D6E8 /* HTMLTokenizer.h */ = {isa = PBXFileReference; fileEncoding = 4; lastKnownFileType = sourcecode.c.h; path = HTMLTokenizer.h; sourceTree = "<group>"; };
		9DF4425A19D26EF50003D6E8 /* HTMLTokenizer.m */ = {isa = PBXFileReference; fileEncoding = 4; lastKnownFileType = sourcecode.c.objc; path = HTMLTokenizer.m; sourceTree = "<group>"; };
		9DF4425B19D26EF50003D6E8 /* HTMLTokenizerState.h */ = {isa = PBXFileReference; fileEncoding = 4; lastKnownFileType = sourcecode.c.h; path = HTMLTokenizerState.h; sourceTree = "<group>"; };
		9DF4425C19D26EF50003D6E8 /* HTMLTreeEnumerator.h */ = {isa = PBXFileReference; fileEncoding = 4; lastKnownFileType = sourcecode.c.h; path = HTMLTreeEnumerator.h; sourceTree = "<group>"; };
		9DF4425D19D26EF50003D6E8 /* HTMLTreeEnumerator.m */ = {isa = PBXFileReference; fileEncoding = 4; lastKnownFileType = sourcecode.c.objc; path = HTMLTreeEnumerator.m; sourceTree = "<group>"; };
		9DF4425E19D26EF50003D6E8 /* NSString+HTMLEntities.h */ = {isa = PBXFileReference; fileEncoding = 4; lastKnownFileType = sourcecode.c.h; path = "NSString+HTMLEntities.h"; sourceTree = "<group>"; };
		9DF4425F19D26EF50003D6E8 /* NSString+HTMLEntities.m */ = {isa = PBXFileReference; fileEncoding = 4; lastKnownFileType = sourcecode.c.objc; path = "NSString+HTMLEntities.m"; sourceTree = "<group>"; };
		9DF4427019D26F710003D6E8 /* OneThingModel.h */ = {isa = PBXFileReference; fileEncoding = 4; lastKnownFileType = sourcecode.c.h; path = OneThingModel.h; sourceTree = "<group>"; };
		9DF4427119D26F710003D6E8 /* OneThingModel.m */ = {isa = PBXFileReference; fileEncoding = 4; lastKnownFileType = sourcecode.c.objc; path = OneThingModel.m; sourceTree = "<group>"; };
		9DF4427619D285E50003D6E8 /* TMTumblrActivity.h */ = {isa = PBXFileReference; fileEncoding = 4; lastKnownFileType = sourcecode.c.h; path = TMTumblrActivity.h; sourceTree = "<group>"; };
		9DF4427719D285E50003D6E8 /* TMTumblrActivity.m */ = {isa = PBXFileReference; fileEncoding = 4; lastKnownFileType = sourcecode.c.objc; path = TMTumblrActivity.m; sourceTree = "<group>"; };
		9DF4427819D285E50003D6E8 /* UIActivityTumblr.png */ = {isa = PBXFileReference; lastKnownFileType = image.png; path = UIActivityTumblr.png; sourceTree = "<group>"; };
		9DF4427919D285E50003D6E8 /* UIActivityTumblr@2x.png */ = {isa = PBXFileReference; lastKnownFileType = image.png; path = "UIActivityTumblr@2x.png"; sourceTree = "<group>"; };
		9DF4427A19D285E50003D6E8 /* UIActivityTumblr@2x~ipad.png */ = {isa = PBXFileReference; lastKnownFileType = image.png; path = "UIActivityTumblr@2x~ipad.png"; sourceTree = "<group>"; };
		9DF4427B19D285E50003D6E8 /* UIActivityTumblr~ipad.png */ = {isa = PBXFileReference; lastKnownFileType = image.png; path = "UIActivityTumblr~ipad.png"; sourceTree = "<group>"; };
		9DF4427C19D285E50003D6E8 /* UIActivityTumblr~ipad@2x.png */ = {isa = PBXFileReference; lastKnownFileType = image.png; path = "UIActivityTumblr~ipad@2x.png"; sourceTree = "<group>"; };
		9DF4427E19D285E50003D6E8 /* TMAPIClient.h */ = {isa = PBXFileReference; fileEncoding = 4; lastKnownFileType = sourcecode.c.h; path = TMAPIClient.h; sourceTree = "<group>"; };
		9DF4427F19D285E50003D6E8 /* TMAPIClient.m */ = {isa = PBXFileReference; fileEncoding = 4; lastKnownFileType = sourcecode.c.objc; path = TMAPIClient.m; sourceTree = "<group>"; };
		9DF4428119D285E50003D6E8 /* TMTumblrAppClient.h */ = {isa = PBXFileReference; fileEncoding = 4; lastKnownFileType = sourcecode.c.h; path = TMTumblrAppClient.h; sourceTree = "<group>"; };
		9DF4428219D285E50003D6E8 /* TMTumblrAppClient.m */ = {isa = PBXFileReference; fileEncoding = 4; lastKnownFileType = sourcecode.c.objc; path = TMTumblrAppClient.m; sourceTree = "<group>"; };
		9DF4428419D285E50003D6E8 /* TMOAuth.h */ = {isa = PBXFileReference; fileEncoding = 4; lastKnownFileType = sourcecode.c.h; path = TMOAuth.h; sourceTree = "<group>"; };
		9DF4428519D285E50003D6E8 /* TMOAuth.m */ = {isa = PBXFileReference; fileEncoding = 4; lastKnownFileType = sourcecode.c.objc; path = TMOAuth.m; sourceTree = "<group>"; };
		9DF4428619D285E50003D6E8 /* TMTumblrAuthenticator.h */ = {isa = PBXFileReference; fileEncoding = 4; lastKnownFileType = sourcecode.c.h; path = TMTumblrAuthenticator.h; sourceTree = "<group>"; };
		9DF4428719D285E50003D6E8 /* TMTumblrAuthenticator.m */ = {isa = PBXFileReference; fileEncoding = 4; lastKnownFileType = sourcecode.c.objc; path = TMTumblrAuthenticator.m; sourceTree = "<group>"; };
		9DF4428919D285E50003D6E8 /* TMSDKFunctions.h */ = {isa = PBXFileReference; fileEncoding = 4; lastKnownFileType = sourcecode.c.h; path = TMSDKFunctions.h; sourceTree = "<group>"; };
		9DF4428A19D285E50003D6E8 /* TMSDKFunctions.m */ = {isa = PBXFileReference; fileEncoding = 4; lastKnownFileType = sourcecode.c.objc; path = TMSDKFunctions.m; sourceTree = "<group>"; };
		9DF4428B19D285E50003D6E8 /* TMTumblrSDK-Prefix.pch */ = {isa = PBXFileReference; fileEncoding = 4; lastKnownFileType = sourcecode.c.h; path = "TMTumblrSDK-Prefix.pch"; sourceTree = "<group>"; };
		9DF4430E19D28B760003D6E8 /* JXHTTP.h */ = {isa = PBXFileReference; fileEncoding = 4; lastKnownFileType = sourcecode.c.h; path = JXHTTP.h; sourceTree = "<group>"; };
		9DF4430F19D28B760003D6E8 /* JXHTTPDataBody.h */ = {isa = PBXFileReference; fileEncoding = 4; lastKnownFileType = sourcecode.c.h; path = JXHTTPDataBody.h; sourceTree = "<group>"; };
		9DF4431019D28B760003D6E8 /* JXHTTPDataBody.m */ = {isa = PBXFileReference; fileEncoding = 4; lastKnownFileType = sourcecode.c.objc; path = JXHTTPDataBody.m; sourceTree = "<group>"; };
		9DF4431119D28B760003D6E8 /* JXHTTPFileBody.h */ = {isa = PBXFileReference; fileEncoding = 4; lastKnownFileType = sourcecode.c.h; path = JXHTTPFileBody.h; sourceTree = "<group>"; };
		9DF4431219D28B760003D6E8 /* JXHTTPFileBody.m */ = {isa = PBXFileReference; fileEncoding = 4; lastKnownFileType = sourcecode.c.objc; path = JXHTTPFileBody.m; sourceTree = "<group>"; };
		9DF4431319D28B760003D6E8 /* JXHTTPFormEncodedBody.h */ = {isa = PBXFileReference; fileEncoding = 4; lastKnownFileType = sourcecode.c.h; path = JXHTTPFormEncodedBody.h; sourceTree = "<group>"; };
		9DF4431419D28B760003D6E8 /* JXHTTPFormEncodedBody.m */ = {isa = PBXFileReference; fileEncoding = 4; lastKnownFileType = sourcecode.c.objc; path = JXHTTPFormEncodedBody.m; sourceTree = "<group>"; };
		9DF4431519D28B760003D6E8 /* JXHTTPJSONBody.h */ = {isa = PBXFileReference; fileEncoding = 4; lastKnownFileType = sourcecode.c.h; path = JXHTTPJSONBody.h; sourceTree = "<group>"; };
		9DF4431619D28B760003D6E8 /* JXHTTPJSONBody.m */ = {isa = PBXFileReference; fileEncoding = 4; lastKnownFileType = sourcecode.c.objc; path = JXHTTPJSONBody.m; sourceTree = "<group>"; };
		9DF4431719D28B760003D6E8 /* JXHTTPMultipartBody.h */ = {isa = PBXFileReference; fileEncoding = 4; lastKnownFileType = sourcecode.c.h; path = JXHTTPMultipartBody.h; sourceTree = "<group>"; };
		9DF4431819D28B760003D6E8 /* JXHTTPMultipartBody.m */ = {isa = PBXFileReference; fileEncoding = 4; lastKnownFileType = sourcecode.c.objc; path = JXHTTPMultipartBody.m; sourceTree = "<group>"; };
		9DF4431919D28B760003D6E8 /* JXHTTPOperation+Convenience.h */ = {isa = PBXFileReference; fileEncoding = 4; lastKnownFileType = sourcecode.c.h; path = "JXHTTPOperation+Convenience.h"; sourceTree = "<group>"; };
		9DF4431A19D28B760003D6E8 /* JXHTTPOperation+Convenience.m */ = {isa = PBXFileReference; fileEncoding = 4; lastKnownFileType = sourcecode.c.objc; path = "JXHTTPOperation+Convenience.m"; sourceTree = "<group>"; };
		9DF4431B19D28B760003D6E8 /* JXHTTPOperation.h */ = {isa = PBXFileReference; fileEncoding = 4; lastKnownFileType = sourcecode.c.h; path = JXHTTPOperation.h; sourceTree = "<group>"; };
		9DF4431C19D28B760003D6E8 /* JXHTTPOperation.m */ = {isa = PBXFileReference; fileEncoding = 4; lastKnownFileType = sourcecode.c.objc; path = JXHTTPOperation.m; sourceTree = "<group>"; };
		9DF4431D19D28B760003D6E8 /* JXHTTPOperationDelegate.h */ = {isa = PBXFileReference; fileEncoding = 4; lastKnownFileType = sourcecode.c.h; path = JXHTTPOperationDelegate.h; sourceTree = "<group>"; };
		9DF4431E19D28B760003D6E8 /* JXHTTPOperationQueue.h */ = {isa = PBXFileReference; fileEncoding = 4; lastKnownFileType = sourcecode.c.h; path = JXHTTPOperationQueue.h; sourceTree = "<group>"; };
		9DF4431F19D28B760003D6E8 /* JXHTTPOperationQueue.m */ = {isa = PBXFileReference; fileEncoding = 4; lastKnownFileType = sourcecode.c.objc; path = JXHTTPOperationQueue.m; sourceTree = "<group>"; };
		9DF4432019D28B760003D6E8 /* JXHTTPOperationQueueDelegate.h */ = {isa = PBXFileReference; fileEncoding = 4; lastKnownFileType = sourcecode.c.h; path = JXHTTPOperationQueueDelegate.h; sourceTree = "<group>"; };
		9DF4432119D28B760003D6E8 /* JXHTTPRequestBody.h */ = {isa = PBXFileReference; fileEncoding = 4; lastKnownFileType = sourcecode.c.h; path = JXHTTPRequestBody.h; sourceTree = "<group>"; };
		9DF4432219D28B760003D6E8 /* JXOperation.h */ = {isa = PBXFileReference; fileEncoding = 4; lastKnownFileType = sourcecode.c.h; path = JXOperation.h; sourceTree = "<group>"; };
		9DF4432319D28B760003D6E8 /* JXOperation.m */ = {isa = PBXFileReference; fileEncoding = 4; lastKnownFileType = sourcecode.c.objc; path = JXOperation.m; sourceTree = "<group>"; };
		9DF4432419D28B760003D6E8 /* JXURLConnectionOperation.h */ = {isa = PBXFileReference; fileEncoding = 4; lastKnownFileType = sourcecode.c.h; path = JXURLConnectionOperation.h; sourceTree = "<group>"; };
		9DF4432519D28B760003D6E8 /* JXURLConnectionOperation.m */ = {isa = PBXFileReference; fileEncoding = 4; lastKnownFileType = sourcecode.c.objc; path = JXURLConnectionOperation.m; sourceTree = "<group>"; };
		9DF4432619D28B760003D6E8 /* JXURLEncoding.h */ = {isa = PBXFileReference; fileEncoding = 4; lastKnownFileType = sourcecode.c.h; path = JXURLEncoding.h; sourceTree = "<group>"; };
		9DF4432719D28B760003D6E8 /* JXURLEncoding.m */ = {isa = PBXFileReference; fileEncoding = 4; lastKnownFileType = sourcecode.c.objc; path = JXURLEncoding.m; sourceTree = "<group>"; };
		9DF4435D19D28D750003D6E8 /* PrefixHeader.pch */ = {isa = PBXFileReference; fileEncoding = 4; lastKnownFileType = sourcecode.c.h; path = PrefixHeader.pch; sourceTree = "<group>"; };
		9DF4435E19D2979C0003D6E8 /* WebPageViewController.h */ = {isa = PBXFileReference; fileEncoding = 4; lastKnownFileType = sourcecode.c.h; path = WebPageViewController.h; sourceTree = "<group>"; };
		9DF4435F19D2979C0003D6E8 /* WebPageViewController.m */ = {isa = PBXFileReference; fileEncoding = 4; lastKnownFileType = sourcecode.c.objc; path = WebPageViewController.m; sourceTree = "<group>"; };
		9DF4436C19D3CDBE0003D6E8 /* RankViewController.h */ = {isa = PBXFileReference; fileEncoding = 4; lastKnownFileType = sourcecode.c.h; path = RankViewController.h; sourceTree = "<group>"; };
		9DF4436D19D3CDBE0003D6E8 /* RankViewController.m */ = {isa = PBXFileReference; fileEncoding = 4; lastKnownFileType = sourcecode.c.objc; path = RankViewController.m; sourceTree = "<group>"; };
		9DF4437019D3CDF50003D6E8 /* AboutViewController.h */ = {isa = PBXFileReference; fileEncoding = 4; lastKnownFileType = sourcecode.c.h; path = AboutViewController.h; sourceTree = "<group>"; };
		9DF4437119D3CDF50003D6E8 /* AboutViewController.m */ = {isa = PBXFileReference; fileEncoding = 4; lastKnownFileType = sourcecode.c.objc; path = AboutViewController.m; sourceTree = "<group>"; };
		9DF7B2BB19D4022C00FE0B15 /* AppDataManipulator.h */ = {isa = PBXFileReference; fileEncoding = 4; lastKnownFileType = sourcecode.c.h; path = AppDataManipulator.h; sourceTree = "<group>"; };
		9DF7B2BC19D4022C00FE0B15 /* AppDataManipulator.m */ = {isa = PBXFileReference; fileEncoding = 4; lastKnownFileType = sourcecode.c.objc; path = AppDataManipulator.m; sourceTree = "<group>"; };
		9DF7B2BE19D402F200FE0B15 /* FavCollectionViewController.h */ = {isa = PBXFileReference; fileEncoding = 4; lastKnownFileType = sourcecode.c.h; path = FavCollectionViewController.h; sourceTree = "<group>"; };
		9DF7B2BF19D402F200FE0B15 /* FavCollectionViewController.m */ = {isa = PBXFileReference; fileEncoding = 4; lastKnownFileType = sourcecode.c.objc; path = FavCollectionViewController.m; sourceTree = "<group>"; };
		9DF7B2C219D405ED00FE0B15 /* FavCollectionViewCell.h */ = {isa = PBXFileReference; fileEncoding = 4; lastKnownFileType = sourcecode.c.h; path = FavCollectionViewCell.h; sourceTree = "<group>"; };
		9DF7B2C319D405ED00FE0B15 /* FavCollectionViewCell.m */ = {isa = PBXFileReference; fileEncoding = 4; lastKnownFileType = sourcecode.c.objc; path = FavCollectionViewCell.m; sourceTree = "<group>"; };
/* End PBXFileReference section */

/* Begin PBXFrameworksBuildPhase section */
		9DF4420119D262690003D6E8 /* Frameworks */ = {
			isa = PBXFrameworksBuildPhase;
			buildActionMask = 2147483647;
			files = (
			);
			runOnlyForDeploymentPostprocessing = 0;
		};
		9DF4421A19D262690003D6E8 /* Frameworks */ = {
			isa = PBXFrameworksBuildPhase;
			buildActionMask = 2147483647;
			files = (
			);
			runOnlyForDeploymentPostprocessing = 0;
		};
/* End PBXFrameworksBuildPhase section */

/* Begin PBXGroup section */
		9DF441FB19D262680003D6E8 = {
			isa = PBXGroup;
			children = (
				9DF4420619D262690003D6E8 /* OneThingWell */,
				9DF4422019D262690003D6E8 /* OneThingWellTests */,
				9DF4420519D262690003D6E8 /* Products */,
			);
			sourceTree = "<group>";
		};
		9DF4420519D262690003D6E8 /* Products */ = {
			isa = PBXGroup;
			children = (
				9DF4420419D262690003D6E8 /* OneThingWell.app */,
				9DF4421D19D262690003D6E8 /* OneThingWellTests.xctest */,
			);
			name = Products;
			sourceTree = "<group>";
		};
		9DF4420619D262690003D6E8 /* OneThingWell */ = {
			isa = PBXGroup;
			children = (
				9DF4420B19D262690003D6E8 /* AppDelegate.h */,
				9DF4420C19D262690003D6E8 /* AppDelegate.m */,
				9DF4427319D26F780003D6E8 /* Model */,
				9DF4436F19D3CDD40003D6E8 /* ViewController */,
				9DF7B2C119D405DF00FE0B15 /* View */,
				9DF4421119D262690003D6E8 /* Main.storyboard */,
				9DF4423019D262EE0003D6E8 /* RSSFetcher.h */,
				9DF4423119D262EE0003D6E8 /* RSSFetcher.m */,
				9DF4423619D266D80003D6E8 /* Util */,
				9DF4430D19D28B760003D6E8 /* JXHTTP */,
				9DF4427419D285E50003D6E8 /* TMTumblrSDK */,
				9DF4423A19D26EF50003D6E8 /* HTMLReader */,
				9DF4421419D262690003D6E8 /* Images.xcassets */,
				9DF4421619D262690003D6E8 /* LaunchScreen.xib */,
				9DF4420719D262690003D6E8 /* Supporting Files */,
			);
			path = OneThingWell;
			sourceTree = "<group>";
		};
		9DF4420719D262690003D6E8 /* Supporting Files */ = {
			isa = PBXGroup;
			children = (
				9DF4420819D262690003D6E8 /* Info.plist */,
				9DF4420919D262690003D6E8 /* main.m */,
				9DF4435D19D28D750003D6E8 /* PrefixHeader.pch */,
			);
			name = "Supporting Files";
			sourceTree = "<group>";
		};
		9DF4422019D262690003D6E8 /* OneThingWellTests */ = {
			isa = PBXGroup;
			children = (
				9DF4422319D262690003D6E8 /* OneThingWellTests.m */,
				9DF4422119D262690003D6E8 /* Supporting Files */,
			);
			path = OneThingWellTests;
			sourceTree = "<group>";
		};
		9DF4422119D262690003D6E8 /* Supporting Files */ = {
			isa = PBXGroup;
			children = (
				9DF4422219D262690003D6E8 /* Info.plist */,
			);
			name = "Supporting Files";
			sourceTree = "<group>";
		};
		9DF4423619D266D80003D6E8 /* Util */ = {
			isa = PBXGroup;
			children = (
				9DF7B2BB19D4022C00FE0B15 /* AppDataManipulator.h */,
				9DF7B2BC19D4022C00FE0B15 /* AppDataManipulator.m */,
				9DF4423319D266D40003D6E8 /* XMLDictionary.h */,
				9DF4423419D266D40003D6E8 /* XMLDictionary.m */,
			);
			name = Util;
			sourceTree = "<group>";
		};
		9DF4423A19D26EF50003D6E8 /* HTMLReader */ = {
			isa = PBXGroup;
			children = (
				9DF4423B19D26EF50003D6E8 /* HTMLComment.h */,
				9DF4423C19D26EF50003D6E8 /* HTMLComment.m */,
				9DF4423D19D26EF50003D6E8 /* HTMLDocument.h */,
				9DF4423E19D26EF50003D6E8 /* HTMLDocument.m */,
				9DF4423F19D26EF50003D6E8 /* HTMLDocumentType.h */,
				9DF4424019D26EF50003D6E8 /* HTMLDocumentType.m */,
				9DF4424119D26EF50003D6E8 /* HTMLElement.h */,
				9DF4424219D26EF50003D6E8 /* HTMLElement.m */,
				9DF4424319D26EF50003D6E8 /* HTMLEntities.h */,
				9DF4424419D26EF50003D6E8 /* HTMLEntities.m */,
				9DF4424519D26EF50003D6E8 /* HTMLNamespace.h */,
				9DF4424619D26EF50003D6E8 /* HTMLNode.h */,
				9DF4424719D26EF50003D6E8 /* HTMLNode.m */,
				9DF4424819D26EF50003D6E8 /* HTMLOrderedDictionary.h */,
				9DF4424919D26EF50003D6E8 /* HTMLOrderedDictionary.m */,
				9DF4424A19D26EF50003D6E8 /* HTMLParser.h */,
				9DF4424B19D26EF50003D6E8 /* HTMLParser.m */,
				9DF4424C19D26EF50003D6E8 /* HTMLPreprocessedInputStream.h */,
				9DF4424D19D26EF50003D6E8 /* HTMLPreprocessedInputStream.m */,
				9DF4424E19D26EF50003D6E8 /* HTMLQuirksMode.h */,
				9DF4424F19D26EF50003D6E8 /* HTMLReader.h */,
				9DF4425019D26EF50003D6E8 /* HTMLSelector.h */,
				9DF4425119D26EF50003D6E8 /* HTMLSelector.m */,
				9DF4425219D26EF50003D6E8 /* HTMLSerialization.h */,
				9DF4425319D26EF50003D6E8 /* HTMLSerialization.m */,
				9DF4425419D26EF50003D6E8 /* HTMLString.h */,
				9DF4425519D26EF50003D6E8 /* HTMLString.m */,
				9DF4425619D26EF50003D6E8 /* HTMLSupport.h */,
				9DF4425719D26EF50003D6E8 /* HTMLTextNode.h */,
				9DF4425819D26EF50003D6E8 /* HTMLTextNode.m */,
				9DF4425919D26EF50003D6E8 /* HTMLTokenizer.h */,
				9DF4425A19D26EF50003D6E8 /* HTMLTokenizer.m */,
				9DF4425B19D26EF50003D6E8 /* HTMLTokenizerState.h */,
				9DF4425C19D26EF50003D6E8 /* HTMLTreeEnumerator.h */,
				9DF4425D19D26EF50003D6E8 /* HTMLTreeEnumerator.m */,
				9DF4425E19D26EF50003D6E8 /* NSString+HTMLEntities.h */,
				9DF4425F19D26EF50003D6E8 /* NSString+HTMLEntities.m */,
			);
			name = HTMLReader;
			path = Code;
			sourceTree = "<group>";
		};
		9DF4427319D26F780003D6E8 /* Model */ = {
			isa = PBXGroup;
			children = (
				9DF4427019D26F710003D6E8 /* OneThingModel.h */,
				9DF4427119D26F710003D6E8 /* OneThingModel.m */,
			);
			name = Model;
			sourceTree = "<group>";
		};
		9DF4427419D285E50003D6E8 /* TMTumblrSDK */ = {
			isa = PBXGroup;
			children = (
				9DF4427519D285E50003D6E8 /* Activity */,
				9DF4427D19D285E50003D6E8 /* APIClient */,
				9DF4428019D285E50003D6E8 /* AppClient */,
				9DF4428319D285E50003D6E8 /* Authentication */,
				9DF4428819D285E50003D6E8 /* Core */,
				9DF4428B19D285E50003D6E8 /* TMTumblrSDK-Prefix.pch */,
			);
			path = TMTumblrSDK;
			sourceTree = "<group>";
		};
		9DF4427519D285E50003D6E8 /* Activity */ = {
			isa = PBXGroup;
			children = (
				9DF4427619D285E50003D6E8 /* TMTumblrActivity.h */,
				9DF4427719D285E50003D6E8 /* TMTumblrActivity.m */,
				9DF4427819D285E50003D6E8 /* UIActivityTumblr.png */,
				9DF4427919D285E50003D6E8 /* UIActivityTumblr@2x.png */,
				9DF4427A19D285E50003D6E8 /* UIActivityTumblr@2x~ipad.png */,
				9DF4427B19D285E50003D6E8 /* UIActivityTumblr~ipad.png */,
				9DF4427C19D285E50003D6E8 /* UIActivityTumblr~ipad@2x.png */,
			);
			path = Activity;
			sourceTree = "<group>";
		};
		9DF4427D19D285E50003D6E8 /* APIClient */ = {
			isa = PBXGroup;
			children = (
				9DF4427E19D285E50003D6E8 /* TMAPIClient.h */,
				9DF4427F19D285E50003D6E8 /* TMAPIClient.m */,
			);
			path = APIClient;
			sourceTree = "<group>";
		};
		9DF4428019D285E50003D6E8 /* AppClient */ = {
			isa = PBXGroup;
			children = (
				9DF4428119D285E50003D6E8 /* TMTumblrAppClient.h */,
				9DF4428219D285E50003D6E8 /* TMTumblrAppClient.m */,
			);
			path = AppClient;
			sourceTree = "<group>";
		};
		9DF4428319D285E50003D6E8 /* Authentication */ = {
			isa = PBXGroup;
			children = (
				9DF4428419D285E50003D6E8 /* TMOAuth.h */,
				9DF4428519D285E50003D6E8 /* TMOAuth.m */,
				9DF4428619D285E50003D6E8 /* TMTumblrAuthenticator.h */,
				9DF4428719D285E50003D6E8 /* TMTumblrAuthenticator.m */,
			);
			path = Authentication;
			sourceTree = "<group>";
		};
		9DF4428819D285E50003D6E8 /* Core */ = {
			isa = PBXGroup;
			children = (
				9DF4428919D285E50003D6E8 /* TMSDKFunctions.h */,
				9DF4428A19D285E50003D6E8 /* TMSDKFunctions.m */,
			);
			path = Core;
			sourceTree = "<group>";
		};
		9DF4430D19D28B760003D6E8 /* JXHTTP */ = {
			isa = PBXGroup;
			children = (
				9DF4430E19D28B760003D6E8 /* JXHTTP.h */,
				9DF4430F19D28B760003D6E8 /* JXHTTPDataBody.h */,
				9DF4431019D28B760003D6E8 /* JXHTTPDataBody.m */,
				9DF4431119D28B760003D6E8 /* JXHTTPFileBody.h */,
				9DF4431219D28B760003D6E8 /* JXHTTPFileBody.m */,
				9DF4431319D28B760003D6E8 /* JXHTTPFormEncodedBody.h */,
				9DF4431419D28B760003D6E8 /* JXHTTPFormEncodedBody.m */,
				9DF4431519D28B760003D6E8 /* JXHTTPJSONBody.h */,
				9DF4431619D28B760003D6E8 /* JXHTTPJSONBody.m */,
				9DF4431719D28B760003D6E8 /* JXHTTPMultipartBody.h */,
				9DF4431819D28B760003D6E8 /* JXHTTPMultipartBody.m */,
				9DF4431919D28B760003D6E8 /* JXHTTPOperation+Convenience.h */,
				9DF4431A19D28B760003D6E8 /* JXHTTPOperation+Convenience.m */,
				9DF4431B19D28B760003D6E8 /* JXHTTPOperation.h */,
				9DF4431C19D28B760003D6E8 /* JXHTTPOperation.m */,
				9DF4431D19D28B760003D6E8 /* JXHTTPOperationDelegate.h */,
				9DF4431E19D28B760003D6E8 /* JXHTTPOperationQueue.h */,
				9DF4431F19D28B760003D6E8 /* JXHTTPOperationQueue.m */,
				9DF4432019D28B760003D6E8 /* JXHTTPOperationQueueDelegate.h */,
				9DF4432119D28B760003D6E8 /* JXHTTPRequestBody.h */,
				9DF4432219D28B760003D6E8 /* JXOperation.h */,
				9DF4432319D28B760003D6E8 /* JXOperation.m */,
				9DF4432419D28B760003D6E8 /* JXURLConnectionOperation.h */,
				9DF4432519D28B760003D6E8 /* JXURLConnectionOperation.m */,
				9DF4432619D28B760003D6E8 /* JXURLEncoding.h */,
				9DF4432719D28B760003D6E8 /* JXURLEncoding.m */,
			);
			path = JXHTTP;
			sourceTree = "<group>";
		};
		9DF4436F19D3CDD40003D6E8 /* ViewController */ = {
			isa = PBXGroup;
			children = (
				9DF4422D19D2629A0003D6E8 /* MainTableViewController.h */,
				9DF4422E19D2629A0003D6E8 /* MainTableViewController.m */,
				9DF4436C19D3CDBE0003D6E8 /* RankViewController.h */,
				9DF4436D19D3CDBE0003D6E8 /* RankViewController.m */,
				9DF4435E19D2979C0003D6E8 /* WebPageViewController.h */,
				9DF4435F19D2979C0003D6E8 /* WebPageViewController.m */,
				9DF4437019D3CDF50003D6E8 /* AboutViewController.h */,
				9DF4437119D3CDF50003D6E8 /* AboutViewController.m */,
				9DF7B2BE19D402F200FE0B15 /* FavCollectionViewController.h */,
				9DF7B2BF19D402F200FE0B15 /* FavCollectionViewController.m */,
			);
			name = ViewController;
			sourceTree = "<group>";
		};
		9DF7B2C119D405DF00FE0B15 /* View */ = {
			isa = PBXGroup;
			children = (
				9DF4423719D26A160003D6E8 /* CustomTableViewCell.h */,
				9DF4423819D26A160003D6E8 /* CustomTableViewCell.m */,
				9DF7B2C219D405ED00FE0B15 /* FavCollectionViewCell.h */,
				9DF7B2C319D405ED00FE0B15 /* FavCollectionViewCell.m */,
			);
			name = View;
			sourceTree = "<group>";
		};
/* End PBXGroup section */

/* Begin PBXNativeTarget section */
		9DF4420319D262690003D6E8 /* OneThingWell */ = {
			isa = PBXNativeTarget;
			buildConfigurationList = 9DF4422719D262690003D6E8 /* Build configuration list for PBXNativeTarget "OneThingWell" */;
			buildPhases = (
				9DF4420019D262690003D6E8 /* Sources */,
				9DF4420119D262690003D6E8 /* Frameworks */,
				9DF4420219D262690003D6E8 /* Resources */,
			);
			buildRules = (
			);
			dependencies = (
			);
			name = OneThingWell;
			productName = OneThingWell;
			productReference = 9DF4420419D262690003D6E8 /* OneThingWell.app */;
			productType = "com.apple.product-type.application";
		};
		9DF4421C19D262690003D6E8 /* OneThingWellTests */ = {
			isa = PBXNativeTarget;
			buildConfigurationList = 9DF4422A19D262690003D6E8 /* Build configuration list for PBXNativeTarget "OneThingWellTests" */;
			buildPhases = (
				9DF4421919D262690003D6E8 /* Sources */,
				9DF4421A19D262690003D6E8 /* Frameworks */,
				9DF4421B19D262690003D6E8 /* Resources */,
			);
			buildRules = (
			);
			dependencies = (
				9DF4421F19D262690003D6E8 /* PBXTargetDependency */,
			);
			name = OneThingWellTests;
			productName = OneThingWellTests;
			productReference = 9DF4421D19D262690003D6E8 /* OneThingWellTests.xctest */;
			productType = "com.apple.product-type.bundle.unit-test";
		};
/* End PBXNativeTarget section */

/* Begin PBXProject section */
		9DF441FC19D262680003D6E8 /* Project object */ = {
			isa = PBXProject;
			attributes = {
				LastUpgradeCheck = 0610;
				ORGANIZATIONNAME = Vtm;
				TargetAttributes = {
					9DF4420319D262690003D6E8 = {
						CreatedOnToolsVersion = 6.1;
					};
					9DF4421C19D262690003D6E8 = {
						CreatedOnToolsVersion = 6.1;
						TestTargetID = 9DF4420319D262690003D6E8;
					};
				};
			};
			buildConfigurationList = 9DF441FF19D262680003D6E8 /* Build configuration list for PBXProject "OneThingWell" */;
			compatibilityVersion = "Xcode 3.2";
			developmentRegion = English;
			hasScannedForEncodings = 0;
			knownRegions = (
				en,
				Base,
			);
			mainGroup = 9DF441FB19D262680003D6E8;
			productRefGroup = 9DF4420519D262690003D6E8 /* Products */;
			projectDirPath = "";
			projectRoot = "";
			targets = (
				9DF4420319D262690003D6E8 /* OneThingWell */,
				9DF4421C19D262690003D6E8 /* OneThingWellTests */,
			);
		};
/* End PBXProject section */

/* Begin PBXResourcesBuildPhase section */
		9DF4420219D262690003D6E8 /* Resources */ = {
			isa = PBXResourcesBuildPhase;
			buildActionMask = 2147483647;
			files = (
				9DF4428D19D285E50003D6E8 /* UIActivityTumblr.png in Resources */,
				9DF4421319D262690003D6E8 /* Main.storyboard in Resources */,
				9DF4428E19D285E50003D6E8 /* UIActivityTumblr@2x.png in Resources */,
				9DF4421819D262690003D6E8 /* LaunchScreen.xib in Resources */,
				9DF4428F19D285E50003D6E8 /* UIActivityTumblr@2x~ipad.png in Resources */,
				9DF4421519D262690003D6E8 /* Images.xcassets in Resources */,
				9DF4429119D285E50003D6E8 /* UIActivityTumblr~ipad@2x.png in Resources */,
				9DF4429019D285E50003D6E8 /* UIActivityTumblr~ipad.png in Resources */,
			);
			runOnlyForDeploymentPostprocessing = 0;
		};
		9DF4421B19D262690003D6E8 /* Resources */ = {
			isa = PBXResourcesBuildPhase;
			buildActionMask = 2147483647;
			files = (
			);
			runOnlyForDeploymentPostprocessing = 0;
		};
/* End PBXResourcesBuildPhase section */

/* Begin PBXSourcesBuildPhase section */
		9DF4420019D262690003D6E8 /* Sources */ = {
			isa = PBXSourcesBuildPhase;
			buildActionMask = 2147483647;
			files = (
				9DF4432A19D28B760003D6E8 /* JXHTTPFormEncodedBody.m in Sources */,
				9DF4426419D26EF50003D6E8 /* HTMLEntities.m in Sources */,
				9DF4429319D285E50003D6E8 /* TMTumblrAppClient.m in Sources */,
				9DF4426819D26EF50003D6E8 /* HTMLPreprocessedInputStream.m in Sources */,
				9DF4426D19D26EF50003D6E8 /* HTMLTokenizer.m in Sources */,
				9DF4423519D266D40003D6E8 /* XMLDictionary.m in Sources */,
				9DF4429619D285E50003D6E8 /* TMSDKFunctions.m in Sources */,
				9DF4426B19D26EF50003D6E8 /* HTMLString.m in Sources */,
				9DF4432C19D28B760003D6E8 /* JXHTTPMultipartBody.m in Sources */,
				9DF4432819D28B760003D6E8 /* JXHTTPDataBody.m in Sources */,
				9DF4433119D28B760003D6E8 /* JXURLConnectionOperation.m in Sources */,
				9DF4437219D3CDF50003D6E8 /* AboutViewController.m in Sources */,
				9DF4423219D262EE0003D6E8 /* RSSFetcher.m in Sources */,
				9DF4426E19D26EF50003D6E8 /* HTMLTreeEnumerator.m in Sources */,
				9DF4426019D26EF50003D6E8 /* HTMLComment.m in Sources */,
				9DF4432E19D28B760003D6E8 /* JXHTTPOperation.m in Sources */,
				9DF7B2C419D405ED00FE0B15 /* FavCollectionViewCell.m in Sources */,
				9DF4432B19D28B760003D6E8 /* JXHTTPJSONBody.m in Sources */,
				9DF4432D19D28B760003D6E8 /* JXHTTPOperation+Convenience.m in Sources */,
				9DF4423919D26A160003D6E8 /* CustomTableViewCell.m in Sources */,
				9DF4428C19D285E50003D6E8 /* TMTumblrActivity.m in Sources */,
				9DF4432F19D28B760003D6E8 /* JXHTTPOperationQueue.m in Sources */,
				9DF4426719D26EF50003D6E8 /* HTMLParser.m in Sources */,
				9DF4429519D285E50003D6E8 /* TMTumblrAuthenticator.m in Sources */,
				9DF4420D19D262690003D6E8 /* AppDelegate.m in Sources */,
				9DF4436019D2979C0003D6E8 /* WebPageViewController.m in Sources */,
				9DF4426119D26EF50003D6E8 /* HTMLDocument.m in Sources */,
				9DF4426619D26EF50003D6E8 /* HTMLOrderedDictionary.m in Sources */,
				9DF4426F19D26EF50003D6E8 /* NSString+HTMLEntities.m in Sources */,
				9DF4420A19D262690003D6E8 /* main.m in Sources */,
				9DF7B2BD19D4022C00FE0B15 /* AppDataManipulator.m in Sources */,
				9DF4429219D285E50003D6E8 /* TMAPIClient.m in Sources */,
				9DF4427219D26F710003D6E8 /* OneThingModel.m in Sources */,
				9DF4433219D28B760003D6E8 /* JXURLEncoding.m in Sources */,
				9DF4426519D26EF50003D6E8 /* HTMLNode.m in Sources */,
				9DF4426A19D26EF50003D6E8 /* HTMLSerialization.m in Sources */,
				9DF4426C19D26EF50003D6E8 /* HTMLTextNode.m in Sources */,
				9DF4429419D285E50003D6E8 /* TMOAuth.m in Sources */,
				9DF7B2C019D402F200FE0B15 /* FavCollectionViewController.m in Sources */,
				9DF4433019D28B760003D6E8 /* JXOperation.m in Sources */,
				9DF4432919D28B760003D6E8 /* JXHTTPFileBody.m in Sources */,
				9DF4426319D26EF50003D6E8 /* HTMLElement.m in Sources */,
				9DF4436E19D3CDBE0003D6E8 /* RankViewController.m in Sources */,
				9DF4426219D26EF50003D6E8 /* HTMLDocumentType.m in Sources */,
				9DF4422F19D2629A0003D6E8 /* MainTableViewController.m in Sources */,
				9DF4426919D26EF50003D6E8 /* HTMLSelector.m in Sources */,
			);
			runOnlyForDeploymentPostprocessing = 0;
		};
		9DF4421919D262690003D6E8 /* Sources */ = {
			isa = PBXSourcesBuildPhase;
			buildActionMask = 2147483647;
			files = (
				9DF4422419D262690003D6E8 /* OneThingWellTests.m in Sources */,
			);
			runOnlyForDeploymentPostprocessing = 0;
		};
/* End PBXSourcesBuildPhase section */

/* Begin PBXTargetDependency section */
		9DF4421F19D262690003D6E8 /* PBXTargetDependency */ = {
			isa = PBXTargetDependency;
			target = 9DF4420319D262690003D6E8 /* OneThingWell */;
			targetProxy = 9DF4421E19D262690003D6E8 /* PBXContainerItemProxy */;
		};
/* End PBXTargetDependency section */

/* Begin PBXVariantGroup section */
		9DF4421119D262690003D6E8 /* Main.storyboard */ = {
			isa = PBXVariantGroup;
			children = (
				9DF4421219D262690003D6E8 /* Base */,
			);
			name = Main.storyboard;
			sourceTree = "<group>";
		};
		9DF4421619D262690003D6E8 /* LaunchScreen.xib */ = {
			isa = PBXVariantGroup;
			children = (
				9DF4421719D262690003D6E8 /* Base */,
			);
			name = LaunchScreen.xib;
			sourceTree = "<group>";
		};
/* End PBXVariantGroup section */

/* Begin XCBuildConfiguration section */
		9DF4422519D262690003D6E8 /* Debug */ = {
			isa = XCBuildConfiguration;
			buildSettings = {
				ALWAYS_SEARCH_USER_PATHS = NO;
				CLANG_CXX_LANGUAGE_STANDARD = "gnu++0x";
				CLANG_CXX_LIBRARY = "libc++";
				CLANG_ENABLE_MODULES = YES;
				CLANG_ENABLE_OBJC_ARC = YES;
				CLANG_WARN_BOOL_CONVERSION = YES;
				CLANG_WARN_CONSTANT_CONVERSION = YES;
				CLANG_WARN_DIRECT_OBJC_ISA_USAGE = YES_ERROR;
				CLANG_WARN_EMPTY_BODY = YES;
				CLANG_WARN_ENUM_CONVERSION = YES;
				CLANG_WARN_INT_CONVERSION = YES;
				CLANG_WARN_OBJC_ROOT_CLASS = YES_ERROR;
				CLANG_WARN_UNREACHABLE_CODE = YES;
				CLANG_WARN__DUPLICATE_METHOD_MATCH = YES;
				"CODE_SIGN_IDENTITY[sdk=iphoneos*]" = "iPhone Developer";
				COPY_PHASE_STRIP = NO;
				ENABLE_STRICT_OBJC_MSGSEND = YES;
				GCC_C_LANGUAGE_STANDARD = gnu99;
				GCC_DYNAMIC_NO_PIC = NO;
				GCC_OPTIMIZATION_LEVEL = 0;
				GCC_PREPROCESSOR_DEFINITIONS = (
					"DEBUG=1",
					"$(inherited)",
				);
				GCC_SYMBOLS_PRIVATE_EXTERN = NO;
				GCC_WARN_64_TO_32_BIT_CONVERSION = YES;
				GCC_WARN_ABOUT_RETURN_TYPE = YES_ERROR;
				GCC_WARN_UNDECLARED_SELECTOR = YES;
				GCC_WARN_UNINITIALIZED_AUTOS = YES_AGGRESSIVE;
				GCC_WARN_UNUSED_FUNCTION = YES;
				GCC_WARN_UNUSED_VARIABLE = YES;
				IPHONEOS_DEPLOYMENT_TARGET = 8.0;
				MTL_ENABLE_DEBUG_INFO = YES;
				ONLY_ACTIVE_ARCH = YES;
				SDKROOT = iphoneos;
			};
			name = Debug;
		};
		9DF4422619D262690003D6E8 /* Release */ = {
			isa = XCBuildConfiguration;
			buildSettings = {
				ALWAYS_SEARCH_USER_PATHS = NO;
				CLANG_CXX_LANGUAGE_STANDARD = "gnu++0x";
				CLANG_CXX_LIBRARY = "libc++";
				CLANG_ENABLE_MODULES = YES;
				CLANG_ENABLE_OBJC_ARC = YES;
				CLANG_WARN_BOOL_CONVERSION = YES;
				CLANG_WARN_CONSTANT_CONVERSION = YES;
				CLANG_WARN_DIRECT_OBJC_ISA_USAGE = YES_ERROR;
				CLANG_WARN_EMPTY_BODY = YES;
				CLANG_WARN_ENUM_CONVERSION = YES;
				CLANG_WARN_INT_CONVERSION = YES;
				CLANG_WARN_OBJC_ROOT_CLASS = YES_ERROR;
				CLANG_WARN_UNREACHABLE_CODE = YES;
				CLANG_WARN__DUPLICATE_METHOD_MATCH = YES;
				"CODE_SIGN_IDENTITY[sdk=iphoneos*]" = "iPhone Developer";
				COPY_PHASE_STRIP = YES;
				ENABLE_NS_ASSERTIONS = NO;
				ENABLE_STRICT_OBJC_MSGSEND = YES;
				GCC_C_LANGUAGE_STANDARD = gnu99;
				GCC_WARN_64_TO_32_BIT_CONVERSION = YES;
				GCC_WARN_ABOUT_RETURN_TYPE = YES_ERROR;
				GCC_WARN_UNDECLARED_SELECTOR = YES;
				GCC_WARN_UNINITIALIZED_AUTOS = YES_AGGRESSIVE;
				GCC_WARN_UNUSED_FUNCTION = YES;
				GCC_WARN_UNUSED_VARIABLE = YES;
				IPHONEOS_DEPLOYMENT_TARGET = 8.0;
				MTL_ENABLE_DEBUG_INFO = NO;
				SDKROOT = iphoneos;
				VALIDATE_PRODUCT = YES;
			};
			name = Release;
		};
		9DF4422819D262690003D6E8 /* Debug */ = {
			isa = XCBuildConfiguration;
			buildSettings = {
				ASSETCATALOG_COMPILER_APPICON_NAME = AppIcon;
				GCC_PREFIX_HEADER = OneThingWell/PrefixHeader.pch;
				INFOPLIST_FILE = OneThingWell/Info.plist;
				LD_RUNPATH_SEARCH_PATHS = "$(inherited) @executable_path/Frameworks";
				PRODUCT_NAME = "$(TARGET_NAME)";
			};
			name = Debug;
		};
		9DF4422919D262690003D6E8 /* Release */ = {
			isa = XCBuildConfiguration;
			buildSettings = {
				ASSETCATALOG_COMPILER_APPICON_NAME = AppIcon;
				GCC_PREFIX_HEADER = OneThingWell/PrefixHeader.pch;
				INFOPLIST_FILE = OneThingWell/Info.plist;
				LD_RUNPATH_SEARCH_PATHS = "$(inherited) @executable_path/Frameworks";
				PRODUCT_NAME = "$(TARGET_NAME)";
			};
			name = Release;
		};
		9DF4422B19D262690003D6E8 /* Debug */ = {
			isa = XCBuildConfiguration;
			buildSettings = {
				BUNDLE_LOADER = "$(TEST_HOST)";
				FRAMEWORK_SEARCH_PATHS = (
					"$(SDKROOT)/Developer/Library/Frameworks",
					"$(inherited)",
				);
				GCC_PREPROCESSOR_DEFINITIONS = (
					"DEBUG=1",
					"$(inherited)",
				);
				INFOPLIST_FILE = OneThingWellTests/Info.plist;
				LD_RUNPATH_SEARCH_PATHS = "$(inherited) @executable_path/Frameworks @loader_path/Frameworks";
				PRODUCT_NAME = "$(TARGET_NAME)";
				TEST_HOST = "$(BUILT_PRODUCTS_DIR)/OneThingWell.app/OneThingWell";
			};
			name = Debug;
		};
		9DF4422C19D262690003D6E8 /* Release */ = {
			isa = XCBuildConfiguration;
			buildSettings = {
				BUNDLE_LOADER = "$(TEST_HOST)";
				FRAMEWORK_SEARCH_PATHS = (
					"$(SDKROOT)/Developer/Library/Frameworks",
					"$(inherited)",
				);
				INFOPLIST_FILE = OneThingWellTests/Info.plist;
				LD_RUNPATH_SEARCH_PATHS = "$(inherited) @executable_path/Frameworks @loader_path/Frameworks";
				PRODUCT_NAME = "$(TARGET_NAME)";
				TEST_HOST = "$(BUILT_PRODUCTS_DIR)/OneThingWell.app/OneThingWell";
			};
			name = Release;
		};
/* End XCBuildConfiguration section */

/* Begin XCConfigurationList section */
		9DF441FF19D262680003D6E8 /* Build configuration list for PBXProject "OneThingWell" */ = {
			isa = XCConfigurationList;
			buildConfigurations = (
				9DF4422519D262690003D6E8 /* Debug */,
				9DF4422619D262690003D6E8 /* Release */,
			);
			defaultConfigurationIsVisible = 0;
			defaultConfigurationName = Release;
		};
		9DF4422719D262690003D6E8 /* Build configuration list for PBXNativeTarget "OneThingWell" */ = {
			isa = XCConfigurationList;
			buildConfigurations = (
				9DF4422819D262690003D6E8 /* Debug */,
				9DF4422919D262690003D6E8 /* Release */,
			);
			defaultConfigurationIsVisible = 0;
			defaultConfigurationName = Release;
		};
		9DF4422A19D262690003D6E8 /* Build configuration list for PBXNativeTarget "OneThingWellTests" */ = {
			isa = XCConfigurationList;
			buildConfigurations = (
				9DF4422B19D262690003D6E8 /* Debug */,
				9DF4422C19D262690003D6E8 /* Release */,
			);
			defaultConfigurationIsVisible = 0;
			defaultConfigurationName = Release;
		};
/* End XCConfigurationList section */
	};
	rootObject = 9DF441FC19D262680003D6E8 /* Project object */;
}
