// !$*UTF8*$!
{
	archiveVersion = 1;
	classes = {
	};
	objectVersion = 46;
	objects = {

/* Begin PBXBuildFile section */
		9DD4AD991936CFFC009C414E /* Foundation.framework in Frameworks */ = {isa = PBXBuildFile; fileRef = 9DD4AD981936CFFC009C414E /* Foundation.framework */; };
		9DD4AD9B1936CFFC009C414E /* CoreGraphics.framework in Frameworks */ = {isa = PBXBuildFile; fileRef = 9DD4AD9A1936CFFC009C414E /* CoreGraphics.framework */; };
		9DD4AD9D1936CFFC009C414E /* UIKit.framework in Frameworks */ = {isa = PBXBuildFile; fileRef = 9DD4AD9C1936CFFC009C414E /* UIKit.framework */; };
		9DD4ADA31936CFFC009C414E /* InfoPlist.strings in Resources */ = {isa = PBXBuildFile; fileRef = 9DD4ADA11936CFFC009C414E /* InfoPlist.strings */; };
		9DD4ADA51936CFFC009C414E /* main.m in Sources */ = {isa = PBXBuildFile; fileRef = 9DD4ADA41936CFFC009C414E /* main.m */; };
		9DD4ADA91936CFFC009C414E /* AppDelegate.m in Sources */ = {isa = PBXBuildFile; fileRef = 9DD4ADA81936CFFC009C414E /* AppDelegate.m */; };
		9DD4ADAC1936CFFC009C414E /* Main.storyboard in Resources */ = {isa = PBXBuildFile; fileRef = 9DD4ADAA1936CFFC009C414E /* Main.storyboard */; };
		9DD4ADB11936CFFC009C414E /* Images.xcassets in Resources */ = {isa = PBXBuildFile; fileRef = 9DD4ADB01936CFFC009C414E /* Images.xcassets */; };
		9DD4ADB81936CFFC009C414E /* XCTest.framework in Frameworks */ = {isa = PBXBuildFile; fileRef = 9DD4ADB71936CFFC009C414E /* XCTest.framework */; };
		9DD4ADB91936CFFC009C414E /* Foundation.framework in Frameworks */ = {isa = PBXBuildFile; fileRef = 9DD4AD981936CFFC009C414E /* Foundation.framework */; };
		9DD4ADBA1936CFFC009C414E /* UIKit.framework in Frameworks */ = {isa = PBXBuildFile; fileRef = 9DD4AD9C1936CFFC009C414E /* UIKit.framework */; };
		9DD4ADC21936CFFC009C414E /* InfoPlist.strings in Resources */ = {isa = PBXBuildFile; fileRef = 9DD4ADC01936CFFC009C414E /* InfoPlist.strings */; };
		9DD4ADC41936CFFC009C414E /* EditingTableViewTests.m in Sources */ = {isa = PBXBuildFile; fileRef = 9DD4ADC31936CFFC009C414E /* EditingTableViewTests.m */; };
		9DD4ADCF1936D0B0009C414E /* EditingTableViewController.m in Sources */ = {isa = PBXBuildFile; fileRef = 9DD4ADCE1936D0B0009C414E /* EditingTableViewController.m */; };
		9DD4ADDE1936EF34009C414E /* icomoon.eot in Resources */ = {isa = PBXBuildFile; fileRef = 9DD4ADDA1936EF34009C414E /* icomoon.eot */; };
		9DD4ADDF1936EF34009C414E /* icomoon.svg in Resources */ = {isa = PBXBuildFile; fileRef = 9DD4ADDB1936EF34009C414E /* icomoon.svg */; };
		9DD4ADE01936EF34009C414E /* icomoon.ttf in Resources */ = {isa = PBXBuildFile; fileRef = 9DD4ADDC1936EF34009C414E /* icomoon.ttf */; };
		9DD4ADE11936EF34009C414E /* icomoon.woff in Resources */ = {isa = PBXBuildFile; fileRef = 9DD4ADDD1936EF34009C414E /* icomoon.woff */; };
/* End PBXBuildFile section */

/* Begin PBXContainerItemProxy section */
		9DD4ADBB1936CFFC009C414E /* PBXContainerItemProxy */ = {
			isa = PBXContainerItemProxy;
			containerPortal = 9DD4AD8D1936CFFC009C414E /* Project object */;
			proxyType = 1;
			remoteGlobalIDString = 9DD4AD941936CFFC009C414E;
			remoteInfo = EditingTableView;
		};
/* End PBXContainerItemProxy section */

/* Begin PBXFileReference section */
		9DD4AD951936CFFC009C414E /* EditingTableView.app */ = {isa = PBXFileReference; explicitFileType = wrapper.application; includeInIndex = 0; path = EditingTableView.app; sourceTree = BUILT_PRODUCTS_DIR; };
		9DD4AD981936CFFC009C414E /* Foundation.framework */ = {isa = PBXFileReference; lastKnownFileType = wrapper.framework; name = Foundation.framework; path = System/Library/Frameworks/Foundation.framework; sourceTree = SDKROOT; };
		9DD4AD9A1936CFFC009C414E /* CoreGraphics.framework */ = {isa = PBXFileReference; lastKnownFileType = wrapper.framework; name = CoreGraphics.framework; path = System/Library/Frameworks/CoreGraphics.framework; sourceTree = SDKROOT; };
		9DD4AD9C1936CFFC009C414E /* UIKit.framework */ = {isa = PBXFileReference; lastKnownFileType = wrapper.framework; name = UIKit.framework; path = System/Library/Frameworks/UIKit.framework; sourceTree = SDKROOT; };
		9DD4ADA01936CFFC009C414E /* EditingTableView-Info.plist */ = {isa = PBXFileReference; lastKnownFileType = text.plist.xml; path = "EditingTableView-Info.plist"; sourceTree = "<group>"; };
		9DD4ADA21936CFFC009C414E /* en */ = {isa = PBXFileReference; lastKnownFileType = text.plist.strings; name = en; path = en.lproj/InfoPlist.strings; sourceTree = "<group>"; };
		9DD4ADA41936CFFC009C414E /* main.m */ = {isa = PBXFileReference; lastKnownFileType = sourcecode.c.objc; path = main.m; sourceTree = "<group>"; };
		9DD4ADA61936CFFC009C414E /* EditingTableView-Prefix.pch */ = {isa = PBXFileReference; lastKnownFileType = sourcecode.c.h; path = "EditingTableView-Prefix.pch"; sourceTree = "<group>"; };
		9DD4ADA71936CFFC009C414E /* AppDelegate.h */ = {isa = PBXFileReference; lastKnownFileType = sourcecode.c.h; path = AppDelegate.h; sourceTree = "<group>"; };
		9DD4ADA81936CFFC009C414E /* AppDelegate.m */ = {isa = PBXFileReference; lastKnownFileType = sourcecode.c.objc; path = AppDelegate.m; sourceTree = "<group>"; };
		9DD4ADAB1936CFFC009C414E /* Base */ = {isa = PBXFileReference; lastKnownFileType = file.storyboard; name = Base; path = Base.lproj/Main.storyboard; sourceTree = "<group>"; };
		9DD4ADB01936CFFC009C414E /* Images.xcassets */ = {isa = PBXFileReference; lastKnownFileType = folder.assetcatalog; path = Images.xcassets; sourceTree = "<group>"; };
		9DD4ADB61936CFFC009C414E /* EditingTableViewTests.xctest */ = {isa = PBXFileReference; explicitFileType = wrapper.cfbundle; includeInIndex = 0; path = EditingTableViewTests.xctest; sourceTree = BUILT_PRODUCTS_DIR; };
		9DD4ADB71936CFFC009C414E /* XCTest.framework */ = {isa = PBXFileReference; lastKnownFileType = wrapper.framework; name = XCTest.framework; path = Library/Frameworks/XCTest.framework; sourceTree = DEVELOPER_DIR; };
		9DD4ADBF1936CFFC009C414E /* EditingTableViewTests-Info.plist */ = {isa = PBXFileReference; lastKnownFileType = text.plist.xml; path = "EditingTableViewTests-Info.plist"; sourceTree = "<group>"; };
		9DD4ADC11936CFFC009C414E /* en */ = {isa = PBXFileReference; lastKnownFileType = text.plist.strings; name = en; path = en.lproj/InfoPlist.strings; sourceTree = "<group>"; };
		9DD4ADC31936CFFC009C414E /* EditingTableViewTests.m */ = {isa = PBXFileReference; lastKnownFileType = sourcecode.c.objc; path = EditingTableViewTests.m; sourceTree = "<group>"; };
		9DD4ADCD1936D0B0009C414E /* EditingTableViewController.h */ = {isa = PBXFileReference; fileEncoding = 4; lastKnownFileType = sourcecode.c.h; path = EditingTableViewController.h; sourceTree = "<group>"; };
		9DD4ADCE1936D0B0009C414E /* EditingTableViewController.m */ = {isa = PBXFileReference; fileEncoding = 4; lastKnownFileType = sourcecode.c.objc; path = EditingTableViewController.m; sourceTree = "<group>"; };
		9DD4ADDA1936EF34009C414E /* icomoon.eot */ = {isa = PBXFileReference; lastKnownFileType = file; path = icomoon.eot; sourceTree = "<group>"; };
		9DD4ADDB1936EF34009C414E /* icomoon.svg */ = {isa = PBXFileReference; fileEncoding = 4; lastKnownFileType = text.xml; path = icomoon.svg; sourceTree = "<group>"; };
		9DD4ADDC1936EF34009C414E /* icomoon.ttf */ = {isa = PBXFileReference; lastKnownFileType = file; path = icomoon.ttf; sourceTree = "<group>"; };
		9DD4ADDD1936EF34009C414E /* icomoon.woff */ = {isa = PBXFileReference; lastKnownFileType = file; path = icomoon.woff; sourceTree = "<group>"; };
/* End PBXFileReference section */

/* Begin PBXFrameworksBuildPhase section */
		9DD4AD921936CFFC009C414E /* Frameworks */ = {
			isa = PBXFrameworksBuildPhase;
			buildActionMask = 2147483647;
			files = (
				9DD4AD9B1936CFFC009C414E /* CoreGraphics.framework in Frameworks */,
				9DD4AD9D1936CFFC009C414E /* UIKit.framework in Frameworks */,
				9DD4AD991936CFFC009C414E /* Foundation.framework in Frameworks */,
			);
			runOnlyForDeploymentPostprocessing = 0;
		};
		9DD4ADB31936CFFC009C414E /* Frameworks */ = {
			isa = PBXFrameworksBuildPhase;
			buildActionMask = 2147483647;
			files = (
				9DD4ADB81936CFFC009C414E /* XCTest.framework in Frameworks */,
				9DD4ADBA1936CFFC009C414E /* UIKit.framework in Frameworks */,
				9DD4ADB91936CFFC009C414E /* Foundation.framework in Frameworks */,
			);
			runOnlyForDeploymentPostprocessing = 0;
		};
/* End PBXFrameworksBuildPhase section */

/* Begin PBXGroup section */
		9DD4AD8C1936CFFC009C414E = {
			isa = PBXGroup;
			children = (
				9DD4AD9E1936CFFC009C414E /* EditingTableView */,
				9DD4ADBD1936CFFC009C414E /* EditingTableViewTests */,
				9DD4AD971936CFFC009C414E /* Frameworks */,
				9DD4AD961936CFFC009C414E /* Products */,
			);
			sourceTree = "<group>";
		};
		9DD4AD961936CFFC009C414E /* Products */ = {
			isa = PBXGroup;
			children = (
				9DD4AD951936CFFC009C414E /* EditingTableView.app */,
				9DD4ADB61936CFFC009C414E /* EditingTableViewTests.xctest */,
			);
			name = Products;
			sourceTree = "<group>";
		};
		9DD4AD971936CFFC009C414E /* Frameworks */ = {
			isa = PBXGroup;
			children = (
				9DD4AD981936CFFC009C414E /* Foundation.framework */,
				9DD4AD9A1936CFFC009C414E /* CoreGraphics.framework */,
				9DD4AD9C1936CFFC009C414E /* UIKit.framework */,
				9DD4ADB71936CFFC009C414E /* XCTest.framework */,
			);
			name = Frameworks;
			sourceTree = "<group>";
		};
		9DD4AD9E1936CFFC009C414E /* EditingTableView */ = {
			isa = PBXGroup;
			children = (
				9DD4ADD91936EF34009C414E /* fonts */,
				9DD4ADA71936CFFC009C414E /* AppDelegate.h */,
				9DD4ADA81936CFFC009C414E /* AppDelegate.m */,
				9DD4ADAA1936CFFC009C414E /* Main.storyboard */,
				9DD4ADCD1936D0B0009C414E /* EditingTableViewController.h */,
				9DD4ADCE1936D0B0009C414E /* EditingTableViewController.m */,
				9DD4ADB01936CFFC009C414E /* Images.xcassets */,
				9DD4AD9F1936CFFC009C414E /* Supporting Files */,
			);
			path = EditingTableView;
			sourceTree = "<group>";
		};
		9DD4AD9F1936CFFC009C414E /* Supporting Files */ = {
			isa = PBXGroup;
			children = (
				9DD4ADA01936CFFC009C414E /* EditingTableView-Info.plist */,
				9DD4ADA11936CFFC009C414E /* InfoPlist.strings */,
				9DD4ADA41936CFFC009C414E /* main.m */,
				9DD4ADA61936CFFC009C414E /* EditingTableView-Prefix.pch */,
			);
			name = "Supporting Files";
			sourceTree = "<group>";
		};
		9DD4ADBD1936CFFC009C414E /* EditingTableViewTests */ = {
			isa = PBXGroup;
			children = (
				9DD4ADC31936CFFC009C414E /* EditingTableViewTests.m */,
				9DD4ADBE1936CFFC009C414E /* Supporting Files */,
			);
			path = EditingTableViewTests;
			sourceTree = "<group>";
		};
		9DD4ADBE1936CFFC009C414E /* Supporting Files */ = {
			isa = PBXGroup;
			children = (
				9DD4ADBF1936CFFC009C414E /* EditingTableViewTests-Info.plist */,
				9DD4ADC01936CFFC009C414E /* InfoPlist.strings */,
			);
			name = "Supporting Files";
			sourceTree = "<group>";
		};
		9DD4ADD91936EF34009C414E /* fonts */ = {
			isa = PBXGroup;
			children = (
				9DD4ADDA1936EF34009C414E /* icomoon.eot */,
				9DD4ADDB1936EF34009C414E /* icomoon.svg */,
				9DD4ADDC1936EF34009C414E /* icomoon.ttf */,
				9DD4ADDD1936EF34009C414E /* icomoon.woff */,
			);
			path = fonts;
			sourceTree = "<group>";
		};
/* End PBXGroup section */

/* Begin PBXNativeTarget section */
		9DD4AD941936CFFC009C414E /* EditingTableView */ = {
			isa = PBXNativeTarget;
			buildConfigurationList = 9DD4ADC71936CFFC009C414E /* Build configuration list for PBXNativeTarget "EditingTableView" */;
			buildPhases = (
				9DD4AD911936CFFC009C414E /* Sources */,
				9DD4AD921936CFFC009C414E /* Frameworks */,
				9DD4AD931936CFFC009C414E /* Resources */,
			);
			buildRules = (
			);
			dependencies = (
			);
			name = EditingTableView;
			productName = EditingTableView;
			productReference = 9DD4AD951936CFFC009C414E /* EditingTableView.app */;
			productType = "com.apple.product-type.application";
		};
		9DD4ADB51936CFFC009C414E /* EditingTableViewTests */ = {
			isa = PBXNativeTarget;
			buildConfigurationList = 9DD4ADCA1936CFFC009C414E /* Build configuration list for PBXNativeTarget "EditingTableViewTests" */;
			buildPhases = (
				9DD4ADB21936CFFC009C414E /* Sources */,
				9DD4ADB31936CFFC009C414E /* Frameworks */,
				9DD4ADB41936CFFC009C414E /* Resources */,
			);
			buildRules = (
			);
			dependencies = (
				9DD4ADBC1936CFFC009C414E /* PBXTargetDependency */,
			);
			name = EditingTableViewTests;
			productName = EditingTableViewTests;
			productReference = 9DD4ADB61936CFFC009C414E /* EditingTableViewTests.xctest */;
			productType = "com.apple.product-type.bundle.unit-test";
		};
/* End PBXNativeTarget section */

/* Begin PBXProject section */
		9DD4AD8D1936CFFC009C414E /* Project object */ = {
			isa = PBXProject;
			attributes = {
				LastUpgradeCheck = 0510;
				ORGANIZATIONNAME = Vtm;
				TargetAttributes = {
					9DD4ADB51936CFFC009C414E = {
						TestTargetID = 9DD4AD941936CFFC009C414E;
					};
				};
			};
			buildConfigurationList = 9DD4AD901936CFFC009C414E /* Build configuration list for PBXProject "EditingTableView" */;
			compatibilityVersion = "Xcode 3.2";
			developmentRegion = English;
			hasScannedForEncodings = 0;
			knownRegions = (
				en,
				Base,
			);
			mainGroup = 9DD4AD8C1936CFFC009C414E;
			productRefGroup = 9DD4AD961936CFFC009C414E /* Products */;
			projectDirPath = "";
			projectRoot = "";
			targets = (
				9DD4AD941936CFFC009C414E /* EditingTableView */,
				9DD4ADB51936CFFC009C414E /* EditingTableViewTests */,
			);
		};
/* End PBXProject section */

/* Begin PBXResourcesBuildPhase section */
		9DD4AD931936CFFC009C414E /* Resources */ = {
			isa = PBXResourcesBuildPhase;
			buildActionMask = 2147483647;
			files = (
				9DD4ADB11936CFFC009C414E /* Images.xcassets in Resources */,
				9DD4ADDE1936EF34009C414E /* icomoon.eot in Resources */,
				9DD4ADA31936CFFC009C414E /* InfoPlist.strings in Resources */,
				9DD4ADE11936EF34009C414E /* icomoon.woff in Resources */,
				9DD4ADE01936EF34009C414E /* icomoon.ttf in Resources */,
				9DD4ADAC1936CFFC009C414E /* Main.storyboard in Resources */,
				9DD4ADDF1936EF34009C414E /* icomoon.svg in Resources */,
			);
			runOnlyForDeploymentPostprocessing = 0;
		};
		9DD4ADB41936CFFC009C414E /* Resources */ = {
			isa = PBXResourcesBuildPhase;
			buildActionMask = 2147483647;
			files = (
				9DD4ADC21936CFFC009C414E /* InfoPlist.strings in Resources */,
			);
			runOnlyForDeploymentPostprocessing = 0;
		};
/* End PBXResourcesBuildPhase section */

/* Begin PBXSourcesBuildPhase section */
		9DD4AD911936CFFC009C414E /* Sources */ = {
			isa = PBXSourcesBuildPhase;
			buildActionMask = 2147483647;
			files = (
				9DD4ADA91936CFFC009C414E /* AppDelegate.m in Sources */,
				9DD4ADCF1936D0B0009C414E /* EditingTableViewController.m in Sources */,
				9DD4ADA51936CFFC009C414E /* main.m in Sources */,
			);
			runOnlyForDeploymentPostprocessing = 0;
		};
		9DD4ADB21936CFFC009C414E /* Sources */ = {
			isa = PBXSourcesBuildPhase;
			buildActionMask = 2147483647;
			files = (
				9DD4ADC41936CFFC009C414E /* EditingTableViewTests.m in Sources */,
			);
			runOnlyForDeploymentPostprocessing = 0;
		};
/* End PBXSourcesBuildPhase section */

/* Begin PBXTargetDependency section */
		9DD4ADBC1936CFFC009C414E /* PBXTargetDependency */ = {
			isa = PBXTargetDependency;
			target = 9DD4AD941936CFFC009C414E /* EditingTableView */;
			targetProxy = 9DD4ADBB1936CFFC009C414E /* PBXContainerItemProxy */;
		};
/* End PBXTargetDependency section */

/* Begin PBXVariantGroup section */
		9DD4ADA11936CFFC009C414E /* InfoPlist.strings */ = {
			isa = PBXVariantGroup;
			children = (
				9DD4ADA21936CFFC009C414E /* en */,
			);
			name = InfoPlist.strings;
			sourceTree = "<group>";
		};
		9DD4ADAA1936CFFC009C414E /* Main.storyboard */ = {
			isa = PBXVariantGroup;
			children = (
				9DD4ADAB1936CFFC009C414E /* Base */,
			);
			name = Main.storyboard;
			sourceTree = "<group>";
		};
		9DD4ADC01936CFFC009C414E /* InfoPlist.strings */ = {
			isa = PBXVariantGroup;
			children = (
				9DD4ADC11936CFFC009C414E /* en */,
			);
			name = InfoPlist.strings;
			sourceTree = "<group>";
		};
/* End PBXVariantGroup section */

/* Begin XCBuildConfiguration section */
		9DD4ADC51936CFFC009C414E /* Debug */ = {
			isa = XCBuildConfiguration;
			buildSettings = {
				ALWAYS_SEARCH_USER_PATHS = NO;
				CLANG_CXX_LANGUAGE_STANDARD = "gnu++0x";
				CLANG_CXX_LIBRARY = "libc++";
				CLANG_ENABLE_MODULES = YES;
				CLANG_ENABLE_OBJC_ARC = YES;
				CLANG_WARN_BOOL_CONVERSION = YES;
				CLANG_WARN_CONSTANT_CONVERSION = YES;
				CLANG_WARN_DIRECT_OBJC_ISA_USAGE = YES_ERROR;
				CLANG_WARN_EMPTY_BODY = YES;
				CLANG_WARN_ENUM_CONVERSION = YES;
				CLANG_WARN_INT_CONVERSION = YES;
				CLANG_WARN_OBJC_ROOT_CLASS = YES_ERROR;
				CLANG_WARN__DUPLICATE_METHOD_MATCH = YES;
				"CODE_SIGN_IDENTITY[sdk=iphoneos*]" = "iPhone Developer";
				COPY_PHASE_STRIP = NO;
				GCC_C_LANGUAGE_STANDARD = gnu99;
				GCC_DYNAMIC_NO_PIC = NO;
				GCC_OPTIMIZATION_LEVEL = 0;
				GCC_PREPROCESSOR_DEFINITIONS = (
					"DEBUG=1",
					"$(inherited)",
				);
				GCC_SYMBOLS_PRIVATE_EXTERN = NO;
				GCC_WARN_64_TO_32_BIT_CONVERSION = YES;
				GCC_WARN_ABOUT_RETURN_TYPE = YES_ERROR;
				GCC_WARN_UNDECLARED_SELECTOR = YES;
				GCC_WARN_UNINITIALIZED_AUTOS = YES_AGGRESSIVE;
				GCC_WARN_UNUSED_FUNCTION = YES;
				GCC_WARN_UNUSED_VARIABLE = YES;
				IPHONEOS_DEPLOYMENT_TARGET = 7.1;
				ONLY_ACTIVE_ARCH = YES;
				SDKROOT = iphoneos;
			};
			name = Debug;
		};
		9DD4ADC61936CFFC009C414E /* Release */ = {
			isa = XCBuildConfiguration;
			buildSettings = {
				ALWAYS_SEARCH_USER_PATHS = NO;
				CLANG_CXX_LANGUAGE_STANDARD = "gnu++0x";
				CLANG_CXX_LIBRARY = "libc++";
				CLANG_ENABLE_MODULES = YES;
				CLANG_ENABLE_OBJC_ARC = YES;
				CLANG_WARN_BOOL_CONVERSION = YES;
				CLANG_WARN_CONSTANT_CONVERSION = YES;
				CLANG_WARN_DIRECT_OBJC_ISA_USAGE = YES_ERROR;
				CLANG_WARN_EMPTY_BODY = YES;
				CLANG_WARN_ENUM_CONVERSION = YES;
				CLANG_WARN_INT_CONVERSION = YES;
				CLANG_WARN_OBJC_ROOT_CLASS = YES_ERROR;
				CLANG_WARN__DUPLICATE_METHOD_MATCH = YES;
				"CODE_SIGN_IDENTITY[sdk=iphoneos*]" = "iPhone Developer";
				COPY_PHASE_STRIP = YES;
				ENABLE_NS_ASSERTIONS = NO;
				GCC_C_LANGUAGE_STANDARD = gnu99;
				GCC_WARN_64_TO_32_BIT_CONVERSION = YES;
				GCC_WARN_ABOUT_RETURN_TYPE = YES_ERROR;
				GCC_WARN_UNDECLARED_SELECTOR = YES;
				GCC_WARN_UNINITIALIZED_AUTOS = YES_AGGRESSIVE;
				GCC_WARN_UNUSED_FUNCTION = YES;
				GCC_WARN_UNUSED_VARIABLE = YES;
				IPHONEOS_DEPLOYMENT_TARGET = 7.1;
				SDKROOT = iphoneos;
				VALIDATE_PRODUCT = YES;
			};
			name = Release;
		};
		9DD4ADC81936CFFC009C414E /* Debug */ = {
			isa = XCBuildConfiguration;
			buildSettings = {
				ASSETCATALOG_COMPILER_APPICON_NAME = AppIcon;
				ASSETCATALOG_COMPILER_LAUNCHIMAGE_NAME = LaunchImage;
				GCC_PRECOMPILE_PREFIX_HEADER = YES;
				GCC_PREFIX_HEADER = "EditingTableView/EditingTableView-Prefix.pch";
				INFOPLIST_FILE = "EditingTableView/EditingTableView-Info.plist";
				PRODUCT_NAME = "$(TARGET_NAME)";
				PROVISIONING_PROFILE = "2C2BADD6-A1F1-4923-B64B-DDC37EE7D75D";
				WRAPPER_EXTENSION = app;
			};
			name = Debug;
		};
		9DD4ADC91936CFFC009C414E /* Release */ = {
			isa = XCBuildConfiguration;
			buildSettings = {
				ASSETCATALOG_COMPILER_APPICON_NAME = AppIcon;
				ASSETCATALOG_COMPILER_LAUNCHIMAGE_NAME = LaunchImage;
				GCC_PRECOMPILE_PREFIX_HEADER = YES;
				GCC_PREFIX_HEADER = "EditingTableView/EditingTableView-Prefix.pch";
				INFOPLIST_FILE = "EditingTableView/EditingTableView-Info.plist";
				PRODUCT_NAME = "$(TARGET_NAME)";
				PROVISIONING_PROFILE = "2C2BADD6-A1F1-4923-B64B-DDC37EE7D75D";
				WRAPPER_EXTENSION = app;
			};
			name = Release;
		};
		9DD4ADCB1936CFFC009C414E /* Debug */ = {
			isa = XCBuildConfiguration;
			buildSettings = {
				BUNDLE_LOADER = "$(BUILT_PRODUCTS_DIR)/EditingTableView.app/EditingTableView";
				FRAMEWORK_SEARCH_PATHS = (
					"$(SDKROOT)/Developer/Library/Frameworks",
					"$(inherited)",
					"$(DEVELOPER_FRAMEWORKS_DIR)",
				);
				GCC_PRECOMPILE_PREFIX_HEADER = YES;
				GCC_PREFIX_HEADER = "EditingTableView/EditingTableView-Prefix.pch";
				GCC_PREPROCESSOR_DEFINITIONS = (
					"DEBUG=1",
					"$(inherited)",
				);
				INFOPLIST_FILE = "EditingTableViewTests/EditingTableViewTests-Info.plist";
				PRODUCT_NAME = "$(TARGET_NAME)";
				TEST_HOST = "$(BUNDLE_LOADER)";
				WRAPPER_EXTENSION = xctest;
			};
			name = Debug;
		};
		9DD4ADCC1936CFFC009C414E /* Release */ = {
			isa = XCBuildConfiguration;
			buildSettings = {
				BUNDLE_LOADER = "$(BUILT_PRODUCTS_DIR)/EditingTableView.app/EditingTableView";
				FRAMEWORK_SEARCH_PATHS = (
					"$(SDKROOT)/Developer/Library/Frameworks",
					"$(inherited)",
					"$(DEVELOPER_FRAMEWORKS_DIR)",
				);
				GCC_PRECOMPILE_PREFIX_HEADER = YES;
				GCC_PREFIX_HEADER = "EditingTableView/EditingTableView-Prefix.pch";
				INFOPLIST_FILE = "EditingTableViewTests/EditingTableViewTests-Info.plist";
				PRODUCT_NAME = "$(TARGET_NAME)";
				TEST_HOST = "$(BUNDLE_LOADER)";
				WRAPPER_EXTENSION = xctest;
			};
			name = Release;
		};
/* End XCBuildConfiguration section */

/* Begin XCConfigurationList section */
		9DD4AD901936CFFC009C414E /* Build configuration list for PBXProject "EditingTableView" */ = {
			isa = XCConfigurationList;
			buildConfigurations = (
				9DD4ADC51936CFFC009C414E /* Debug */,
				9DD4ADC61936CFFC009C414E /* Release */,
			);
			defaultConfigurationIsVisible = 0;
			defaultConfigurationName = Release;
		};
		9DD4ADC71936CFFC009C414E /* Build configuration list for PBXNativeTarget "EditingTableView" */ = {
			isa = XCConfigurationList;
			buildConfigurations = (
				9DD4ADC81936CFFC009C414E /* Debug */,
				9DD4ADC91936CFFC009C414E /* Release */,
			);
			defaultConfigurationIsVisible = 0;
		};
		9DD4ADCA1936CFFC009C414E /* Build configuration list for PBXNativeTarget "EditingTableViewTests" */ = {
			isa = XCConfigurationList;
			buildConfigurations = (
				9DD4ADCB1936CFFC009C414E /* Debug */,
				9DD4ADCC1936CFFC009C414E /* Release */,
			);
			defaultConfigurationIsVisible = 0;
		};
/* End XCConfigurationList section */
	};
	rootObject = 9DD4AD8D1936CFFC009C414E /* Project object */;
}
