// !$*UTF8*$!
{
	archiveVersion = 1;
	classes = {
	};
	objectVersion = 46;
	objects = {

/* Begin PBXBuildFile section */
		9DE8A5311987936C00BFE252 /* main.m in Sources */ = {isa = PBXBuildFile; fileRef = 9DE8A5301987936C00BFE252 /* main.m */; };
		9DE8A5341987936C00BFE252 /* AppDelegate.m in Sources */ = {isa = PBXBuildFile; fileRef = 9DE8A5331987936C00BFE252 /* AppDelegate.m */; };
		9DE8A5371987936C00BFE252 /* ViewController.m in Sources */ = {isa = PBXBuildFile; fileRef = 9DE8A5361987936C00BFE252 /* ViewController.m */; };
		9DE8A53A1987936C00BFE252 /* Main.storyboard in Resources */ = {isa = PBXBuildFile; fileRef = 9DE8A5381987936C00BFE252 /* Main.storyboard */; };
		9DE8A53C1987936C00BFE252 /* Images.xcassets in Resources */ = {isa = PBXBuildFile; fileRef = 9DE8A53B1987936C00BFE252 /* Images.xcassets */; };
		9DE8A5481987936C00BFE252 /* ObjcCustomTransitionTests.m in Sources */ = {isa = PBXBuildFile; fileRef = 9DE8A5471987936C00BFE252 /* ObjcCustomTransitionTests.m */; };
		9DE8A5531987938600BFE252 /* ToViewController.m in Sources */ = {isa = PBXBuildFile; fileRef = 9DE8A5521987938600BFE252 /* ToViewController.m */; };
		9DE8A5561987CBD500BFE252 /* TransitionAnimatior.m in Sources */ = {isa = PBXBuildFile; fileRef = 9DE8A5551987CBD400BFE252 /* TransitionAnimatior.m */; };
/* End PBXBuildFile section */

/* Begin PBXContainerItemProxy section */
		9DE8A5421987936C00BFE252 /* PBXContainerItemProxy */ = {
			isa = PBXContainerItemProxy;
			containerPortal = 9DE8A5231987936C00BFE252 /* Project object */;
			proxyType = 1;
			remoteGlobalIDString = 9DE8A52A1987936C00BFE252;
			remoteInfo = ObjcCustomTransition;
		};
/* End PBXContainerItemProxy section */

/* Begin PBXFileReference section */
		9DE8A52B1987936C00BFE252 /* ObjcCustomTransition.app */ = {isa = PBXFileReference; explicitFileType = wrapper.application; includeInIndex = 0; path = ObjcCustomTransition.app; sourceTree = BUILT_PRODUCTS_DIR; };
		9DE8A52F1987936C00BFE252 /* Info.plist */ = {isa = PBXFileReference; lastKnownFileType = text.plist.xml; path = Info.plist; sourceTree = "<group>"; };
		9DE8A5301987936C00BFE252 /* main.m */ = {isa = PBXFileReference; lastKnownFileType = sourcecode.c.objc; path = main.m; sourceTree = "<group>"; };
		9DE8A5321987936C00BFE252 /* AppDelegate.h */ = {isa = PBXFileReference; lastKnownFileType = sourcecode.c.h; path = AppDelegate.h; sourceTree = "<group>"; };
		9DE8A5331987936C00BFE252 /* AppDelegate.m */ = {isa = PBXFileReference; lastKnownFileType = sourcecode.c.objc; path = AppDelegate.m; sourceTree = "<group>"; };
		9DE8A5351987936C00BFE252 /* ViewController.h */ = {isa = PBXFileReference; lastKnownFileType = sourcecode.c.h; path = ViewController.h; sourceTree = "<group>"; };
		9DE8A5361987936C00BFE252 /* ViewController.m */ = {isa = PBXFileReference; lastKnownFileType = sourcecode.c.objc; path = ViewController.m; sourceTree = "<group>"; };
		9DE8A5391987936C00BFE252 /* Base */ = {isa = PBXFileReference; lastKnownFileType = file.storyboard; name = Base; path = Base.lproj/Main.storyboard; sourceTree = "<group>"; };
		9DE8A53B1987936C00BFE252 /* Images.xcassets */ = {isa = PBXFileReference; lastKnownFileType = folder.assetcatalog; path = Images.xcassets; sourceTree = "<group>"; };
		9DE8A5411987936C00BFE252 /* ObjcCustomTransitionTests.xctest */ = {isa = PBXFileReference; explicitFileType = wrapper.cfbundle; includeInIndex = 0; path = ObjcCustomTransitionTests.xctest; sourceTree = BUILT_PRODUCTS_DIR; };
		9DE8A5461987936C00BFE252 /* Info.plist */ = {isa = PBXFileReference; lastKnownFileType = text.plist.xml; path = Info.plist; sourceTree = "<group>"; };
		9DE8A5471987936C00BFE252 /* ObjcCustomTransitionTests.m */ = {isa = PBXFileReference; lastKnownFileType = sourcecode.c.objc; path = ObjcCustomTransitionTests.m; sourceTree = "<group>"; };
		9DE8A5511987938600BFE252 /* ToViewController.h */ = {isa = PBXFileReference; fileEncoding = 4; lastKnownFileType = sourcecode.c.h; path = ToViewController.h; sourceTree = "<group>"; };
		9DE8A5521987938600BFE252 /* ToViewController.m */ = {isa = PBXFileReference; fileEncoding = 4; lastKnownFileType = sourcecode.c.objc; path = ToViewController.m; sourceTree = "<group>"; };
		9DE8A5541987CBD400BFE252 /* TransitionAnimatior.h */ = {isa = PBXFileReference; fileEncoding = 4; lastKnownFileType = sourcecode.c.h; path = TransitionAnimatior.h; sourceTree = "<group>"; };
		9DE8A5551987CBD400BFE252 /* TransitionAnimatior.m */ = {isa = PBXFileReference; fileEncoding = 4; lastKnownFileType = sourcecode.c.objc; path = TransitionAnimatior.m; sourceTree = "<group>"; };
/* End PBXFileReference section */

/* Begin PBXFrameworksBuildPhase section */
		9DE8A5281987936C00BFE252 /* Frameworks */ = {
			isa = PBXFrameworksBuildPhase;
			buildActionMask = 2147483647;
			files = (
			);
			runOnlyForDeploymentPostprocessing = 0;
		};
		9DE8A53E1987936C00BFE252 /* Frameworks */ = {
			isa = PBXFrameworksBuildPhase;
			buildActionMask = 2147483647;
			files = (
			);
			runOnlyForDeploymentPostprocessing = 0;
		};
/* End PBXFrameworksBuildPhase section */

/* Begin PBXGroup section */
		9DE8A5221987936C00BFE252 = {
			isa = PBXGroup;
			children = (
				9DE8A52D1987936C00BFE252 /* ObjcCustomTransition */,
				9DE8A5441987936C00BFE252 /* ObjcCustomTransitionTests */,
				9DE8A52C1987936C00BFE252 /* Products */,
			);
			sourceTree = "<group>";
		};
		9DE8A52C1987936C00BFE252 /* Products */ = {
			isa = PBXGroup;
			children = (
				9DE8A52B1987936C00BFE252 /* ObjcCustomTransition.app */,
				9DE8A5411987936C00BFE252 /* ObjcCustomTransitionTests.xctest */,
			);
			name = Products;
			sourceTree = "<group>";
		};
		9DE8A52D1987936C00BFE252 /* ObjcCustomTransition */ = {
			isa = PBXGroup;
			children = (
				9DE8A5321987936C00BFE252 /* AppDelegate.h */,
				9DE8A5331987936C00BFE252 /* AppDelegate.m */,
				9DE8A5351987936C00BFE252 /* ViewController.h */,
				9DE8A5361987936C00BFE252 /* ViewController.m */,
				9DE8A5511987938600BFE252 /* ToViewController.h */,
				9DE8A5521987938600BFE252 /* ToViewController.m */,
				9DE8A5541987CBD400BFE252 /* TransitionAnimatior.h */,
				9DE8A5551987CBD400BFE252 /* TransitionAnimatior.m */,
				9DE8A5381987936C00BFE252 /* Main.storyboard */,
				9DE8A53B1987936C00BFE252 /* Images.xcassets */,
				9DE8A52E1987936C00BFE252 /* Supporting Files */,
			);
			path = ObjcCustomTransition;
			sourceTree = "<group>";
		};
		9DE8A52E1987936C00BFE252 /* Supporting Files */ = {
			isa = PBXGroup;
			children = (
				9DE8A52F1987936C00BFE252 /* Info.plist */,
				9DE8A5301987936C00BFE252 /* main.m */,
			);
			name = "Supporting Files";
			sourceTree = "<group>";
		};
		9DE8A5441987936C00BFE252 /* ObjcCustomTransitionTests */ = {
			isa = PBXGroup;
			children = (
				9DE8A5471987936C00BFE252 /* ObjcCustomTransitionTests.m */,
				9DE8A5451987936C00BFE252 /* Supporting Files */,
			);
			path = ObjcCustomTransitionTests;
			sourceTree = "<group>";
		};
		9DE8A5451987936C00BFE252 /* Supporting Files */ = {
			isa = PBXGroup;
			children = (
				9DE8A5461987936C00BFE252 /* Info.plist */,
			);
			name = "Supporting Files";
			sourceTree = "<group>";
		};
/* End PBXGroup section */

/* Begin PBXNativeTarget section */
		9DE8A52A1987936C00BFE252 /* ObjcCustomTransition */ = {
			isa = PBXNativeTarget;
			buildConfigurationList = 9DE8A54B1987936C00BFE252 /* Build configuration list for PBXNativeTarget "ObjcCustomTransition" */;
			buildPhases = (
				9DE8A5271987936C00BFE252 /* Sources */,
				9DE8A5281987936C00BFE252 /* Frameworks */,
				9DE8A5291987936C00BFE252 /* Resources */,
			);
			buildRules = (
			);
			dependencies = (
			);
			name = ObjcCustomTransition;
			productName = ObjcCustomTransition;
			productReference = 9DE8A52B1987936C00BFE252 /* ObjcCustomTransition.app */;
			productType = "com.apple.product-type.application";
		};
		9DE8A5401987936C00BFE252 /* ObjcCustomTransitionTests */ = {
			isa = PBXNativeTarget;
			buildConfigurationList = 9DE8A54E1987936C00BFE252 /* Build configuration list for PBXNativeTarget "ObjcCustomTransitionTests" */;
			buildPhases = (
				9DE8A53D1987936C00BFE252 /* Sources */,
				9DE8A53E1987936C00BFE252 /* Frameworks */,
				9DE8A53F1987936C00BFE252 /* Resources */,
			);
			buildRules = (
			);
			dependencies = (
				9DE8A5431987936C00BFE252 /* PBXTargetDependency */,
			);
			name = ObjcCustomTransitionTests;
			productName = ObjcCustomTransitionTests;
			productReference = 9DE8A5411987936C00BFE252 /* ObjcCustomTransitionTests.xctest */;
			productType = "com.apple.product-type.bundle.unit-test";
		};
/* End PBXNativeTarget section */

/* Begin PBXProject section */
		9DE8A5231987936C00BFE252 /* Project object */ = {
			isa = PBXProject;
			attributes = {
				LastUpgradeCheck = 0600;
				ORGANIZATIONNAME = Vtm;
				TargetAttributes = {
					9DE8A52A1987936C00BFE252 = {
						CreatedOnToolsVersion = 6.0;
					};
					9DE8A5401987936C00BFE252 = {
						CreatedOnToolsVersion = 6.0;
						TestTargetID = 9DE8A52A1987936C00BFE252;
					};
				};
			};
			buildConfigurationList = 9DE8A5261987936C00BFE252 /* Build configuration list for PBXProject "ObjcCustomTransition" */;
			compatibilityVersion = "Xcode 3.2";
			developmentRegion = English;
			hasScannedForEncodings = 0;
			knownRegions = (
				en,
				Base,
			);
			mainGroup = 9DE8A5221987936C00BFE252;
			productRefGroup = 9DE8A52C1987936C00BFE252 /* Products */;
			projectDirPath = "";
			projectRoot = "";
			targets = (
				9DE8A52A1987936C00BFE252 /* ObjcCustomTransition */,
				9DE8A5401987936C00BFE252 /* ObjcCustomTransitionTests */,
			);
		};
/* End PBXProject section */

/* Begin PBXResourcesBuildPhase section */
		9DE8A5291987936C00BFE252 /* Resources */ = {
			isa = PBXResourcesBuildPhase;
			buildActionMask = 2147483647;
			files = (
				9DE8A53A1987936C00BFE252 /* Main.storyboard in Resources */,
				9DE8A53C1987936C00BFE252 /* Images.xcassets in Resources */,
			);
			runOnlyForDeploymentPostprocessing = 0;
		};
		9DE8A53F1987936C00BFE252 /* Resources */ = {
			isa = PBXResourcesBuildPhase;
			buildActionMask = 2147483647;
			files = (
			);
			runOnlyForDeploymentPostprocessing = 0;
		};
/* End PBXResourcesBuildPhase section */

/* Begin PBXSourcesBuildPhase section */
		9DE8A5271987936C00BFE252 /* Sources */ = {
			isa = PBXSourcesBuildPhase;
			buildActionMask = 2147483647;
			files = (
				9DE8A5371987936C00BFE252 /* ViewController.m in Sources */,
				9DE8A5341987936C00BFE252 /* AppDelegate.m in Sources */,
				9DE8A5311987936C00BFE252 /* main.m in Sources */,
				9DE8A5561987CBD500BFE252 /* TransitionAnimatior.m in Sources */,
				9DE8A5531987938600BFE252 /* ToViewController.m in Sources */,
			);
			runOnlyForDeploymentPostprocessing = 0;
		};
		9DE8A53D1987936C00BFE252 /* Sources */ = {
			isa = PBXSourcesBuildPhase;
			buildActionMask = 2147483647;
			files = (
				9DE8A5481987936C00BFE252 /* ObjcCustomTransitionTests.m in Sources */,
			);
			runOnlyForDeploymentPostprocessing = 0;
		};
/* End PBXSourcesBuildPhase section */

/* Begin PBXTargetDependency section */
		9DE8A5431987936C00BFE252 /* PBXTargetDependency */ = {
			isa = PBXTargetDependency;
			target = 9DE8A52A1987936C00BFE252 /* ObjcCustomTransition */;
			targetProxy = 9DE8A5421987936C00BFE252 /* PBXContainerItemProxy */;
		};
/* End PBXTargetDependency section */

/* Begin PBXVariantGroup section */
		9DE8A5381987936C00BFE252 /* Main.storyboard */ = {
			isa = PBXVariantGroup;
			children = (
				9DE8A5391987936C00BFE252 /* Base */,
			);
			name = Main.storyboard;
			sourceTree = "<group>";
		};
/* End PBXVariantGroup section */

/* Begin XCBuildConfiguration section */
		9DE8A5491987936C00BFE252 /* Debug */ = {
			isa = XCBuildConfiguration;
			buildSettings = {
				ALWAYS_SEARCH_USER_PATHS = NO;
				CLANG_CXX_LANGUAGE_STANDARD = "gnu++0x";
				CLANG_CXX_LIBRARY = "libc++";
				CLANG_ENABLE_MODULES = YES;
				CLANG_ENABLE_OBJC_ARC = YES;
				CLANG_WARN_BOOL_CONVERSION = YES;
				CLANG_WARN_CONSTANT_CONVERSION = YES;
				CLANG_WARN_DIRECT_OBJC_ISA_USAGE = YES_ERROR;
				CLANG_WARN_EMPTY_BODY = YES;
				CLANG_WARN_ENUM_CONVERSION = YES;
				CLANG_WARN_INT_CONVERSION = YES;
				CLANG_WARN_OBJC_ROOT_CLASS = YES_ERROR;
				CLANG_WARN_UNREACHABLE_CODE = YES;
				CLANG_WARN__DUPLICATE_METHOD_MATCH = YES;
				"CODE_SIGN_IDENTITY[sdk=iphoneos*]" = "iPhone Developer";
				COPY_PHASE_STRIP = NO;
				ENABLE_STRICT_OBJC_MSGSEND = YES;
				GCC_C_LANGUAGE_STANDARD = gnu99;
				GCC_DYNAMIC_NO_PIC = NO;
				GCC_OPTIMIZATION_LEVEL = 0;
				GCC_PREPROCESSOR_DEFINITIONS = (
					"DEBUG=1",
					"$(inherited)",
				);
				GCC_SYMBOLS_PRIVATE_EXTERN = NO;
				GCC_WARN_64_TO_32_BIT_CONVERSION = YES;
				GCC_WARN_ABOUT_RETURN_TYPE = YES_ERROR;
				GCC_WARN_UNDECLARED_SELECTOR = YES;
				GCC_WARN_UNINITIALIZED_AUTOS = YES_AGGRESSIVE;
				GCC_WARN_UNUSED_FUNCTION = YES;
				GCC_WARN_UNUSED_VARIABLE = YES;
				IPHONEOS_DEPLOYMENT_TARGET = 8.0;
				MTL_ENABLE_DEBUG_INFO = YES;
				ONLY_ACTIVE_ARCH = YES;
				SDKROOT = iphoneos;
			};
			name = Debug;
		};
		9DE8A54A1987936C00BFE252 /* Release */ = {
			isa = XCBuildConfiguration;
			buildSettings = {
				ALWAYS_SEARCH_USER_PATHS = NO;
				CLANG_CXX_LANGUAGE_STANDARD = "gnu++0x";
				CLANG_CXX_LIBRARY = "libc++";
				CLANG_ENABLE_MODULES = YES;
				CLANG_ENABLE_OBJC_ARC = YES;
				CLANG_WARN_BOOL_CONVERSION = YES;
				CLANG_WARN_CONSTANT_CONVERSION = YES;
				CLANG_WARN_DIRECT_OBJC_ISA_USAGE = YES_ERROR;
				CLANG_WARN_EMPTY_BODY = YES;
				CLANG_WARN_ENUM_CONVERSION = YES;
				CLANG_WARN_INT_CONVERSION = YES;
				CLANG_WARN_OBJC_ROOT_CLASS = YES_ERROR;
				CLANG_WARN_UNREACHABLE_CODE = YES;
				CLANG_WARN__DUPLICATE_METHOD_MATCH = YES;
				"CODE_SIGN_IDENTITY[sdk=iphoneos*]" = "iPhone Developer";
				COPY_PHASE_STRIP = YES;
				ENABLE_NS_ASSERTIONS = NO;
				ENABLE_STRICT_OBJC_MSGSEND = YES;
				GCC_C_LANGUAGE_STANDARD = gnu99;
				GCC_WARN_64_TO_32_BIT_CONVERSION = YES;
				GCC_WARN_ABOUT_RETURN_TYPE = YES_ERROR;
				GCC_WARN_UNDECLARED_SELECTOR = YES;
				GCC_WARN_UNINITIALIZED_AUTOS = YES_AGGRESSIVE;
				GCC_WARN_UNUSED_FUNCTION = YES;
				GCC_WARN_UNUSED_VARIABLE = YES;
				IPHONEOS_DEPLOYMENT_TARGET = 8.0;
				MTL_ENABLE_DEBUG_INFO = NO;
				SDKROOT = iphoneos;
				VALIDATE_PRODUCT = YES;
			};
			name = Release;
		};
		9DE8A54C1987936C00BFE252 /* Debug */ = {
			isa = XCBuildConfiguration;
			buildSettings = {
				ASSETCATALOG_COMPILER_APPICON_NAME = AppIcon;
				ASSETCATALOG_COMPILER_LAUNCHIMAGE_NAME = LaunchImage;
				INFOPLIST_FILE = ObjcCustomTransition/Info.plist;
				LD_RUNPATH_SEARCH_PATHS = "$(inherited) @executable_path/Frameworks";
				PRODUCT_NAME = "$(TARGET_NAME)";
			};
			name = Debug;
		};
		9DE8A54D1987936C00BFE252 /* Release */ = {
			isa = XCBuildConfiguration;
			buildSettings = {
				ASSETCATALOG_COMPILER_APPICON_NAME = AppIcon;
				ASSETCATALOG_COMPILER_LAUNCHIMAGE_NAME = LaunchImage;
				INFOPLIST_FILE = ObjcCustomTransition/Info.plist;
				LD_RUNPATH_SEARCH_PATHS = "$(inherited) @executable_path/Frameworks";
				PRODUCT_NAME = "$(TARGET_NAME)";
			};
			name = Release;
		};
		9DE8A54F1987936C00BFE252 /* Debug */ = {
			isa = XCBuildConfiguration;
			buildSettings = {
				BUNDLE_LOADER = "$(BUILT_PRODUCTS_DIR)/ObjcCustomTransition.app/ObjcCustomTransition";
				FRAMEWORK_SEARCH_PATHS = (
					"$(SDKROOT)/Developer/Library/Frameworks",
					"$(inherited)",
				);
				GCC_PREPROCESSOR_DEFINITIONS = (
					"DEBUG=1",
					"$(inherited)",
				);
				INFOPLIST_FILE = ObjcCustomTransitionTests/Info.plist;
				LD_RUNPATH_SEARCH_PATHS = "$(inherited) @executable_path/Frameworks @loader_path/Frameworks";
				PRODUCT_NAME = "$(TARGET_NAME)";
				TEST_HOST = "$(BUNDLE_LOADER)";
			};
			name = Debug;
		};
		9DE8A5501987936C00BFE252 /* Release */ = {
			isa = XCBuildConfiguration;
			buildSettings = {
				BUNDLE_LOADER = "$(BUILT_PRODUCTS_DIR)/ObjcCustomTransition.app/ObjcCustomTransition";
				FRAMEWORK_SEARCH_PATHS = (
					"$(SDKROOT)/Developer/Library/Frameworks",
					"$(inherited)",
				);
				INFOPLIST_FILE = ObjcCustomTransitionTests/Info.plist;
				LD_RUNPATH_SEARCH_PATHS = "$(inherited) @executable_path/Frameworks @loader_path/Frameworks";
				PRODUCT_NAME = "$(TARGET_NAME)";
				TEST_HOST = "$(BUNDLE_LOADER)";
			};
			name = Release;
		};
/* End XCBuildConfiguration section */

/* Begin XCConfigurationList section */
		9DE8A5261987936C00BFE252 /* Build configuration list for PBXProject "ObjcCustomTransition" */ = {
			isa = XCConfigurationList;
			buildConfigurations = (
				9DE8A5491987936C00BFE252 /* Debug */,
				9DE8A54A1987936C00BFE252 /* Release */,
			);
			defaultConfigurationIsVisible = 0;
			defaultConfigurationName = Release;
		};
		9DE8A54B1987936C00BFE252 /* Build configuration list for PBXNativeTarget "ObjcCustomTransition" */ = {
			isa = XCConfigurationList;
			buildConfigurations = (
				9DE8A54C1987936C00BFE252 /* Debug */,
				9DE8A54D1987936C00BFE252 /* Release */,
			);
			defaultConfigurationIsVisible = 0;
		};
		9DE8A54E1987936C00BFE252 /* Build configuration list for PBXNativeTarget "ObjcCustomTransitionTests" */ = {
			isa = XCConfigurationList;
			buildConfigurations = (
				9DE8A54F1987936C00BFE252 /* Debug */,
				9DE8A5501987936C00BFE252 /* Release */,
			);
			defaultConfigurationIsVisible = 0;
		};
/* End XCConfigurationList section */
	};
	rootObject = 9DE8A5231987936C00BFE252 /* Project object */;
}
