// !$*UTF8*$!
{
	archiveVersion = 1;
	classes = {
	};
	objectVersion = 46;
	objects = {

/* Begin PBXBuildFile section */
		9DE77D091974F4FA004D5004 /* Foundation.framework in Frameworks */ = {isa = PBXBuildFile; fileRef = 9DE77D081974F4FA004D5004 /* Foundation.framework */; };
		9DE77D0B1974F4FA004D5004 /* CoreGraphics.framework in Frameworks */ = {isa = PBXBuildFile; fileRef = 9DE77D0A1974F4FA004D5004 /* CoreGraphics.framework */; };
		9DE77D0D1974F4FA004D5004 /* UIKit.framework in Frameworks */ = {isa = PBXBuildFile; fileRef = 9DE77D0C1974F4FA004D5004 /* UIKit.framework */; };
		9DE77D131974F4FA004D5004 /* InfoPlist.strings in Resources */ = {isa = PBXBuildFile; fileRef = 9DE77D111974F4FA004D5004 /* InfoPlist.strings */; };
		9DE77D151974F4FA004D5004 /* main.m in Sources */ = {isa = PBXBuildFile; fileRef = 9DE77D141974F4FA004D5004 /* main.m */; };
		9DE77D191974F4FA004D5004 /* AppDelegate.m in Sources */ = {isa = PBXBuildFile; fileRef = 9DE77D181974F4FA004D5004 /* AppDelegate.m */; };
		9DE77D1C1974F4FA004D5004 /* Main.storyboard in Resources */ = {isa = PBXBuildFile; fileRef = 9DE77D1A1974F4FA004D5004 /* Main.storyboard */; };
		9DE77D211974F4FA004D5004 /* Images.xcassets in Resources */ = {isa = PBXBuildFile; fileRef = 9DE77D201974F4FA004D5004 /* Images.xcassets */; };
		9DE77D281974F4FA004D5004 /* XCTest.framework in Frameworks */ = {isa = PBXBuildFile; fileRef = 9DE77D271974F4FA004D5004 /* XCTest.framework */; };
		9DE77D291974F4FA004D5004 /* Foundation.framework in Frameworks */ = {isa = PBXBuildFile; fileRef = 9DE77D081974F4FA004D5004 /* Foundation.framework */; };
		9DE77D2A1974F4FA004D5004 /* UIKit.framework in Frameworks */ = {isa = PBXBuildFile; fileRef = 9DE77D0C1974F4FA004D5004 /* UIKit.framework */; };
		9DE77D321974F4FA004D5004 /* InfoPlist.strings in Resources */ = {isa = PBXBuildFile; fileRef = 9DE77D301974F4FA004D5004 /* InfoPlist.strings */; };
		9DE77D341974F4FA004D5004 /* QRCodeTesterTests.m in Sources */ = {isa = PBXBuildFile; fileRef = 9DE77D331974F4FA004D5004 /* QRCodeTesterTests.m */; };
		9DE77D3F1974F518004D5004 /* AMScanViewController.m in Sources */ = {isa = PBXBuildFile; fileRef = 9DE77D3E1974F518004D5004 /* AMScanViewController.m */; };
/* End PBXBuildFile section */

/* Begin PBXContainerItemProxy section */
		9DE77D2B1974F4FA004D5004 /* PBXContainerItemProxy */ = {
			isa = PBXContainerItemProxy;
			containerPortal = 9DE77CFD1974F4FA004D5004 /* Project object */;
			proxyType = 1;
			remoteGlobalIDString = 9DE77D041974F4FA004D5004;
			remoteInfo = QRCodeTester;
		};
/* End PBXContainerItemProxy section */

/* Begin PBXFileReference section */
		9DE77D051974F4FA004D5004 /* QRCodeTester.app */ = {isa = PBXFileReference; explicitFileType = wrapper.application; includeInIndex = 0; path = QRCodeTester.app; sourceTree = BUILT_PRODUCTS_DIR; };
		9DE77D081974F4FA004D5004 /* Foundation.framework */ = {isa = PBXFileReference; lastKnownFileType = wrapper.framework; name = Foundation.framework; path = System/Library/Frameworks/Foundation.framework; sourceTree = SDKROOT; };
		9DE77D0A1974F4FA004D5004 /* CoreGraphics.framework */ = {isa = PBXFileReference; lastKnownFileType = wrapper.framework; name = CoreGraphics.framework; path = System/Library/Frameworks/CoreGraphics.framework; sourceTree = SDKROOT; };
		9DE77D0C1974F4FA004D5004 /* UIKit.framework */ = {isa = PBXFileReference; lastKnownFileType = wrapper.framework; name = UIKit.framework; path = System/Library/Frameworks/UIKit.framework; sourceTree = SDKROOT; };
		9DE77D101974F4FA004D5004 /* QRCodeTester-Info.plist */ = {isa = PBXFileReference; lastKnownFileType = text.plist.xml; path = "QRCodeTester-Info.plist"; sourceTree = "<group>"; };
		9DE77D121974F4FA004D5004 /* en */ = {isa = PBXFileReference; lastKnownFileType = text.plist.strings; name = en; path = en.lproj/InfoPlist.strings; sourceTree = "<group>"; };
		9DE77D141974F4FA004D5004 /* main.m */ = {isa = PBXFileReference; lastKnownFileType = sourcecode.c.objc; path = main.m; sourceTree = "<group>"; };
		9DE77D161974F4FA004D5004 /* QRCodeTester-Prefix.pch */ = {isa = PBXFileReference; lastKnownFileType = sourcecode.c.h; path = "QRCodeTester-Prefix.pch"; sourceTree = "<group>"; };
		9DE77D171974F4FA004D5004 /* AppDelegate.h */ = {isa = PBXFileReference; lastKnownFileType = sourcecode.c.h; path = AppDelegate.h; sourceTree = "<group>"; };
		9DE77D181974F4FA004D5004 /* AppDelegate.m */ = {isa = PBXFileReference; lastKnownFileType = sourcecode.c.objc; path = AppDelegate.m; sourceTree = "<group>"; };
		9DE77D1B1974F4FA004D5004 /* Base */ = {isa = PBXFileReference; lastKnownFileType = file.storyboard; name = Base; path = Base.lproj/Main.storyboard; sourceTree = "<group>"; };
		9DE77D201974F4FA004D5004 /* Images.xcassets */ = {isa = PBXFileReference; lastKnownFileType = folder.assetcatalog; path = Images.xcassets; sourceTree = "<group>"; };
		9DE77D261974F4FA004D5004 /* QRCodeTesterTests.xctest */ = {isa = PBXFileReference; explicitFileType = wrapper.cfbundle; includeInIndex = 0; path = QRCodeTesterTests.xctest; sourceTree = BUILT_PRODUCTS_DIR; };
		9DE77D271974F4FA004D5004 /* XCTest.framework */ = {isa = PBXFileReference; lastKnownFileType = wrapper.framework; name = XCTest.framework; path = Library/Frameworks/XCTest.framework; sourceTree = DEVELOPER_DIR; };
		9DE77D2F1974F4FA004D5004 /* QRCodeTesterTests-Info.plist */ = {isa = PBXFileReference; lastKnownFileType = text.plist.xml; path = "QRCodeTesterTests-Info.plist"; sourceTree = "<group>"; };
		9DE77D311974F4FA004D5004 /* en */ = {isa = PBXFileReference; lastKnownFileType = text.plist.strings; name = en; path = en.lproj/InfoPlist.strings; sourceTree = "<group>"; };
		9DE77D331974F4FA004D5004 /* QRCodeTesterTests.m */ = {isa = PBXFileReference; lastKnownFileType = sourcecode.c.objc; path = QRCodeTesterTests.m; sourceTree = "<group>"; };
		9DE77D3D1974F518004D5004 /* AMScanViewController.h */ = {isa = PBXFileReference; fileEncoding = 4; lastKnownFileType = sourcecode.c.h; path = AMScanViewController.h; sourceTree = "<group>"; };
		9DE77D3E1974F518004D5004 /* AMScanViewController.m */ = {isa = PBXFileReference; fileEncoding = 4; lastKnownFileType = sourcecode.c.objc; path = AMScanViewController.m; sourceTree = "<group>"; };
/* End PBXFileReference section */

/* Begin PBXFrameworksBuildPhase section */
		9DE77D021974F4FA004D5004 /* Frameworks */ = {
			isa = PBXFrameworksBuildPhase;
			buildActionMask = 2147483647;
			files = (
				9DE77D0B1974F4FA004D5004 /* CoreGraphics.framework in Frameworks */,
				9DE77D0D1974F4FA004D5004 /* UIKit.framework in Frameworks */,
				9DE77D091974F4FA004D5004 /* Foundation.framework in Frameworks */,
			);
			runOnlyForDeploymentPostprocessing = 0;
		};
		9DE77D231974F4FA004D5004 /* Frameworks */ = {
			isa = PBXFrameworksBuildPhase;
			buildActionMask = 2147483647;
			files = (
				9DE77D281974F4FA004D5004 /* XCTest.framework in Frameworks */,
				9DE77D2A1974F4FA004D5004 /* UIKit.framework in Frameworks */,
				9DE77D291974F4FA004D5004 /* Foundation.framework in Frameworks */,
			);
			runOnlyForDeploymentPostprocessing = 0;
		};
/* End PBXFrameworksBuildPhase section */

/* Begin PBXGroup section */
		9DE77CFC1974F4FA004D5004 = {
			isa = PBXGroup;
			children = (
				9DE77D0E1974F4FA004D5004 /* QRCodeTester */,
				9DE77D2D1974F4FA004D5004 /* QRCodeTesterTests */,
				9DE77D071974F4FA004D5004 /* Frameworks */,
				9DE77D061974F4FA004D5004 /* Products */,
			);
			sourceTree = "<group>";
		};
		9DE77D061974F4FA004D5004 /* Products */ = {
			isa = PBXGroup;
			children = (
				9DE77D051974F4FA004D5004 /* QRCodeTester.app */,
				9DE77D261974F4FA004D5004 /* QRCodeTesterTests.xctest */,
			);
			name = Products;
			sourceTree = "<group>";
		};
		9DE77D071974F4FA004D5004 /* Frameworks */ = {
			isa = PBXGroup;
			children = (
				9DE77D081974F4FA004D5004 /* Foundation.framework */,
				9DE77D0A1974F4FA004D5004 /* CoreGraphics.framework */,
				9DE77D0C1974F4FA004D5004 /* UIKit.framework */,
				9DE77D271974F4FA004D5004 /* XCTest.framework */,
			);
			name = Frameworks;
			sourceTree = "<group>";
		};
		9DE77D0E1974F4FA004D5004 /* QRCodeTester */ = {
			isa = PBXGroup;
			children = (
				9DE77D171974F4FA004D5004 /* AppDelegate.h */,
				9DE77D181974F4FA004D5004 /* AppDelegate.m */,
				9DE77D1A1974F4FA004D5004 /* Main.storyboard */,
				9DE77D3D1974F518004D5004 /* AMScanViewController.h */,
				9DE77D3E1974F518004D5004 /* AMScanViewController.m */,
				9DE77D201974F4FA004D5004 /* Images.xcassets */,
				9DE77D0F1974F4FA004D5004 /* Supporting Files */,
			);
			path = QRCodeTester;
			sourceTree = "<group>";
		};
		9DE77D0F1974F4FA004D5004 /* Supporting Files */ = {
			isa = PBXGroup;
			children = (
				9DE77D101974F4FA004D5004 /* QRCodeTester-Info.plist */,
				9DE77D111974F4FA004D5004 /* InfoPlist.strings */,
				9DE77D141974F4FA004D5004 /* main.m */,
				9DE77D161974F4FA004D5004 /* QRCodeTester-Prefix.pch */,
			);
			name = "Supporting Files";
			sourceTree = "<group>";
		};
		9DE77D2D1974F4FA004D5004 /* QRCodeTesterTests */ = {
			isa = PBXGroup;
			children = (
				9DE77D331974F4FA004D5004 /* QRCodeTesterTests.m */,
				9DE77D2E1974F4FA004D5004 /* Supporting Files */,
			);
			path = QRCodeTesterTests;
			sourceTree = "<group>";
		};
		9DE77D2E1974F4FA004D5004 /* Supporting Files */ = {
			isa = PBXGroup;
			children = (
				9DE77D2F1974F4FA004D5004 /* QRCodeTesterTests-Info.plist */,
				9DE77D301974F4FA004D5004 /* InfoPlist.strings */,
			);
			name = "Supporting Files";
			sourceTree = "<group>";
		};
/* End PBXGroup section */

/* Begin PBXNativeTarget section */
		9DE77D041974F4FA004D5004 /* QRCodeTester */ = {
			isa = PBXNativeTarget;
			buildConfigurationList = 9DE77D371974F4FA004D5004 /* Build configuration list for PBXNativeTarget "QRCodeTester" */;
			buildPhases = (
				9DE77D011974F4FA004D5004 /* Sources */,
				9DE77D021974F4FA004D5004 /* Frameworks */,
				9DE77D031974F4FA004D5004 /* Resources */,
			);
			buildRules = (
			);
			dependencies = (
			);
			name = QRCodeTester;
			productName = QRCodeTester;
			productReference = 9DE77D051974F4FA004D5004 /* QRCodeTester.app */;
			productType = "com.apple.product-type.application";
		};
		9DE77D251974F4FA004D5004 /* QRCodeTesterTests */ = {
			isa = PBXNativeTarget;
			buildConfigurationList = 9DE77D3A1974F4FA004D5004 /* Build configuration list for PBXNativeTarget "QRCodeTesterTests" */;
			buildPhases = (
				9DE77D221974F4FA004D5004 /* Sources */,
				9DE77D231974F4FA004D5004 /* Frameworks */,
				9DE77D241974F4FA004D5004 /* Resources */,
			);
			buildRules = (
			);
			dependencies = (
				9DE77D2C1974F4FA004D5004 /* PBXTargetDependency */,
			);
			name = QRCodeTesterTests;
			productName = QRCodeTesterTests;
			productReference = 9DE77D261974F4FA004D5004 /* QRCodeTesterTests.xctest */;
			productType = "com.apple.product-type.bundle.unit-test";
		};
/* End PBXNativeTarget section */

/* Begin PBXProject section */
		9DE77CFD1974F4FA004D5004 /* Project object */ = {
			isa = PBXProject;
			attributes = {
				LastUpgradeCheck = 0510;
				ORGANIZATIONNAME = Vtm;
				TargetAttributes = {
					9DE77D251974F4FA004D5004 = {
						TestTargetID = 9DE77D041974F4FA004D5004;
					};
				};
			};
			buildConfigurationList = 9DE77D001974F4FA004D5004 /* Build configuration list for PBXProject "QRCodeTester" */;
			compatibilityVersion = "Xcode 3.2";
			developmentRegion = English;
			hasScannedForEncodings = 0;
			knownRegions = (
				en,
				Base,
			);
			mainGroup = 9DE77CFC1974F4FA004D5004;
			productRefGroup = 9DE77D061974F4FA004D5004 /* Products */;
			projectDirPath = "";
			projectRoot = "";
			targets = (
				9DE77D041974F4FA004D5004 /* QRCodeTester */,
				9DE77D251974F4FA004D5004 /* QRCodeTesterTests */,
			);
		};
/* End PBXProject section */

/* Begin PBXResourcesBuildPhase section */
		9DE77D031974F4FA004D5004 /* Resources */ = {
			isa = PBXResourcesBuildPhase;
			buildActionMask = 2147483647;
			files = (
				9DE77D211974F4FA004D5004 /* Images.xcassets in Resources */,
				9DE77D131974F4FA004D5004 /* InfoPlist.strings in Resources */,
				9DE77D1C1974F4FA004D5004 /* Main.storyboard in Resources */,
			);
			runOnlyForDeploymentPostprocessing = 0;
		};
		9DE77D241974F4FA004D5004 /* Resources */ = {
			isa = PBXResourcesBuildPhase;
			buildActionMask = 2147483647;
			files = (
				9DE77D321974F4FA004D5004 /* InfoPlist.strings in Resources */,
			);
			runOnlyForDeploymentPostprocessing = 0;
		};
/* End PBXResourcesBuildPhase section */

/* Begin PBXSourcesBuildPhase section */
		9DE77D011974F4FA004D5004 /* Sources */ = {
			isa = PBXSourcesBuildPhase;
			buildActionMask = 2147483647;
			files = (
				9DE77D191974F4FA004D5004 /* AppDelegate.m in Sources */,
				9DE77D151974F4FA004D5004 /* main.m in Sources */,
				9DE77D3F1974F518004D5004 /* AMScanViewController.m in Sources */,
			);
			runOnlyForDeploymentPostprocessing = 0;
		};
		9DE77D221974F4FA004D5004 /* Sources */ = {
			isa = PBXSourcesBuildPhase;
			buildActionMask = 2147483647;
			files = (
				9DE77D341974F4FA004D5004 /* QRCodeTesterTests.m in Sources */,
			);
			runOnlyForDeploymentPostprocessing = 0;
		};
/* End PBXSourcesBuildPhase section */

/* Begin PBXTargetDependency section */
		9DE77D2C1974F4FA004D5004 /* PBXTargetDependency */ = {
			isa = PBXTargetDependency;
			target = 9DE77D041974F4FA004D5004 /* QRCodeTester */;
			targetProxy = 9DE77D2B1974F4FA004D5004 /* PBXContainerItemProxy */;
		};
/* End PBXTargetDependency section */

/* Begin PBXVariantGroup section */
		9DE77D111974F4FA004D5004 /* InfoPlist.strings */ = {
			isa = PBXVariantGroup;
			children = (
				9DE77D121974F4FA004D5004 /* en */,
			);
			name = InfoPlist.strings;
			sourceTree = "<group>";
		};
		9DE77D1A1974F4FA004D5004 /* Main.storyboard */ = {
			isa = PBXVariantGroup;
			children = (
				9DE77D1B1974F4FA004D5004 /* Base */,
			);
			name = Main.storyboard;
			sourceTree = "<group>";
		};
		9DE77D301974F4FA004D5004 /* InfoPlist.strings */ = {
			isa = PBXVariantGroup;
			children = (
				9DE77D311974F4FA004D5004 /* en */,
			);
			name = InfoPlist.strings;
			sourceTree = "<group>";
		};
/* End PBXVariantGroup section */

/* Begin XCBuildConfiguration section */
		9DE77D351974F4FA004D5004 /* Debug */ = {
			isa = XCBuildConfiguration;
			buildSettings = {
				ALWAYS_SEARCH_USER_PATHS = NO;
				CLANG_CXX_LANGUAGE_STANDARD = "gnu++0x";
				CLANG_CXX_LIBRARY = "libc++";
				CLANG_ENABLE_MODULES = YES;
				CLANG_ENABLE_OBJC_ARC = YES;
				CLANG_WARN_BOOL_CONVERSION = YES;
				CLANG_WARN_CONSTANT_CONVERSION = YES;
				CLANG_WARN_DIRECT_OBJC_ISA_USAGE = YES_ERROR;
				CLANG_WARN_EMPTY_BODY = YES;
				CLANG_WARN_ENUM_CONVERSION = YES;
				CLANG_WARN_INT_CONVERSION = YES;
				CLANG_WARN_OBJC_ROOT_CLASS = YES_ERROR;
				CLANG_WARN__DUPLICATE_METHOD_MATCH = YES;
				"CODE_SIGN_IDENTITY[sdk=iphoneos*]" = "iPhone Developer";
				COPY_PHASE_STRIP = NO;
				GCC_C_LANGUAGE_STANDARD = gnu99;
				GCC_DYNAMIC_NO_PIC = NO;
				GCC_OPTIMIZATION_LEVEL = 0;
				GCC_PREPROCESSOR_DEFINITIONS = (
					"DEBUG=1",
					"$(inherited)",
				);
				GCC_SYMBOLS_PRIVATE_EXTERN = NO;
				GCC_WARN_64_TO_32_BIT_CONVERSION = YES;
				GCC_WARN_ABOUT_RETURN_TYPE = YES_ERROR;
				GCC_WARN_UNDECLARED_SELECTOR = YES;
				GCC_WARN_UNINITIALIZED_AUTOS = YES_AGGRESSIVE;
				GCC_WARN_UNUSED_FUNCTION = YES;
				GCC_WARN_UNUSED_VARIABLE = YES;
				IPHONEOS_DEPLOYMENT_TARGET = 7.1;
				ONLY_ACTIVE_ARCH = YES;
				SDKROOT = iphoneos;
			};
			name = Debug;
		};
		9DE77D361974F4FA004D5004 /* Release */ = {
			isa = XCBuildConfiguration;
			buildSettings = {
				ALWAYS_SEARCH_USER_PATHS = NO;
				CLANG_CXX_LANGUAGE_STANDARD = "gnu++0x";
				CLANG_CXX_LIBRARY = "libc++";
				CLANG_ENABLE_MODULES = YES;
				CLANG_ENABLE_OBJC_ARC = YES;
				CLANG_WARN_BOOL_CONVERSION = YES;
				CLANG_WARN_CONSTANT_CONVERSION = YES;
				CLANG_WARN_DIRECT_OBJC_ISA_USAGE = YES_ERROR;
				CLANG_WARN_EMPTY_BODY = YES;
				CLANG_WARN_ENUM_CONVERSION = YES;
				CLANG_WARN_INT_CONVERSION = YES;
				CLANG_WARN_OBJC_ROOT_CLASS = YES_ERROR;
				CLANG_WARN__DUPLICATE_METHOD_MATCH = YES;
				"CODE_SIGN_IDENTITY[sdk=iphoneos*]" = "iPhone Developer";
				COPY_PHASE_STRIP = YES;
				ENABLE_NS_ASSERTIONS = NO;
				GCC_C_LANGUAGE_STANDARD = gnu99;
				GCC_WARN_64_TO_32_BIT_CONVERSION = YES;
				GCC_WARN_ABOUT_RETURN_TYPE = YES_ERROR;
				GCC_WARN_UNDECLARED_SELECTOR = YES;
				GCC_WARN_UNINITIALIZED_AUTOS = YES_AGGRESSIVE;
				GCC_WARN_UNUSED_FUNCTION = YES;
				GCC_WARN_UNUSED_VARIABLE = YES;
				IPHONEOS_DEPLOYMENT_TARGET = 7.1;
				SDKROOT = iphoneos;
				VALIDATE_PRODUCT = YES;
			};
			name = Release;
		};
		9DE77D381974F4FA004D5004 /* Debug */ = {
			isa = XCBuildConfiguration;
			buildSettings = {
				ASSETCATALOG_COMPILER_APPICON_NAME = AppIcon;
				ASSETCATALOG_COMPILER_LAUNCHIMAGE_NAME = LaunchImage;
				GCC_PRECOMPILE_PREFIX_HEADER = YES;
				GCC_PREFIX_HEADER = "QRCodeTester/QRCodeTester-Prefix.pch";
				INFOPLIST_FILE = "QRCodeTester/QRCodeTester-Info.plist";
				PRODUCT_NAME = "$(TARGET_NAME)";
				WRAPPER_EXTENSION = app;
			};
			name = Debug;
		};
		9DE77D391974F4FA004D5004 /* Release */ = {
			isa = XCBuildConfiguration;
			buildSettings = {
				ASSETCATALOG_COMPILER_APPICON_NAME = AppIcon;
				ASSETCATALOG_COMPILER_LAUNCHIMAGE_NAME = LaunchImage;
				GCC_PRECOMPILE_PREFIX_HEADER = YES;
				GCC_PREFIX_HEADER = "QRCodeTester/QRCodeTester-Prefix.pch";
				INFOPLIST_FILE = "QRCodeTester/QRCodeTester-Info.plist";
				PRODUCT_NAME = "$(TARGET_NAME)";
				WRAPPER_EXTENSION = app;
			};
			name = Release;
		};
		9DE77D3B1974F4FA004D5004 /* Debug */ = {
			isa = XCBuildConfiguration;
			buildSettings = {
				BUNDLE_LOADER = "$(BUILT_PRODUCTS_DIR)/QRCodeTester.app/QRCodeTester";
				FRAMEWORK_SEARCH_PATHS = (
					"$(SDKROOT)/Developer/Library/Frameworks",
					"$(inherited)",
					"$(DEVELOPER_FRAMEWORKS_DIR)",
				);
				GCC_PRECOMPILE_PREFIX_HEADER = YES;
				GCC_PREFIX_HEADER = "QRCodeTester/QRCodeTester-Prefix.pch";
				GCC_PREPROCESSOR_DEFINITIONS = (
					"DEBUG=1",
					"$(inherited)",
				);
				INFOPLIST_FILE = "QRCodeTesterTests/QRCodeTesterTests-Info.plist";
				PRODUCT_NAME = "$(TARGET_NAME)";
				TEST_HOST = "$(BUNDLE_LOADER)";
				WRAPPER_EXTENSION = xctest;
			};
			name = Debug;
		};
		9DE77D3C1974F4FA004D5004 /* Release */ = {
			isa = XCBuildConfiguration;
			buildSettings = {
				BUNDLE_LOADER = "$(BUILT_PRODUCTS_DIR)/QRCodeTester.app/QRCodeTester";
				FRAMEWORK_SEARCH_PATHS = (
					"$(SDKROOT)/Developer/Library/Frameworks",
					"$(inherited)",
					"$(DEVELOPER_FRAMEWORKS_DIR)",
				);
				GCC_PRECOMPILE_PREFIX_HEADER = YES;
				GCC_PREFIX_HEADER = "QRCodeTester/QRCodeTester-Prefix.pch";
				INFOPLIST_FILE = "QRCodeTesterTests/QRCodeTesterTests-Info.plist";
				PRODUCT_NAME = "$(TARGET_NAME)";
				TEST_HOST = "$(BUNDLE_LOADER)";
				WRAPPER_EXTENSION = xctest;
			};
			name = Release;
		};
/* End XCBuildConfiguration section */

/* Begin XCConfigurationList section */
		9DE77D001974F4FA004D5004 /* Build configuration list for PBXProject "QRCodeTester" */ = {
			isa = XCConfigurationList;
			buildConfigurations = (
				9DE77D351974F4FA004D5004 /* Debug */,
				9DE77D361974F4FA004D5004 /* Release */,
			);
			defaultConfigurationIsVisible = 0;
			defaultConfigurationName = Release;
		};
		9DE77D371974F4FA004D5004 /* Build configuration list for PBXNativeTarget "QRCodeTester" */ = {
			isa = XCConfigurationList;
			buildConfigurations = (
				9DE77D381974F4FA004D5004 /* Debug */,
				9DE77D391974F4FA004D5004 /* Release */,
			);
			defaultConfigurationIsVisible = 0;
		};
		9DE77D3A1974F4FA004D5004 /* Build configuration list for PBXNativeTarget "QRCodeTesterTests" */ = {
			isa = XCConfigurationList;
			buildConfigurations = (
				9DE77D3B1974F4FA004D5004 /* Debug */,
				9DE77D3C1974F4FA004D5004 /* Release */,
			);
			defaultConfigurationIsVisible = 0;
		};
/* End XCConfigurationList section */
	};
	rootObject = 9DE77CFD1974F4FA004D5004 /* Project object */;
}
