// !$*UTF8*$!
{
	archiveVersion = 1;
	classes = {
	};
	objectVersion = 46;
	objects = {

/* Begin PBXBuildFile section */
		9D12712019C802E3002A787E /* main.m in Sources */ = {isa = PBXBuildFile; fileRef = 9D12711F19C802E3002A787E /* main.m */; };
		9D12712319C802E3002A787E /* AppDelegate.m in Sources */ = {isa = PBXBuildFile; fileRef = 9D12712219C802E3002A787E /* AppDelegate.m */; };
		9D12712619C802E3002A787E /* ViewController.m in Sources */ = {isa = PBXBuildFile; fileRef = 9D12712519C802E3002A787E /* ViewController.m */; };
		9D12712919C802E3002A787E /* Main.storyboard in Resources */ = {isa = PBXBuildFile; fileRef = 9D12712719C802E3002A787E /* Main.storyboard */; };
		9D12712B19C802E3002A787E /* Images.xcassets in Resources */ = {isa = PBXBuildFile; fileRef = 9D12712A19C802E3002A787E /* Images.xcassets */; };
		9D12712E19C802E3002A787E /* LaunchScreen.xib in Resources */ = {isa = PBXBuildFile; fileRef = 9D12712C19C802E3002A787E /* LaunchScreen.xib */; };
		9D12713A19C802E3002A787E /* ObjectTestTests.m in Sources */ = {isa = PBXBuildFile; fileRef = 9D12713919C802E3002A787E /* ObjectTestTests.m */; };
		9DB2997919D113C200AD1784 /* NSString+upperCase.m in Sources */ = {isa = PBXBuildFile; fileRef = 9DB2997819D113C200AD1784 /* NSString+upperCase.m */; };
		9DB2998D19D140A600AD1784 /* CustomView.m in Sources */ = {isa = PBXBuildFile; fileRef = 9DB2998C19D140A600AD1784 /* CustomView.m */; };
/* End PBXBuildFile section */

/* Begin PBXContainerItemProxy section */
		9D12713419C802E3002A787E /* PBXContainerItemProxy */ = {
			isa = PBXContainerItemProxy;
			containerPortal = 9D12711219C802E3002A787E /* Project object */;
			proxyType = 1;
			remoteGlobalIDString = 9D12711919C802E3002A787E;
			remoteInfo = ObjectTest;
		};
/* End PBXContainerItemProxy section */

/* Begin PBXFileReference section */
		9D12711A19C802E3002A787E /* ObjectTest.app */ = {isa = PBXFileReference; explicitFileType = wrapper.application; includeInIndex = 0; path = ObjectTest.app; sourceTree = BUILT_PRODUCTS_DIR; };
		9D12711E19C802E3002A787E /* Info.plist */ = {isa = PBXFileReference; lastKnownFileType = text.plist.xml; path = Info.plist; sourceTree = "<group>"; };
		9D12711F19C802E3002A787E /* main.m */ = {isa = PBXFileReference; lastKnownFileType = sourcecode.c.objc; path = main.m; sourceTree = "<group>"; };
		9D12712119C802E3002A787E /* AppDelegate.h */ = {isa = PBXFileReference; lastKnownFileType = sourcecode.c.h; path = AppDelegate.h; sourceTree = "<group>"; };
		9D12712219C802E3002A787E /* AppDelegate.m */ = {isa = PBXFileReference; lastKnownFileType = sourcecode.c.objc; path = AppDelegate.m; sourceTree = "<group>"; };
		9D12712419C802E3002A787E /* ViewController.h */ = {isa = PBXFileReference; lastKnownFileType = sourcecode.c.h; path = ViewController.h; sourceTree = "<group>"; };
		9D12712519C802E3002A787E /* ViewController.m */ = {isa = PBXFileReference; lastKnownFileType = sourcecode.c.objc; path = ViewController.m; sourceTree = "<group>"; };
		9D12712819C802E3002A787E /* Base */ = {isa = PBXFileReference; lastKnownFileType = file.storyboard; name = Base; path = Base.lproj/Main.storyboard; sourceTree = "<group>"; };
		9D12712A19C802E3002A787E /* Images.xcassets */ = {isa = PBXFileReference; lastKnownFileType = folder.assetcatalog; path = Images.xcassets; sourceTree = "<group>"; };
		9D12712D19C802E3002A787E /* Base */ = {isa = PBXFileReference; lastKnownFileType = file.xib; name = Base; path = Base.lproj/LaunchScreen.xib; sourceTree = "<group>"; };
		9D12713319C802E3002A787E /* ObjectTestTests.xctest */ = {isa = PBXFileReference; explicitFileType = wrapper.cfbundle; includeInIndex = 0; path = ObjectTestTests.xctest; sourceTree = BUILT_PRODUCTS_DIR; };
		9D12713819C802E3002A787E /* Info.plist */ = {isa = PBXFileReference; lastKnownFileType = text.plist.xml; path = Info.plist; sourceTree = "<group>"; };
		9D12713919C802E3002A787E /* ObjectTestTests.m */ = {isa = PBXFileReference; lastKnownFileType = sourcecode.c.objc; path = ObjectTestTests.m; sourceTree = "<group>"; };
		9DB2997719D113C200AD1784 /* NSString+upperCase.h */ = {isa = PBXFileReference; fileEncoding = 4; lastKnownFileType = sourcecode.c.h; path = "NSString+upperCase.h"; sourceTree = "<group>"; };
		9DB2997819D113C200AD1784 /* NSString+upperCase.m */ = {isa = PBXFileReference; fileEncoding = 4; lastKnownFileType = sourcecode.c.objc; path = "NSString+upperCase.m"; sourceTree = "<group>"; };
		9DB2998B19D140A600AD1784 /* CustomView.h */ = {isa = PBXFileReference; fileEncoding = 4; lastKnownFileType = sourcecode.c.h; path = CustomView.h; sourceTree = "<group>"; };
		9DB2998C19D140A600AD1784 /* CustomView.m */ = {isa = PBXFileReference; fileEncoding = 4; lastKnownFileType = sourcecode.c.objc; path = CustomView.m; sourceTree = "<group>"; };
/* End PBXFileReference section */

/* Begin PBXFrameworksBuildPhase section */
		9D12711719C802E3002A787E /* Frameworks */ = {
			isa = PBXFrameworksBuildPhase;
			buildActionMask = 2147483647;
			files = (
			);
			runOnlyForDeploymentPostprocessing = 0;
		};
		9D12713019C802E3002A787E /* Frameworks */ = {
			isa = PBXFrameworksBuildPhase;
			buildActionMask = 2147483647;
			files = (
			);
			runOnlyForDeploymentPostprocessing = 0;
		};
/* End PBXFrameworksBuildPhase section */

/* Begin PBXGroup section */
		9D12711119C802E3002A787E = {
			isa = PBXGroup;
			children = (
				9D12711C19C802E3002A787E /* ObjectTest */,
				9D12713619C802E3002A787E /* ObjectTestTests */,
				9D12711B19C802E3002A787E /* Products */,
			);
			sourceTree = "<group>";
		};
		9D12711B19C802E3002A787E /* Products */ = {
			isa = PBXGroup;
			children = (
				9D12711A19C802E3002A787E /* ObjectTest.app */,
				9D12713319C802E3002A787E /* ObjectTestTests.xctest */,
			);
			name = Products;
			sourceTree = "<group>";
		};
		9D12711C19C802E3002A787E /* ObjectTest */ = {
			isa = PBXGroup;
			children = (
				9D12712119C802E3002A787E /* AppDelegate.h */,
				9D12712219C802E3002A787E /* AppDelegate.m */,
				9D12712419C802E3002A787E /* ViewController.h */,
				9D12712519C802E3002A787E /* ViewController.m */,
				9DB2998B19D140A600AD1784 /* CustomView.h */,
				9DB2998C19D140A600AD1784 /* CustomView.m */,
				9DB2997719D113C200AD1784 /* NSString+upperCase.h */,
				9DB2997819D113C200AD1784 /* NSString+upperCase.m */,
				9D12712719C802E3002A787E /* Main.storyboard */,
				9D12712A19C802E3002A787E /* Images.xcassets */,
				9D12712C19C802E3002A787E /* LaunchScreen.xib */,
				9D12711D19C802E3002A787E /* Supporting Files */,
			);
			path = ObjectTest;
			sourceTree = "<group>";
		};
		9D12711D19C802E3002A787E /* Supporting Files */ = {
			isa = PBXGroup;
			children = (
				9D12711E19C802E3002A787E /* Info.plist */,
				9D12711F19C802E3002A787E /* main.m */,
			);
			name = "Supporting Files";
			sourceTree = "<group>";
		};
		9D12713619C802E3002A787E /* ObjectTestTests */ = {
			isa = PBXGroup;
			children = (
				9D12713919C802E3002A787E /* ObjectTestTests.m */,
				9D12713719C802E3002A787E /* Supporting Files */,
			);
			path = ObjectTestTests;
			sourceTree = "<group>";
		};
		9D12713719C802E3002A787E /* Supporting Files */ = {
			isa = PBXGroup;
			children = (
				9D12713819C802E3002A787E /* Info.plist */,
			);
			name = "Supporting Files";
			sourceTree = "<group>";
		};
/* End PBXGroup section */

/* Begin PBXNativeTarget section */
		9D12711919C802E3002A787E /* ObjectTest */ = {
			isa = PBXNativeTarget;
			buildConfigurationList = 9D12713D19C802E3002A787E /* Build configuration list for PBXNativeTarget "ObjectTest" */;
			buildPhases = (
				9D12711619C802E3002A787E /* Sources */,
				9D12711719C802E3002A787E /* Frameworks */,
				9D12711819C802E3002A787E /* Resources */,
			);
			buildRules = (
			);
			dependencies = (
			);
			name = ObjectTest;
			productName = ObjectTest;
			productReference = 9D12711A19C802E3002A787E /* ObjectTest.app */;
			productType = "com.apple.product-type.application";
		};
		9D12713219C802E3002A787E /* ObjectTestTests */ = {
			isa = PBXNativeTarget;
			buildConfigurationList = 9D12714019C802E3002A787E /* Build configuration list for PBXNativeTarget "ObjectTestTests" */;
			buildPhases = (
				9D12712F19C802E3002A787E /* Sources */,
				9D12713019C802E3002A787E /* Frameworks */,
				9D12713119C802E3002A787E /* Resources */,
			);
			buildRules = (
			);
			dependencies = (
				9D12713519C802E3002A787E /* PBXTargetDependency */,
			);
			name = ObjectTestTests;
			productName = ObjectTestTests;
			productReference = 9D12713319C802E3002A787E /* ObjectTestTests.xctest */;
			productType = "com.apple.product-type.bundle.unit-test";
		};
/* End PBXNativeTarget section */

/* Begin PBXProject section */
		9D12711219C802E3002A787E /* Project object */ = {
			isa = PBXProject;
			attributes = {
				LastUpgradeCheck = 0610;
				ORGANIZATIONNAME = Vtm;
				TargetAttributes = {
					9D12711919C802E3002A787E = {
						CreatedOnToolsVersion = 6.1;
					};
					9D12713219C802E3002A787E = {
						CreatedOnToolsVersion = 6.1;
						TestTargetID = 9D12711919C802E3002A787E;
					};
				};
			};
			buildConfigurationList = 9D12711519C802E3002A787E /* Build configuration list for PBXProject "ObjectTest" */;
			compatibilityVersion = "Xcode 3.2";
			developmentRegion = English;
			hasScannedForEncodings = 0;
			knownRegions = (
				en,
				Base,
			);
			mainGroup = 9D12711119C802E3002A787E;
			productRefGroup = 9D12711B19C802E3002A787E /* Products */;
			projectDirPath = "";
			projectRoot = "";
			targets = (
				9D12711919C802E3002A787E /* ObjectTest */,
				9D12713219C802E3002A787E /* ObjectTestTests */,
			);
		};
/* End PBXProject section */

/* Begin PBXResourcesBuildPhase section */
		9D12711819C802E3002A787E /* Resources */ = {
			isa = PBXResourcesBuildPhase;
			buildActionMask = 2147483647;
			files = (
				9D12712919C802E3002A787E /* Main.storyboard in Resources */,
				9D12712E19C802E3002A787E /* LaunchScreen.xib in Resources */,
				9D12712B19C802E3002A787E /* Images.xcassets in Resources */,
			);
			runOnlyForDeploymentPostprocessing = 0;
		};
		9D12713119C802E3002A787E /* Resources */ = {
			isa = PBXResourcesBuildPhase;
			buildActionMask = 2147483647;
			files = (
			);
			runOnlyForDeploymentPostprocessing = 0;
		};
/* End PBXResourcesBuildPhase section */

/* Begin PBXSourcesBuildPhase section */
		9D12711619C802E3002A787E /* Sources */ = {
			isa = PBXSourcesBuildPhase;
			buildActionMask = 2147483647;
			files = (
				9DB2998D19D140A600AD1784 /* CustomView.m in Sources */,
				9D12712619C802E3002A787E /* ViewController.m in Sources */,
				9D12712319C802E3002A787E /* AppDelegate.m in Sources */,
				9DB2997919D113C200AD1784 /* NSString+upperCase.m in Sources */,
				9D12712019C802E3002A787E /* main.m in Sources */,
			);
			runOnlyForDeploymentPostprocessing = 0;
		};
		9D12712F19C802E3002A787E /* Sources */ = {
			isa = PBXSourcesBuildPhase;
			buildActionMask = 2147483647;
			files = (
				9D12713A19C802E3002A787E /* ObjectTestTests.m in Sources */,
			);
			runOnlyForDeploymentPostprocessing = 0;
		};
/* End PBXSourcesBuildPhase section */

/* Begin PBXTargetDependency section */
		9D12713519C802E3002A787E /* PBXTargetDependency */ = {
			isa = PBXTargetDependency;
			target = 9D12711919C802E3002A787E /* ObjectTest */;
			targetProxy = 9D12713419C802E3002A787E /* PBXContainerItemProxy */;
		};
/* End PBXTargetDependency section */

/* Begin PBXVariantGroup section */
		9D12712719C802E3002A787E /* Main.storyboard */ = {
			isa = PBXVariantGroup;
			children = (
				9D12712819C802E3002A787E /* Base */,
			);
			name = Main.storyboard;
			sourceTree = "<group>";
		};
		9D12712C19C802E3002A787E /* LaunchScreen.xib */ = {
			isa = PBXVariantGroup;
			children = (
				9D12712D19C802E3002A787E /* Base */,
			);
			name = LaunchScreen.xib;
			sourceTree = "<group>";
		};
/* End PBXVariantGroup section */

/* Begin XCBuildConfiguration section */
		9D12713B19C802E3002A787E /* Debug */ = {
			isa = XCBuildConfiguration;
			buildSettings = {
				ALWAYS_SEARCH_USER_PATHS = NO;
				CLANG_CXX_LANGUAGE_STANDARD = "gnu++0x";
				CLANG_CXX_LIBRARY = "libc++";
				CLANG_ENABLE_MODULES = YES;
				CLANG_ENABLE_OBJC_ARC = YES;
				CLANG_WARN_BOOL_CONVERSION = YES;
				CLANG_WARN_CONSTANT_CONVERSION = YES;
				CLANG_WARN_DIRECT_OBJC_ISA_USAGE = YES_ERROR;
				CLANG_WARN_EMPTY_BODY = YES;
				CLANG_WARN_ENUM_CONVERSION = YES;
				CLANG_WARN_INT_CONVERSION = YES;
				CLANG_WARN_OBJC_ROOT_CLASS = YES_ERROR;
				CLANG_WARN_UNREACHABLE_CODE = YES;
				CLANG_WARN__DUPLICATE_METHOD_MATCH = YES;
				"CODE_SIGN_IDENTITY[sdk=iphoneos*]" = "iPhone Developer";
				COPY_PHASE_STRIP = NO;
				ENABLE_STRICT_OBJC_MSGSEND = YES;
				GCC_C_LANGUAGE_STANDARD = gnu99;
				GCC_DYNAMIC_NO_PIC = NO;
				GCC_OPTIMIZATION_LEVEL = 0;
				GCC_PREPROCESSOR_DEFINITIONS = (
					"DEBUG=1",
					"$(inherited)",
				);
				GCC_SYMBOLS_PRIVATE_EXTERN = NO;
				GCC_WARN_64_TO_32_BIT_CONVERSION = YES;
				GCC_WARN_ABOUT_RETURN_TYPE = YES_ERROR;
				GCC_WARN_UNDECLARED_SELECTOR = YES;
				GCC_WARN_UNINITIALIZED_AUTOS = YES_AGGRESSIVE;
				GCC_WARN_UNUSED_FUNCTION = YES;
				GCC_WARN_UNUSED_VARIABLE = YES;
				IPHONEOS_DEPLOYMENT_TARGET = 8.0;
				MTL_ENABLE_DEBUG_INFO = YES;
				ONLY_ACTIVE_ARCH = YES;
				SDKROOT = iphoneos;
			};
			name = Debug;
		};
		9D12713C19C802E3002A787E /* Release */ = {
			isa = XCBuildConfiguration;
			buildSettings = {
				ALWAYS_SEARCH_USER_PATHS = NO;
				CLANG_CXX_LANGUAGE_STANDARD = "gnu++0x";
				CLANG_CXX_LIBRARY = "libc++";
				CLANG_ENABLE_MODULES = YES;
				CLANG_ENABLE_OBJC_ARC = YES;
				CLANG_WARN_BOOL_CONVERSION = YES;
				CLANG_WARN_CONSTANT_CONVERSION = YES;
				CLANG_WARN_DIRECT_OBJC_ISA_USAGE = YES_ERROR;
				CLANG_WARN_EMPTY_BODY = YES;
				CLANG_WARN_ENUM_CONVERSION = YES;
				CLANG_WARN_INT_CONVERSION = YES;
				CLANG_WARN_OBJC_ROOT_CLASS = YES_ERROR;
				CLANG_WARN_UNREACHABLE_CODE = YES;
				CLANG_WARN__DUPLICATE_METHOD_MATCH = YES;
				"CODE_SIGN_IDENTITY[sdk=iphoneos*]" = "iPhone Developer";
				COPY_PHASE_STRIP = YES;
				ENABLE_NS_ASSERTIONS = NO;
				ENABLE_STRICT_OBJC_MSGSEND = YES;
				GCC_C_LANGUAGE_STANDARD = gnu99;
				GCC_WARN_64_TO_32_BIT_CONVERSION = YES;
				GCC_WARN_ABOUT_RETURN_TYPE = YES_ERROR;
				GCC_WARN_UNDECLARED_SELECTOR = YES;
				GCC_WARN_UNINITIALIZED_AUTOS = YES_AGGRESSIVE;
				GCC_WARN_UNUSED_FUNCTION = YES;
				GCC_WARN_UNUSED_VARIABLE = YES;
				IPHONEOS_DEPLOYMENT_TARGET = 8.0;
				MTL_ENABLE_DEBUG_INFO = NO;
				SDKROOT = iphoneos;
				VALIDATE_PRODUCT = YES;
			};
			name = Release;
		};
		9D12713E19C802E3002A787E /* Debug */ = {
			isa = XCBuildConfiguration;
			buildSettings = {
				ASSETCATALOG_COMPILER_APPICON_NAME = AppIcon;
				INFOPLIST_FILE = ObjectTest/Info.plist;
				LD_RUNPATH_SEARCH_PATHS = "$(inherited) @executable_path/Frameworks";
				PRODUCT_NAME = "$(TARGET_NAME)";
			};
			name = Debug;
		};
		9D12713F19C802E3002A787E /* Release */ = {
			isa = XCBuildConfiguration;
			buildSettings = {
				ASSETCATALOG_COMPILER_APPICON_NAME = AppIcon;
				INFOPLIST_FILE = ObjectTest/Info.plist;
				LD_RUNPATH_SEARCH_PATHS = "$(inherited) @executable_path/Frameworks";
				PRODUCT_NAME = "$(TARGET_NAME)";
			};
			name = Release;
		};
		9D12714119C802E3002A787E /* Debug */ = {
			isa = XCBuildConfiguration;
			buildSettings = {
				BUNDLE_LOADER = "$(TEST_HOST)";
				FRAMEWORK_SEARCH_PATHS = (
					"$(SDKROOT)/Developer/Library/Frameworks",
					"$(inherited)",
				);
				GCC_PREPROCESSOR_DEFINITIONS = (
					"DEBUG=1",
					"$(inherited)",
				);
				INFOPLIST_FILE = ObjectTestTests/Info.plist;
				LD_RUNPATH_SEARCH_PATHS = "$(inherited) @executable_path/Frameworks @loader_path/Frameworks";
				PRODUCT_NAME = "$(TARGET_NAME)";
				TEST_HOST = "$(BUILT_PRODUCTS_DIR)/ObjectTest.app/ObjectTest";
			};
			name = Debug;
		};
		9D12714219C802E3002A787E /* Release */ = {
			isa = XCBuildConfiguration;
			buildSettings = {
				BUNDLE_LOADER = "$(TEST_HOST)";
				FRAMEWORK_SEARCH_PATHS = (
					"$(SDKROOT)/Developer/Library/Frameworks",
					"$(inherited)",
				);
				INFOPLIST_FILE = ObjectTestTests/Info.plist;
				LD_RUNPATH_SEARCH_PATHS = "$(inherited) @executable_path/Frameworks @loader_path/Frameworks";
				PRODUCT_NAME = "$(TARGET_NAME)";
				TEST_HOST = "$(BUILT_PRODUCTS_DIR)/ObjectTest.app/ObjectTest";
			};
			name = Release;
		};
/* End XCBuildConfiguration section */

/* Begin XCConfigurationList section */
		9D12711519C802E3002A787E /* Build configuration list for PBXProject "ObjectTest" */ = {
			isa = XCConfigurationList;
			buildConfigurations = (
				9D12713B19C802E3002A787E /* Debug */,
				9D12713C19C802E3002A787E /* Release */,
			);
			defaultConfigurationIsVisible = 0;
			defaultConfigurationName = Release;
		};
		9D12713D19C802E3002A787E /* Build configuration list for PBXNativeTarget "ObjectTest" */ = {
			isa = XCConfigurationList;
			buildConfigurations = (
				9D12713E19C802E3002A787E /* Debug */,
				9D12713F19C802E3002A787E /* Release */,
			);
			defaultConfigurationIsVisible = 0;
			defaultConfigurationName = Release;
		};
		9D12714019C802E3002A787E /* Build configuration list for PBXNativeTarget "ObjectTestTests" */ = {
			isa = XCConfigurationList;
			buildConfigurations = (
				9D12714119C802E3002A787E /* Debug */,
				9D12714219C802E3002A787E /* Release */,
			);
			defaultConfigurationIsVisible = 0;
			defaultConfigurationName = Release;
		};
/* End XCConfigurationList section */
	};
	rootObject = 9D12711219C802E3002A787E /* Project object */;
}
