// !$*UTF8*$!
{
	archiveVersion = 1;
	classes = {
	};
	objectVersion = 46;
	objects = {

/* Begin PBXBuildFile section */
		9D0A075E19936B8900E6EE82 /* DataManipulator.swift in Sources */ = {isa = PBXBuildFile; fileRef = 9D0A075D19936B8900E6EE82 /* DataManipulator.swift */; };
		9D7C42261993208600472360 /* DustBinView.swift in Sources */ = {isa = PBXBuildFile; fileRef = 9D7C42251993208600472360 /* DustBinView.swift */; };
		9DA8C856198C6BF8000228D5 /* AppDelegate.swift in Sources */ = {isa = PBXBuildFile; fileRef = 9DA8C855198C6BF8000228D5 /* AppDelegate.swift */; };
		9DA8C85F198C6BF8000228D5 /* Main.storyboard in Resources */ = {isa = PBXBuildFile; fileRef = 9DA8C85D198C6BF8000228D5 /* Main.storyboard */; };
		9DA8C861198C6BF8000228D5 /* Images.xcassets in Resources */ = {isa = PBXBuildFile; fileRef = 9DA8C860198C6BF8000228D5 /* Images.xcassets */; };
		9DA8C86D198C6BF8000228D5 /* Focord2Tests.swift in Sources */ = {isa = PBXBuildFile; fileRef = 9DA8C86C198C6BF8000228D5 /* Focord2Tests.swift */; };
		9DFB634D198C6DCD0085FAB5 /* PaperViewController.swift in Sources */ = {isa = PBXBuildFile; fileRef = 9DFB634B198C6DCD0085FAB5 /* PaperViewController.swift */; };
		9DFB634E198C6DCD0085FAB5 /* TransitionManager.swift in Sources */ = {isa = PBXBuildFile; fileRef = 9DFB634C198C6DCD0085FAB5 /* TransitionManager.swift */; };
		9DFB6355198C73110085FAB5 /* application.plist in Resources */ = {isa = PBXBuildFile; fileRef = 9DFB6354198C73110085FAB5 /* application.plist */; };
		9DFB6357198C73AA0085FAB5 /* Record.plist in Resources */ = {isa = PBXBuildFile; fileRef = 9DFB6356198C73AA0085FAB5 /* Record.plist */; };
		9DFB6359198C81C60085FAB5 /* RecordCell.swift in Sources */ = {isa = PBXBuildFile; fileRef = 9DFB6358198C81C60085FAB5 /* RecordCell.swift */; };
		9DFB635B198CA7C10085FAB5 /* MotionManager.swift in Sources */ = {isa = PBXBuildFile; fileRef = 9DFB635A198CA7C10085FAB5 /* MotionManager.swift */; };
/* End PBXBuildFile section */

/* Begin PBXContainerItemProxy section */
		9DA8C867198C6BF8000228D5 /* PBXContainerItemProxy */ = {
			isa = PBXContainerItemProxy;
			containerPortal = 9DA8C848198C6BF8000228D5 /* Project object */;
			proxyType = 1;
			remoteGlobalIDString = 9DA8C84F198C6BF8000228D5;
			remoteInfo = Focord2;
		};
/* End PBXContainerItemProxy section */

/* Begin PBXFileReference section */
		9D0A075D19936B8900E6EE82 /* DataManipulator.swift */ = {isa = PBXFileReference; fileEncoding = 4; lastKnownFileType = sourcecode.swift; path = DataManipulator.swift; sourceTree = "<group>"; };
		9D7C42251993208600472360 /* DustBinView.swift */ = {isa = PBXFileReference; fileEncoding = 4; lastKnownFileType = sourcecode.swift; path = DustBinView.swift; sourceTree = "<group>"; };
		9DA8C850198C6BF8000228D5 /* Focord2.app */ = {isa = PBXFileReference; explicitFileType = wrapper.application; includeInIndex = 0; path = Focord2.app; sourceTree = BUILT_PRODUCTS_DIR; };
		9DA8C854198C6BF8000228D5 /* Info.plist */ = {isa = PBXFileReference; lastKnownFileType = text.plist.xml; path = Info.plist; sourceTree = "<group>"; };
		9DA8C855198C6BF8000228D5 /* AppDelegate.swift */ = {isa = PBXFileReference; lastKnownFileType = sourcecode.swift; path = AppDelegate.swift; sourceTree = "<group>"; };
		9DA8C85E198C6BF8000228D5 /* Base */ = {isa = PBXFileReference; lastKnownFileType = file.storyboard; name = Base; path = Base.lproj/Main.storyboard; sourceTree = "<group>"; };
		9DA8C860198C6BF8000228D5 /* Images.xcassets */ = {isa = PBXFileReference; lastKnownFileType = folder.assetcatalog; path = Images.xcassets; sourceTree = "<group>"; };
		9DA8C866198C6BF8000228D5 /* Focord2Tests.xctest */ = {isa = PBXFileReference; explicitFileType = wrapper.cfbundle; includeInIndex = 0; path = Focord2Tests.xctest; sourceTree = BUILT_PRODUCTS_DIR; };
		9DA8C86B198C6BF8000228D5 /* Info.plist */ = {isa = PBXFileReference; lastKnownFileType = text.plist.xml; path = Info.plist; sourceTree = "<group>"; };
		9DA8C86C198C6BF8000228D5 /* Focord2Tests.swift */ = {isa = PBXFileReference; lastKnownFileType = sourcecode.swift; path = Focord2Tests.swift; sourceTree = "<group>"; };
		9DFB634B198C6DCD0085FAB5 /* PaperViewController.swift */ = {isa = PBXFileReference; fileEncoding = 4; lastKnownFileType = sourcecode.swift; path = PaperViewController.swift; sourceTree = "<group>"; };
		9DFB634C198C6DCD0085FAB5 /* TransitionManager.swift */ = {isa = PBXFileReference; fileEncoding = 4; lastKnownFileType = sourcecode.swift; path = TransitionManager.swift; sourceTree = "<group>"; };
		9DFB6354198C73110085FAB5 /* application.plist */ = {isa = PBXFileReference; fileEncoding = 4; lastKnownFileType = text.plist.xml; path = application.plist; sourceTree = "<group>"; };
		9DFB6356198C73AA0085FAB5 /* Record.plist */ = {isa = PBXFileReference; fileEncoding = 4; lastKnownFileType = text.plist.xml; path = Record.plist; sourceTree = "<group>"; };
		9DFB6358198C81C60085FAB5 /* RecordCell.swift */ = {isa = PBXFileReference; fileEncoding = 4; lastKnownFileType = sourcecode.swift; path = RecordCell.swift; sourceTree = "<group>"; };
		9DFB635A198CA7C10085FAB5 /* MotionManager.swift */ = {isa = PBXFileReference; fileEncoding = 4; lastKnownFileType = sourcecode.swift; path = MotionManager.swift; sourceTree = "<group>"; };
/* End PBXFileReference section */

/* Begin PBXFrameworksBuildPhase section */
		9DA8C84D198C6BF8000228D5 /* Frameworks */ = {
			isa = PBXFrameworksBuildPhase;
			buildActionMask = 2147483647;
			files = (
			);
			runOnlyForDeploymentPostprocessing = 0;
		};
		9DA8C863198C6BF8000228D5 /* Frameworks */ = {
			isa = PBXFrameworksBuildPhase;
			buildActionMask = 2147483647;
			files = (
			);
			runOnlyForDeploymentPostprocessing = 0;
		};
/* End PBXFrameworksBuildPhase section */

/* Begin PBXGroup section */
		9D7C42271993208C00472360 /* View */ = {
			isa = PBXGroup;
			children = (
				9DFB6358198C81C60085FAB5 /* RecordCell.swift */,
				9D7C42251993208600472360 /* DustBinView.swift */,
			);
			name = View;
			sourceTree = "<group>";
		};
		9DA8C847198C6BF8000228D5 = {
			isa = PBXGroup;
			children = (
				9DA8C852198C6BF8000228D5 /* Focord2 */,
				9DA8C869198C6BF8000228D5 /* Focord2Tests */,
				9DA8C851198C6BF8000228D5 /* Products */,
			);
			sourceTree = "<group>";
		};
		9DA8C851198C6BF8000228D5 /* Products */ = {
			isa = PBXGroup;
			children = (
				9DA8C850198C6BF8000228D5 /* Focord2.app */,
				9DA8C866198C6BF8000228D5 /* Focord2Tests.xctest */,
			);
			name = Products;
			sourceTree = "<group>";
		};
		9DA8C852198C6BF8000228D5 /* Focord2 */ = {
			isa = PBXGroup;
			children = (
				9DA8C855198C6BF8000228D5 /* AppDelegate.swift */,
				9D0A075D19936B8900E6EE82 /* DataManipulator.swift */,
				9DFB634B198C6DCD0085FAB5 /* PaperViewController.swift */,
				9DFB634C198C6DCD0085FAB5 /* TransitionManager.swift */,
				9D7C42271993208C00472360 /* View */,
				9DFB635A198CA7C10085FAB5 /* MotionManager.swift */,
				9DA8C85D198C6BF8000228D5 /* Main.storyboard */,
				9DA8C860198C6BF8000228D5 /* Images.xcassets */,
				9DA8C853198C6BF8000228D5 /* Supporting Files */,
			);
			path = Focord2;
			sourceTree = "<group>";
		};
		9DA8C853198C6BF8000228D5 /* Supporting Files */ = {
			isa = PBXGroup;
			children = (
				9DA8C854198C6BF8000228D5 /* Info.plist */,
				9DFB6354198C73110085FAB5 /* application.plist */,
				9DFB6356198C73AA0085FAB5 /* Record.plist */,
			);
			name = "Supporting Files";
			sourceTree = "<group>";
		};
		9DA8C869198C6BF8000228D5 /* Focord2Tests */ = {
			isa = PBXGroup;
			children = (
				9DA8C86C198C6BF8000228D5 /* Focord2Tests.swift */,
				9DA8C86A198C6BF8000228D5 /* Supporting Files */,
			);
			path = Focord2Tests;
			sourceTree = "<group>";
		};
		9DA8C86A198C6BF8000228D5 /* Supporting Files */ = {
			isa = PBXGroup;
			children = (
				9DA8C86B198C6BF8000228D5 /* Info.plist */,
			);
			name = "Supporting Files";
			sourceTree = "<group>";
		};
/* End PBXGroup section */

/* Begin PBXNativeTarget section */
		9DA8C84F198C6BF8000228D5 /* Focord2 */ = {
			isa = PBXNativeTarget;
			buildConfigurationList = 9DA8C870198C6BF8000228D5 /* Build configuration list for PBXNativeTarget "Focord2" */;
			buildPhases = (
				9DA8C84C198C6BF8000228D5 /* Sources */,
				9DA8C84D198C6BF8000228D5 /* Frameworks */,
				9DA8C84E198C6BF8000228D5 /* Resources */,
			);
			buildRules = (
			);
			dependencies = (
			);
			name = Focord2;
			productName = Focord2;
			productReference = 9DA8C850198C6BF8000228D5 /* Focord2.app */;
			productType = "com.apple.product-type.application";
		};
		9DA8C865198C6BF8000228D5 /* Focord2Tests */ = {
			isa = PBXNativeTarget;
			buildConfigurationList = 9DA8C873198C6BF8000228D5 /* Build configuration list for PBXNativeTarget "Focord2Tests" */;
			buildPhases = (
				9DA8C862198C6BF8000228D5 /* Sources */,
				9DA8C863198C6BF8000228D5 /* Frameworks */,
				9DA8C864198C6BF8000228D5 /* Resources */,
			);
			buildRules = (
			);
			dependencies = (
				9DA8C868198C6BF8000228D5 /* PBXTargetDependency */,
			);
			name = Focord2Tests;
			productName = Focord2Tests;
			productReference = 9DA8C866198C6BF8000228D5 /* Focord2Tests.xctest */;
			productType = "com.apple.product-type.bundle.unit-test";
		};
/* End PBXNativeTarget section */

/* Begin PBXProject section */
		9DA8C848198C6BF8000228D5 /* Project object */ = {
			isa = PBXProject;
			attributes = {
				LastUpgradeCheck = 0600;
				ORGANIZATIONNAME = Vtm;
				TargetAttributes = {
					9DA8C84F198C6BF8000228D5 = {
						CreatedOnToolsVersion = 6.0;
					};
					9DA8C865198C6BF8000228D5 = {
						CreatedOnToolsVersion = 6.0;
						TestTargetID = 9DA8C84F198C6BF8000228D5;
					};
				};
			};
			buildConfigurationList = 9DA8C84B198C6BF8000228D5 /* Build configuration list for PBXProject "Focord2" */;
			compatibilityVersion = "Xcode 3.2";
			developmentRegion = English;
			hasScannedForEncodings = 0;
			knownRegions = (
				en,
				Base,
			);
			mainGroup = 9DA8C847198C6BF8000228D5;
			productRefGroup = 9DA8C851198C6BF8000228D5 /* Products */;
			projectDirPath = "";
			projectRoot = "";
			targets = (
				9DA8C84F198C6BF8000228D5 /* Focord2 */,
				9DA8C865198C6BF8000228D5 /* Focord2Tests */,
			);
		};
/* End PBXProject section */

/* Begin PBXResourcesBuildPhase section */
		9DA8C84E198C6BF8000228D5 /* Resources */ = {
			isa = PBXResourcesBuildPhase;
			buildActionMask = 2147483647;
			files = (
				9DFB6355198C73110085FAB5 /* application.plist in Resources */,
				9DFB6357198C73AA0085FAB5 /* Record.plist in Resources */,
				9DA8C85F198C6BF8000228D5 /* Main.storyboard in Resources */,
				9DA8C861198C6BF8000228D5 /* Images.xcassets in Resources */,
			);
			runOnlyForDeploymentPostprocessing = 0;
		};
		9DA8C864198C6BF8000228D5 /* Resources */ = {
			isa = PBXResourcesBuildPhase;
			buildActionMask = 2147483647;
			files = (
			);
			runOnlyForDeploymentPostprocessing = 0;
		};
/* End PBXResourcesBuildPhase section */

/* Begin PBXSourcesBuildPhase section */
		9DA8C84C198C6BF8000228D5 /* Sources */ = {
			isa = PBXSourcesBuildPhase;
			buildActionMask = 2147483647;
			files = (
				9DFB634E198C6DCD0085FAB5 /* TransitionManager.swift in Sources */,
				9DFB635B198CA7C10085FAB5 /* MotionManager.swift in Sources */,
				9D7C42261993208600472360 /* DustBinView.swift in Sources */,
				9D0A075E19936B8900E6EE82 /* DataManipulator.swift in Sources */,
				9DA8C856198C6BF8000228D5 /* AppDelegate.swift in Sources */,
				9DFB6359198C81C60085FAB5 /* RecordCell.swift in Sources */,
				9DFB634D198C6DCD0085FAB5 /* PaperViewController.swift in Sources */,
			);
			runOnlyForDeploymentPostprocessing = 0;
		};
		9DA8C862198C6BF8000228D5 /* Sources */ = {
			isa = PBXSourcesBuildPhase;
			buildActionMask = 2147483647;
			files = (
				9DA8C86D198C6BF8000228D5 /* Focord2Tests.swift in Sources */,
			);
			runOnlyForDeploymentPostprocessing = 0;
		};
/* End PBXSourcesBuildPhase section */

/* Begin PBXTargetDependency section */
		9DA8C868198C6BF8000228D5 /* PBXTargetDependency */ = {
			isa = PBXTargetDependency;
			target = 9DA8C84F198C6BF8000228D5 /* Focord2 */;
			targetProxy = 9DA8C867198C6BF8000228D5 /* PBXContainerItemProxy */;
		};
/* End PBXTargetDependency section */

/* Begin PBXVariantGroup section */
		9DA8C85D198C6BF8000228D5 /* Main.storyboard */ = {
			isa = PBXVariantGroup;
			children = (
				9DA8C85E198C6BF8000228D5 /* Base */,
			);
			name = Main.storyboard;
			sourceTree = "<group>";
		};
/* End PBXVariantGroup section */

/* Begin XCBuildConfiguration section */
		9DA8C86E198C6BF8000228D5 /* Debug */ = {
			isa = XCBuildConfiguration;
			buildSettings = {
				ALWAYS_SEARCH_USER_PATHS = NO;
				CLANG_CXX_LANGUAGE_STANDARD = "gnu++0x";
				CLANG_CXX_LIBRARY = "libc++";
				CLANG_ENABLE_MODULES = YES;
				CLANG_ENABLE_OBJC_ARC = YES;
				CLANG_WARN_BOOL_CONVERSION = YES;
				CLANG_WARN_CONSTANT_CONVERSION = YES;
				CLANG_WARN_DIRECT_OBJC_ISA_USAGE = YES_ERROR;
				CLANG_WARN_EMPTY_BODY = YES;
				CLANG_WARN_ENUM_CONVERSION = YES;
				CLANG_WARN_INT_CONVERSION = YES;
				CLANG_WARN_OBJC_ROOT_CLASS = YES_ERROR;
				CLANG_WARN_UNREACHABLE_CODE = YES;
				CLANG_WARN__DUPLICATE_METHOD_MATCH = YES;
				"CODE_SIGN_IDENTITY[sdk=iphoneos*]" = "iPhone Developer";
				COPY_PHASE_STRIP = NO;
				ENABLE_STRICT_OBJC_MSGSEND = YES;
				GCC_C_LANGUAGE_STANDARD = gnu99;
				GCC_DYNAMIC_NO_PIC = NO;
				GCC_OPTIMIZATION_LEVEL = 0;
				GCC_PREPROCESSOR_DEFINITIONS = (
					"DEBUG=1",
					"$(inherited)",
				);
				GCC_SYMBOLS_PRIVATE_EXTERN = NO;
				GCC_WARN_64_TO_32_BIT_CONVERSION = YES;
				GCC_WARN_ABOUT_RETURN_TYPE = YES_ERROR;
				GCC_WARN_UNDECLARED_SELECTOR = YES;
				GCC_WARN_UNINITIALIZED_AUTOS = YES_AGGRESSIVE;
				GCC_WARN_UNUSED_FUNCTION = YES;
				GCC_WARN_UNUSED_VARIABLE = YES;
				IPHONEOS_DEPLOYMENT_TARGET = 8.0;
				MTL_ENABLE_DEBUG_INFO = YES;
				ONLY_ACTIVE_ARCH = YES;
				SDKROOT = iphoneos;
				SWIFT_OPTIMIZATION_LEVEL = "-Onone";
			};
			name = Debug;
		};
		9DA8C86F198C6BF8000228D5 /* Release */ = {
			isa = XCBuildConfiguration;
			buildSettings = {
				ALWAYS_SEARCH_USER_PATHS = NO;
				CLANG_CXX_LANGUAGE_STANDARD = "gnu++0x";
				CLANG_CXX_LIBRARY = "libc++";
				CLANG_ENABLE_MODULES = YES;
				CLANG_ENABLE_OBJC_ARC = YES;
				CLANG_WARN_BOOL_CONVERSION = YES;
				CLANG_WARN_CONSTANT_CONVERSION = YES;
				CLANG_WARN_DIRECT_OBJC_ISA_USAGE = YES_ERROR;
				CLANG_WARN_EMPTY_BODY = YES;
				CLANG_WARN_ENUM_CONVERSION = YES;
				CLANG_WARN_INT_CONVERSION = YES;
				CLANG_WARN_OBJC_ROOT_CLASS = YES_ERROR;
				CLANG_WARN_UNREACHABLE_CODE = YES;
				CLANG_WARN__DUPLICATE_METHOD_MATCH = YES;
				"CODE_SIGN_IDENTITY[sdk=iphoneos*]" = "iPhone Developer";
				COPY_PHASE_STRIP = YES;
				ENABLE_NS_ASSERTIONS = NO;
				ENABLE_STRICT_OBJC_MSGSEND = YES;
				GCC_C_LANGUAGE_STANDARD = gnu99;
				GCC_WARN_64_TO_32_BIT_CONVERSION = YES;
				GCC_WARN_ABOUT_RETURN_TYPE = YES_ERROR;
				GCC_WARN_UNDECLARED_SELECTOR = YES;
				GCC_WARN_UNINITIALIZED_AUTOS = YES_AGGRESSIVE;
				GCC_WARN_UNUSED_FUNCTION = YES;
				GCC_WARN_UNUSED_VARIABLE = YES;
				IPHONEOS_DEPLOYMENT_TARGET = 8.0;
				MTL_ENABLE_DEBUG_INFO = NO;
				SDKROOT = iphoneos;
				VALIDATE_PRODUCT = YES;
			};
			name = Release;
		};
		9DA8C871198C6BF8000228D5 /* Debug */ = {
			isa = XCBuildConfiguration;
			buildSettings = {
				ASSETCATALOG_COMPILER_APPICON_NAME = AppIcon;
				ASSETCATALOG_COMPILER_LAUNCHIMAGE_NAME = LaunchImage;
				INFOPLIST_FILE = Focord2/Info.plist;
				LD_RUNPATH_SEARCH_PATHS = "$(inherited) @executable_path/Frameworks";
				PRODUCT_NAME = "$(TARGET_NAME)";
			};
			name = Debug;
		};
		9DA8C872198C6BF8000228D5 /* Release */ = {
			isa = XCBuildConfiguration;
			buildSettings = {
				ASSETCATALOG_COMPILER_APPICON_NAME = AppIcon;
				ASSETCATALOG_COMPILER_LAUNCHIMAGE_NAME = LaunchImage;
				INFOPLIST_FILE = Focord2/Info.plist;
				LD_RUNPATH_SEARCH_PATHS = "$(inherited) @executable_path/Frameworks";
				PRODUCT_NAME = "$(TARGET_NAME)";
			};
			name = Release;
		};
		9DA8C874198C6BF8000228D5 /* Debug */ = {
			isa = XCBuildConfiguration;
			buildSettings = {
				BUNDLE_LOADER = "$(BUILT_PRODUCTS_DIR)/Focord2.app/Focord2";
				FRAMEWORK_SEARCH_PATHS = (
					"$(SDKROOT)/Developer/Library/Frameworks",
					"$(inherited)",
				);
				GCC_PREPROCESSOR_DEFINITIONS = (
					"DEBUG=1",
					"$(inherited)",
				);
				INFOPLIST_FILE = Focord2Tests/Info.plist;
				LD_RUNPATH_SEARCH_PATHS = "$(inherited) @executable_path/Frameworks @loader_path/Frameworks";
				PRODUCT_NAME = "$(TARGET_NAME)";
				TEST_HOST = "$(BUNDLE_LOADER)";
			};
			name = Debug;
		};
		9DA8C875198C6BF8000228D5 /* Release */ = {
			isa = XCBuildConfiguration;
			buildSettings = {
				BUNDLE_LOADER = "$(BUILT_PRODUCTS_DIR)/Focord2.app/Focord2";
				FRAMEWORK_SEARCH_PATHS = (
					"$(SDKROOT)/Developer/Library/Frameworks",
					"$(inherited)",
				);
				INFOPLIST_FILE = Focord2Tests/Info.plist;
				LD_RUNPATH_SEARCH_PATHS = "$(inherited) @executable_path/Frameworks @loader_path/Frameworks";
				PRODUCT_NAME = "$(TARGET_NAME)";
				TEST_HOST = "$(BUNDLE_LOADER)";
			};
			name = Release;
		};
/* End XCBuildConfiguration section */

/* Begin XCConfigurationList section */
		9DA8C84B198C6BF8000228D5 /* Build configuration list for PBXProject "Focord2" */ = {
			isa = XCConfigurationList;
			buildConfigurations = (
				9DA8C86E198C6BF8000228D5 /* Debug */,
				9DA8C86F198C6BF8000228D5 /* Release */,
			);
			defaultConfigurationIsVisible = 0;
			defaultConfigurationName = Release;
		};
		9DA8C870198C6BF8000228D5 /* Build configuration list for PBXNativeTarget "Focord2" */ = {
			isa = XCConfigurationList;
			buildConfigurations = (
				9DA8C871198C6BF8000228D5 /* Debug */,
				9DA8C872198C6BF8000228D5 /* Release */,
			);
			defaultConfigurationIsVisible = 0;
			defaultConfigurationName = Release;
		};
		9DA8C873198C6BF8000228D5 /* Build configuration list for PBXNativeTarget "Focord2Tests" */ = {
			isa = XCConfigurationList;
			buildConfigurations = (
				9DA8C874198C6BF8000228D5 /* Debug */,
				9DA8C875198C6BF8000228D5 /* Release */,
			);
			defaultConfigurationIsVisible = 0;
			defaultConfigurationName = Release;
		};
/* End XCConfigurationList section */
	};
	rootObject = 9DA8C848198C6BF8000228D5 /* Project object */;
}
